PODS:
  - ChameleonFramework/Default (2.1.0)
  - ChameleonFramework/Swift (2.1.0):
    - ChameleonFramework/Default
  - DACircularProgress (2.3.1)
  - DZNEmptyDataSet (1.8.1)
  - IDMPhotoBrowser (1.11.3):
    - DACircularProgress
    - pop
    - SDWebImage (= 4.0.0)
  - iVersion (1.11.5)
  - M13Checkbox (3.2.1)
  - MJRefresh (3.1.15)
  - MYBlurIntroductionView (1.0.3)
  - pop (1.0.10)
  - Realm (2.10.2):
    - Realm/Headers (= 2.10.2)
  - Realm/Headers (2.10.2)
  - RealmSwift (2.10.2):
    - Realm (= 2.10.2)
  - SDWebImage (4.0.0):
    - SDWebImage/Core (= 4.0.0)
  - SDWebImage/Core (4.0.0)
  - SVProgressHUD (2.2.2)

DEPENDENCIES:
  - ChameleonFramework/Swift (from `https://github.com/ViccAlexander/Chameleon.git`)
  - DZNEmptyDataSet
  - IDMPhotoBrowser
  - iVersion
  - M13Checkbox
  - MJRefresh
  - MYBlurIntroductionView
  - RealmSwift
  - SVProgressHUD

EXTERNAL SOURCES:
  ChameleonFramework:
    :git: https://github.com/ViccAlexander/Chameleon.git

CHECKOUT OPTIONS:
  ChameleonFramework:
    :commit: acc480fbe023c6e5fe40f68593f4a70a8c4c7ad5
    :git: https://github.com/ViccAlexander/Chameleon.git

SPEC CHECKSUMS:
  ChameleonFramework: d21a3cc247abfe5e37609a283a8238b03575cf64
  DACircularProgress: 4dd437c0fc3da5161cb289e07ac449493d41db71
  DZNEmptyDataSet: 9525833b9e68ac21c30253e1d3d7076cc828eaa7
  IDMPhotoBrowser: b96159fe4adb991a844068eb17dab9c0b7d7e51a
  iVersion: 3a93a89259eb3b52b0a8ba52c46a0027fa6b4d30
  M13Checkbox: 12376f5b128189432508c240e4a36dc945ab7e4e
  MJRefresh: 9af70f5f9327a2cf87f0fb5929f35fcc2fa638ea
  MYBlurIntroductionView: b12651c25574580472ff34989a4c5b81c157009f
  pop: 82ca6b068ce9278fd350fd9dd09482a0ce9492e6
  Realm: 0ef72b837fb67e9f4b098bac771ddd72c7fdbb69
  RealmSwift: 07a9ae0505091eda6b2ee7c190c3786d6e90a7b0
  SDWebImage: 76a6348bdc74eb5a55dd08a091ef298e56b55e41
  SVProgressHUD: 59b2d3dabacbd051576d21d32293ca7228dc18b0

PODFILE CHECKSUM: 3bbe12c0a69e67c630ee581c1734228847de6b79

COCOAPODS: 1.2.0
