PODS:
  - ChameleonFramework/Default (2.1.0)
  - ChameleonFramework/Swift (2.1.0):
    - ChameleonFramework/Default
  - DACircularProgress (2.3.1)
  - DZNEmptyDataSet (1.8.1)
  - IDMPhotoBrowser (1.9.1):
    - DACircularProgress
    - pop
    - SDWebImage
  - iVersion (1.11.4)
  - M13Checkbox (3.1.1)
  - MJRefresh (3.1.12)
  - MYBlurIntroductionView (1.0.3)
  - Nimble (5.0.0)
  - pop (1.0.9)
  - Quick (0.10.0)
  - Realm (2.0.2):
    - Realm/Headers (= 2.0.2)
  - Realm/Headers (2.0.2)
  - RealmSwift (2.0.2):
    - Realm (= 2.0.2)
  - SDWebImage (3.8.2):
    - SDWebImage/Core (= 3.8.2)
  - SDWebImage/Core (3.8.2)
  - SVProgressHUD (2.0.3)

DEPENDENCIES:
  - ChameleonFramework/Swift (from `https://github.com/ViccAlexander/Chameleon.git`,
    branch `swift3`)
  - DZNEmptyDataSet
  - IDMPhotoBrowser
  - iVersion
  - M13Checkbox
  - MJRefresh
  - MYBlurIntroductionView
  - Nimble
  - Quick
  - RealmSwift
  - SVProgressHUD

EXTERNAL SOURCES:
  ChameleonFramework:
    :branch: swift3
    :git: https://github.com/ViccAlexander/Chameleon.git

CHECKOUT OPTIONS:
  ChameleonFramework:
    :commit: c400c32eead1c6e74008983c3e7c845ae069b41d
    :git: https://github.com/ViccAlexander/Chameleon.git

SPEC CHECKSUMS:
  ChameleonFramework: d21a3cc247abfe5e37609a283a8238b03575cf64
  DACircularProgress: 4dd437c0fc3da5161cb289e07ac449493d41db71
  DZNEmptyDataSet: 9525833b9e68ac21c30253e1d3d7076cc828eaa7
  IDMPhotoBrowser: 35e8ba559a88f2a8be4ae04d7fd424665344ba06
  iVersion: 2b6ffe708672cb494ba3cab150a94800c2892e81
  M13Checkbox: 64a49ded40e7047e0bef255b73c8c533b7c66bdd
  MJRefresh: b96cdb21c4aa75a7b07654311ab2f315c497e806
  MYBlurIntroductionView: b12651c25574580472ff34989a4c5b81c157009f
  Nimble: 56fc9f5020effa2206de22c3dd910f4fb011b92f
  pop: f667631a5108a2e60d9e8797c9b32ddaf2080bce
  Quick: 5d290df1c69d5ee2f0729956dcf0fd9a30447eaa
  Realm: 0f5a194af0b7e6158b83db41b4ee1a00be7ddf1a
  RealmSwift: 0eb5070d851cba7c66e841ca756d83609dc78bc8
  SDWebImage: 098e97e6176540799c27e804c96653ee0833d13c
  SVProgressHUD: b0830714205bea1317ea1a2ebc71e5633af334d4

COCOAPODS: 0.39.0
