// !$*UTF8*$!
{
	archiveVersion = 1;
	classes = {
	};
	objectVersion = 46;
	objects = {

/* Begin PBXBuildFile section */
		257A3F75EA9DBB6F91E1B069 /* Pods_uchicock.framework in Frameworks */ = {isa = PBXBuildFile; fileRef = 7A4C355CE7B8FD61AD9ABFAA /* Pods_uchicock.framework */; };
		9B05D1B522B7D5DF0062D9C9 /* ModalPresentationController.swift in Sources */ = {isa = PBXBuildFile; fileRef = 9B05D1B422B7D5DF0062D9C9 /* ModalPresentationController.swift */; };
		9B0AEBD923FA407B00EEA4F9 /* StrengthTipViewController.swift in Sources */ = {isa = PBXBuildFile; fileRef = 9B0AEBD823FA407B00EEA4F9 /* StrengthTipViewController.swift */; };
		9B0CF99E1CA7EE870024AF40 /* Settings.bundle in Resources */ = {isa = PBXBuildFile; fileRef = 9B0CF99D1CA7EE870024AF40 /* Settings.bundle */; };
		9B0E3DFB23FAD4A300D7F22A /* AlcoholCalc.storyboard in Resources */ = {isa = PBXBuildFile; fileRef = 9B0E3DFA23FAD4A300D7F22A /* AlcoholCalc.storyboard */; };
		9B0E3DFD23FADB6200D7F22A /* AlcoholCalcViewController.swift in Sources */ = {isa = PBXBuildFile; fileRef = 9B0E3DFC23FADB6200D7F22A /* AlcoholCalcViewController.swift */; };
		9B0E3DFF23FAE37100D7F22A /* AlcoholCalcIngredientTableViewCell.swift in Sources */ = {isa = PBXBuildFile; fileRef = 9B0E3DFE23FAE37100D7F22A /* AlcoholCalcIngredientTableViewCell.swift */; };
		9B112E2E1FF285650014BABA /* PhotoFilterViewController.swift in Sources */ = {isa = PBXBuildFile; fileRef = 9B112E2D1FF285650014BABA /* PhotoFilterViewController.swift */; };
		9B1638C122A7E17100B7C3A7 /* CustomClasses.swift in Sources */ = {isa = PBXBuildFile; fileRef = 9B1638BC22A7E17000B7C3A7 /* CustomClasses.swift */; };
		9B1638C322A7E17100B7C3A7 /* StringExtension.swift in Sources */ = {isa = PBXBuildFile; fileRef = 9B1638BE22A7E17000B7C3A7 /* StringExtension.swift */; };
		9B18128E1CD3BC1900717E4F /* RecoverTableViewController.swift in Sources */ = {isa = PBXBuildFile; fileRef = 9B18128D1CD3BC1900717E4F /* RecoverTableViewController.swift */; };
		9B1812901CD3C63C00717E4F /* RecoverTargetTableViewCell.swift in Sources */ = {isa = PBXBuildFile; fileRef = 9B18128F1CD3C63C00717E4F /* RecoverTargetTableViewCell.swift */; };
		9B22FEAC22A1872100D716E3 /* FlatColor.swift in Sources */ = {isa = PBXBuildFile; fileRef = 9B22FEAB22A1872100D716E3 /* FlatColor.swift */; };
		9B2573232349F0A400F732A1 /* ChangeImageSizeTableViewController.swift in Sources */ = {isa = PBXBuildFile; fileRef = 9B2573222349F0A400F732A1 /* ChangeImageSizeTableViewController.swift */; };
		9B2E83CE230A9EF5002E7946 /* IntroductionDetailViewController.swift in Sources */ = {isa = PBXBuildFile; fileRef = 9B2E83CC230A9EF4002E7946 /* IntroductionDetailViewController.swift */; };
		9B2E83CF230A9EF5002E7946 /* IntroductionPageViewController.swift in Sources */ = {isa = PBXBuildFile; fileRef = 9B2E83CD230A9EF4002E7946 /* IntroductionPageViewController.swift */; };
		9B2E83D8230A9F20002E7946 /* CircularCheckboxController.swift in Sources */ = {isa = PBXBuildFile; fileRef = 9B2E83D1230A9F20002E7946 /* CircularCheckboxController.swift */; };
		9B2E83D9230A9F20002E7946 /* CircularCheckbox.swift in Sources */ = {isa = PBXBuildFile; fileRef = 9B2E83D2230A9F20002E7946 /* CircularCheckbox.swift */; };
		9B2E83DA230A9F20002E7946 /* CircularCheckboxAnimationGenerator.swift in Sources */ = {isa = PBXBuildFile; fileRef = 9B2E83D3230A9F20002E7946 /* CircularCheckboxAnimationGenerator.swift */; };
		9B2E83DB230A9F20002E7946 /* CircularCheckboxCheckPathGenerator.swift in Sources */ = {isa = PBXBuildFile; fileRef = 9B2E83D4230A9F20002E7946 /* CircularCheckboxCheckPathGenerator.swift */; };
		9B2E83DC230A9F20002E7946 /* CircularCheckboxFadeController.swift in Sources */ = {isa = PBXBuildFile; fileRef = 9B2E83D5230A9F20002E7946 /* CircularCheckboxFadeController.swift */; };
		9B2E83DD230A9F20002E7946 /* CircularCheckboxExpandController.swift in Sources */ = {isa = PBXBuildFile; fileRef = 9B2E83D6230A9F20002E7946 /* CircularCheckboxExpandController.swift */; };
		9B2E83E6230A9F7A002E7946 /* ImageViewerController.swift in Sources */ = {isa = PBXBuildFile; fileRef = 9B2E83DE230A9F79002E7946 /* ImageViewerController.swift */; };
		9B2E83E7230A9F7A002E7946 /* AnimatableImageView.swift in Sources */ = {isa = PBXBuildFile; fileRef = 9B2E83DF230A9F7A002E7946 /* AnimatableImageView.swift */; };
		9B2E83E8230A9F7A002E7946 /* ImageViewerDismissalTransition.swift in Sources */ = {isa = PBXBuildFile; fileRef = 9B2E83E0230A9F7A002E7946 /* ImageViewerDismissalTransition.swift */; };
		9B2E83E9230A9F7A002E7946 /* ImageViewerUtil.swift in Sources */ = {isa = PBXBuildFile; fileRef = 9B2E83E1230A9F7A002E7946 /* ImageViewerUtil.swift */; };
		9B2E83EB230A9F7A002E7946 /* ImageViewerPresentationTransition.swift in Sources */ = {isa = PBXBuildFile; fileRef = 9B2E83E3230A9F7A002E7946 /* ImageViewerPresentationTransition.swift */; };
		9B2E83EC230A9F7A002E7946 /* ImageViewerTransitioningHandler.swift in Sources */ = {isa = PBXBuildFile; fileRef = 9B2E83E4230A9F7A002E7946 /* ImageViewerTransitioningHandler.swift */; };
		9B2E83ED230A9F7A002E7946 /* ImageViewerDismissalInteractor.swift in Sources */ = {isa = PBXBuildFile; fileRef = 9B2E83E5230A9F7A002E7946 /* ImageViewerDismissalInteractor.swift */; };
		9B2E83F1230A9FCB002E7946 /* PullToRefresh.swift in Sources */ = {isa = PBXBuildFile; fileRef = 9B2E83EE230A9FCB002E7946 /* PullToRefresh.swift */; };
		9B2E83F2230A9FCB002E7946 /* PullToRefreshHeaderAnimator.swift in Sources */ = {isa = PBXBuildFile; fileRef = 9B2E83EF230A9FCB002E7946 /* PullToRefreshHeaderAnimator.swift */; };
		9B2E83F3230A9FCB002E7946 /* PullToRefreshHeaderView.swift in Sources */ = {isa = PBXBuildFile; fileRef = 9B2E83F0230A9FCB002E7946 /* PullToRefreshHeaderView.swift */; };
		9B30125322BB8A7300288DEE /* RecipeIngredientTableViewCell.swift in Sources */ = {isa = PBXBuildFile; fileRef = 9B30125122BB8A7300288DEE /* RecipeIngredientTableViewCell.swift */; };
		9B30125422BB8A7300288DEE /* RecipeIngredientTableViewCell.xib in Resources */ = {isa = PBXBuildFile; fileRef = 9B30125222BB8A7300288DEE /* RecipeIngredientTableViewCell.xib */; };
		9B30125622BB96EE00288DEE /* RecipeIngredientBasic.swift in Sources */ = {isa = PBXBuildFile; fileRef = 9B30125522BB96EE00288DEE /* RecipeIngredientBasic.swift */; };
		9B3078C71CA421660014CE7E /* RecipeListViewController.swift in Sources */ = {isa = PBXBuildFile; fileRef = 9B3078C51CA421660014CE7E /* RecipeListViewController.swift */; };
		9B3078CB1CA421AE0014CE7E /* Ingredient.swift in Sources */ = {isa = PBXBuildFile; fileRef = 9B3078C81CA421AE0014CE7E /* Ingredient.swift */; };
		9B3078CC1CA421AE0014CE7E /* Recipe.swift in Sources */ = {isa = PBXBuildFile; fileRef = 9B3078C91CA421AE0014CE7E /* Recipe.swift */; };
		9B3078CD1CA421AE0014CE7E /* RecipeIngredientLink.swift in Sources */ = {isa = PBXBuildFile; fileRef = 9B3078CA1CA421AE0014CE7E /* RecipeIngredientLink.swift */; };
		9B3078DE1CA4220C0014CE7E /* IngredientListItemTableViewCell.swift in Sources */ = {isa = PBXBuildFile; fileRef = 9B3078DC1CA4220C0014CE7E /* IngredientListItemTableViewCell.swift */; };
		9B3078DF1CA4220C0014CE7E /* IngredientListViewController.swift in Sources */ = {isa = PBXBuildFile; fileRef = 9B3078DD1CA4220C0014CE7E /* IngredientListViewController.swift */; };
		9B3078F21CA422630014CE7E /* RecipeEditTableViewController.swift in Sources */ = {isa = PBXBuildFile; fileRef = 9B3078EE1CA422630014CE7E /* RecipeEditTableViewController.swift */; };
		9B3078F51CA422890014CE7E /* IngredientEditTableViewController.swift in Sources */ = {isa = PBXBuildFile; fileRef = 9B3078F41CA422890014CE7E /* IngredientEditTableViewController.swift */; };
		9B3078F71CA42F460014CE7E /* SuggestIngredientTableViewCell.swift in Sources */ = {isa = PBXBuildFile; fileRef = 9B3078F61CA42F460014CE7E /* SuggestIngredientTableViewCell.swift */; };
		9B41B2AA1E65729E00EF2CEF /* Style.swift in Sources */ = {isa = PBXBuildFile; fileRef = 9B41B2A91E65729E00EF2CEF /* Style.swift */; };
		9B59FFA822B409CB00FB6F44 /* README.md in Resources */ = {isa = PBXBuildFile; fileRef = 9B59FFA722B409CA00FB6F44 /* README.md */; };
		9B63E0AA230E8F78004E6B50 /* ImageViewer.storyboard in Resources */ = {isa = PBXBuildFile; fileRef = 9B63E0A9230E8F78004E6B50 /* ImageViewer.storyboard */; };
		9B6BC1B32003BC4800CF8722 /* AmazonProduct.swift in Sources */ = {isa = PBXBuildFile; fileRef = 9B6BC1B22003BC4800CF8722 /* AmazonProduct.swift */; };
		9B6D67CC1CD0F064001E8079 /* RecipeBasic.swift in Sources */ = {isa = PBXBuildFile; fileRef = 9B6D67CB1CD0F064001E8079 /* RecipeBasic.swift */; };
		9B6D67CE1CD0F093001E8079 /* IngredientBasic.swift in Sources */ = {isa = PBXBuildFile; fileRef = 9B6D67CD1CD0F093001E8079 /* IngredientBasic.swift */; };
		9B70B09122B68533008A5591 /* RecipeTableViewCell.swift in Sources */ = {isa = PBXBuildFile; fileRef = 9B70B08F22B68533008A5591 /* RecipeTableViewCell.swift */; };
		9B70B09222B68533008A5591 /* RecipeTableViewCell.xib in Resources */ = {isa = PBXBuildFile; fileRef = 9B70B09022B68533008A5591 /* RecipeTableViewCell.xib */; };
		9B746DBB2351EFA200507530 /* Recover.storyboard in Resources */ = {isa = PBXBuildFile; fileRef = 9B746DBA2351EFA200507530 /* Recover.storyboard */; };
		9B7BAA6722B4E4A5005BB3F7 /* AlbumCollectionViewCell.swift in Sources */ = {isa = PBXBuildFile; fileRef = 9B7BAA6522B4E4A5005BB3F7 /* AlbumCollectionViewCell.swift */; };
		9B7BAA6822B4E4A5005BB3F7 /* AlbumCollectionViewCell.xib in Resources */ = {isa = PBXBuildFile; fileRef = 9B7BAA6622B4E4A5005BB3F7 /* AlbumCollectionViewCell.xib */; };
		9B7BAA6A22B4EB8B005BB3F7 /* PhotoFilterCollectionViewCell.swift in Sources */ = {isa = PBXBuildFile; fileRef = 9B7BAA6922B4EB8B005BB3F7 /* PhotoFilterCollectionViewCell.swift */; };
		9B93B31B1E75437C0046687A /* ReverseLookupTableViewController.swift in Sources */ = {isa = PBXBuildFile; fileRef = 9B93B31A1E75437C0046687A /* ReverseLookupTableViewController.swift */; };
		9B93B3231E7558FE0046687A /* ReverseLookupSelectIngredientTableViewCell.swift in Sources */ = {isa = PBXBuildFile; fileRef = 9B93B3221E7558FE0046687A /* ReverseLookupSelectIngredientTableViewCell.swift */; };
		9B9A7D9E240AC05700BC46DE /* FullScreenPopGesture.swift in Sources */ = {isa = PBXBuildFile; fileRef = 9B9A7D9D240AC05700BC46DE /* FullScreenPopGesture.swift */; };
		9BA727A223DD5F6400CFFE78 /* NotificationExtension.swift in Sources */ = {isa = PBXBuildFile; fileRef = 9BA727A123DD5F6400CFFE78 /* NotificationExtension.swift */; };
		9BAC3F9A1CB695B700418665 /* IngredientDetailTableViewController.swift in Sources */ = {isa = PBXBuildFile; fileRef = 9BAC3F991CB695B700418665 /* IngredientDetailTableViewController.swift */; };
		9BAC3F9C1CB6B01500418665 /* RecipeDetailTableViewController.swift in Sources */ = {isa = PBXBuildFile; fileRef = 9BAC3F9B1CB6B01500418665 /* RecipeDetailTableViewController.swift */; };
		9BADE7131CD4FEB900D0BC39 /* RecoverAllTableViewCell.swift in Sources */ = {isa = PBXBuildFile; fileRef = 9BADE7121CD4FEB900D0BC39 /* RecoverAllTableViewCell.swift */; };
		9BB12BB42344E9EB005EB43F /* UIImageExtension.swift in Sources */ = {isa = PBXBuildFile; fileRef = 9BB12BB32344E9EB005EB43F /* UIImageExtension.swift */; };
		9BB12BB62344EEDE005EB43F /* GlobalConstants.swift in Sources */ = {isa = PBXBuildFile; fileRef = 9BB12BB52344EEDE005EB43F /* GlobalConstants.swift */; };
		9BB98FAD1E648101009240FB /* SettingsTableViewController.swift in Sources */ = {isa = PBXBuildFile; fileRef = 9BB98FAC1E648101009240FB /* SettingsTableViewController.swift */; };
		9BB98FAF1E6484DA009240FB /* ChangeThemeTableViewController.swift in Sources */ = {isa = PBXBuildFile; fileRef = 9BB98FAE1E6484DA009240FB /* ChangeThemeTableViewController.swift */; };
		9BBAB623230E9ADE0056B7B6 /* PhotoFilterDismissalTransitioningHandler.swift in Sources */ = {isa = PBXBuildFile; fileRef = 9BBAB622230E9ADE0056B7B6 /* PhotoFilterDismissalTransitioningHandler.swift */; };
		9BC9A3151C783CAA0031F631 /* AppDelegate.swift in Sources */ = {isa = PBXBuildFile; fileRef = 9BC9A3141C783CAA0031F631 /* AppDelegate.swift */; };
		9BC9A31C1C783CAA0031F631 /* Assets.xcassets in Resources */ = {isa = PBXBuildFile; fileRef = 9BC9A31B1C783CAA0031F631 /* Assets.xcassets */; };
		9BCF1FB623F995BA007E5600 /* CalculatorIngredient.swift in Sources */ = {isa = PBXBuildFile; fileRef = 9BCF1FB523F995BA007E5600 /* CalculatorIngredient.swift */; };
		9BD467B6232B8CBD00312923 /* ImageUtil.swift in Sources */ = {isa = PBXBuildFile; fileRef = 9BD467B5232B8CBD00312923 /* ImageUtil.swift */; };
		9BD7BEDB235DB877008B305E /* MessageHUD.swift in Sources */ = {isa = PBXBuildFile; fileRef = 9BD7BEDA235DB877008B305E /* MessageHUD.swift */; };
		9BD8A7091CC8F466001EB1A9 /* AlbumCollectionViewController.swift in Sources */ = {isa = PBXBuildFile; fileRef = 9BD8A7081CC8F466001EB1A9 /* AlbumCollectionViewController.swift */; };
		9BD91A5922BD04930088C146 /* Interactor.swift in Sources */ = {isa = PBXBuildFile; fileRef = 9BD91A5822BD04930088C146 /* Interactor.swift */; };
		9BD91A5B22BD0BE90088C146 /* DismissModalAnimator.swift in Sources */ = {isa = PBXBuildFile; fileRef = 9BD91A5A22BD0BE90088C146 /* DismissModalAnimator.swift */; };
		9BD91A6022BD3A740088C146 /* MethodTipViewController.swift in Sources */ = {isa = PBXBuildFile; fileRef = 9BD91A5F22BD3A740088C146 /* MethodTipViewController.swift */; };
		9BD91A6222BD3A840088C146 /* StyleTipViewController.swift in Sources */ = {isa = PBXBuildFile; fileRef = 9BD91A6122BD3A840088C146 /* StyleTipViewController.swift */; };
		9BDB39341CD4448900CE3175 /* RecoverDescriptionTableViewCell.swift in Sources */ = {isa = PBXBuildFile; fileRef = 9BDB39331CD4448900CE3175 /* RecoverDescriptionTableViewCell.swift */; };
		9BDB39361CD44DD400CE3175 /* RecoverRecipeBasic.swift in Sources */ = {isa = PBXBuildFile; fileRef = 9BDB39351CD44DD400CE3175 /* RecoverRecipeBasic.swift */; };
		9BDB39381CD460A400CE3175 /* RecoverPreviewTableViewController.swift in Sources */ = {isa = PBXBuildFile; fileRef = 9BDB39371CD460A400CE3175 /* RecoverPreviewTableViewController.swift */; };
		9BDF63E82361AC0000FFF76C /* IngredientSuggestBasic.swift in Sources */ = {isa = PBXBuildFile; fileRef = 9BDF63E72361AC0000FFF76C /* IngredientSuggestBasic.swift */; };
		9BE61CDD1CB8AF00004355CF /* RecipeIngredientEditTableViewController.swift in Sources */ = {isa = PBXBuildFile; fileRef = 9BE61CDC1CB8AF00004355CF /* RecipeIngredientEditTableViewController.swift */; };
		9BEC4C132351E9FA004FE9B4 /* LaunchScreen.storyboard in Resources */ = {isa = PBXBuildFile; fileRef = 9BEC4C102351E9FA004FE9B4 /* LaunchScreen.storyboard */; };
		9BEC4C142351E9FA004FE9B4 /* Launch.storyboard in Resources */ = {isa = PBXBuildFile; fileRef = 9BEC4C112351E9FA004FE9B4 /* Launch.storyboard */; };
		9BEC4C152351E9FA004FE9B4 /* LaunchViewController.swift in Sources */ = {isa = PBXBuildFile; fileRef = 9BEC4C122351E9FA004FE9B4 /* LaunchViewController.swift */; };
		9BEC4C182351EA73004FE9B4 /* RecipeList.storyboard in Resources */ = {isa = PBXBuildFile; fileRef = 9BEC4C172351EA73004FE9B4 /* RecipeList.storyboard */; };
		9BEC4C1B2351EA7E004FE9B4 /* RecipeSearchViewController.swift in Sources */ = {isa = PBXBuildFile; fileRef = 9BEC4C192351EA7E004FE9B4 /* RecipeSearchViewController.swift */; };
		9BEC4C1C2351EA7E004FE9B4 /* RecipeSearch.storyboard in Resources */ = {isa = PBXBuildFile; fileRef = 9BEC4C1A2351EA7E004FE9B4 /* RecipeSearch.storyboard */; };
		9BEC4C1E2351EACF004FE9B4 /* RecipeDetail.storyboard in Resources */ = {isa = PBXBuildFile; fileRef = 9BEC4C1D2351EACF004FE9B4 /* RecipeDetail.storyboard */; };
		9BEC4C202351EAE5004FE9B4 /* RecipeEdit.storyboard in Resources */ = {isa = PBXBuildFile; fileRef = 9BEC4C1F2351EAE5004FE9B4 /* RecipeEdit.storyboard */; };
		9BEC4C222351EB38004FE9B4 /* Tip.storyboard in Resources */ = {isa = PBXBuildFile; fileRef = 9BEC4C212351EB38004FE9B4 /* Tip.storyboard */; };
		9BEC4C242351EC16004FE9B4 /* IngredientList.storyboard in Resources */ = {isa = PBXBuildFile; fileRef = 9BEC4C232351EC16004FE9B4 /* IngredientList.storyboard */; };
		9BEC4C2B2351EC40004FE9B4 /* IngredientRecommendTableViewCell.swift in Sources */ = {isa = PBXBuildFile; fileRef = 9BEC4C272351EC3F004FE9B4 /* IngredientRecommendTableViewCell.swift */; };
		9BEC4C2C2351EC40004FE9B4 /* IngredientRecommendTableViewCell.xib in Resources */ = {isa = PBXBuildFile; fileRef = 9BEC4C282351EC3F004FE9B4 /* IngredientRecommendTableViewCell.xib */; };
		9BEC4C2D2351EC40004FE9B4 /* IngredientRecommendTableViewController.swift in Sources */ = {isa = PBXBuildFile; fileRef = 9BEC4C292351EC40004FE9B4 /* IngredientRecommendTableViewController.swift */; };
		9BEC4C2E2351EC40004FE9B4 /* IngredientRecommend.storyboard in Resources */ = {isa = PBXBuildFile; fileRef = 9BEC4C2A2351EC40004FE9B4 /* IngredientRecommend.storyboard */; };
		9BEC4C302351EC52004FE9B4 /* IngredientDetail.storyboard in Resources */ = {isa = PBXBuildFile; fileRef = 9BEC4C2F2351EC52004FE9B4 /* IngredientDetail.storyboard */; };
		9BEC4C332351EC5F004FE9B4 /* Reminder.storyboard in Resources */ = {isa = PBXBuildFile; fileRef = 9BEC4C312351EC5F004FE9B4 /* Reminder.storyboard */; };
		9BEC4C342351EC5F004FE9B4 /* ReminderTableViewController.swift in Sources */ = {isa = PBXBuildFile; fileRef = 9BEC4C322351EC5F004FE9B4 /* ReminderTableViewController.swift */; };
		9BEC4C362351EC69004FE9B4 /* IngredientEdit.storyboard in Resources */ = {isa = PBXBuildFile; fileRef = 9BEC4C352351EC69004FE9B4 /* IngredientEdit.storyboard */; };
		9BEC4C382351EC75004FE9B4 /* ReverseLookup.storyboard in Resources */ = {isa = PBXBuildFile; fileRef = 9BEC4C372351EC74004FE9B4 /* ReverseLookup.storyboard */; };
		9BEC4C3B2351EC8F004FE9B4 /* Album.storyboard in Resources */ = {isa = PBXBuildFile; fileRef = 9BEC4C3A2351EC8F004FE9B4 /* Album.storyboard */; };
		9BEC4C3E2351EC9B004FE9B4 /* AlbumFilter.storyboard in Resources */ = {isa = PBXBuildFile; fileRef = 9BEC4C3C2351EC9B004FE9B4 /* AlbumFilter.storyboard */; };
		9BEC4C3F2351EC9B004FE9B4 /* AlbumFilterViewController.swift in Sources */ = {isa = PBXBuildFile; fileRef = 9BEC4C3D2351EC9B004FE9B4 /* AlbumFilterViewController.swift */; };
		9BEC4C412351ECF1004FE9B4 /* Settings.storyboard in Resources */ = {isa = PBXBuildFile; fileRef = 9BEC4C402351ECF1004FE9B4 /* Settings.storyboard */; };
		9BEC4C432351ED51004FE9B4 /* Introduction.storyboard in Resources */ = {isa = PBXBuildFile; fileRef = 9BEC4C422351ED51004FE9B4 /* Introduction.storyboard */; };
		9BEF8B271E68738E00F32DDB /* RealmSwift.framework in Frameworks */ = {isa = PBXBuildFile; fileRef = 9BEF8B261E68738E00F32DDB /* RealmSwift.framework */; };
		9BEF8B291E68739400F32DDB /* Realm.framework in Frameworks */ = {isa = PBXBuildFile; fileRef = 9BEF8B281E68739400F32DDB /* Realm.framework */; };
		9BF93F6C1CCB36620000F7F8 /* default.realm in Resources */ = {isa = PBXBuildFile; fileRef = 9BF93F6B1CCB36620000F7F8 /* default.realm */; };
/* End PBXBuildFile section */

/* Begin PBXFileReference section */
		7A4C355CE7B8FD61AD9ABFAA /* Pods_uchicock.framework */ = {isa = PBXFileReference; explicitFileType = wrapper.framework; includeInIndex = 0; path = Pods_uchicock.framework; sourceTree = BUILT_PRODUCTS_DIR; };
		95172BD4FAD927EE844F42CE /* Pods-uchicock.release.xcconfig */ = {isa = PBXFileReference; includeInIndex = 1; lastKnownFileType = text.xcconfig; name = "Pods-uchicock.release.xcconfig"; path = "Pods/Target Support Files/Pods-uchicock/Pods-uchicock.release.xcconfig"; sourceTree = "<group>"; };
		9B05D1B422B7D5DF0062D9C9 /* ModalPresentationController.swift */ = {isa = PBXFileReference; lastKnownFileType = sourcecode.swift; path = ModalPresentationController.swift; sourceTree = "<group>"; };
		9B0AEBD823FA407B00EEA4F9 /* StrengthTipViewController.swift */ = {isa = PBXFileReference; lastKnownFileType = sourcecode.swift; name = StrengthTipViewController.swift; path = RecipeDetail/StrengthTipViewController.swift; sourceTree = "<group>"; };
		9B0CF99D1CA7EE870024AF40 /* Settings.bundle */ = {isa = PBXFileReference; lastKnownFileType = "wrapper.plug-in"; path = Settings.bundle; sourceTree = "<group>"; };
		9B0E3DFA23FAD4A300D7F22A /* AlcoholCalc.storyboard */ = {isa = PBXFileReference; lastKnownFileType = file.storyboard; path = AlcoholCalc.storyboard; sourceTree = "<group>"; };
		9B0E3DFC23FADB6200D7F22A /* AlcoholCalcViewController.swift */ = {isa = PBXFileReference; lastKnownFileType = sourcecode.swift; path = AlcoholCalcViewController.swift; sourceTree = "<group>"; };
		9B0E3DFE23FAE37100D7F22A /* AlcoholCalcIngredientTableViewCell.swift */ = {isa = PBXFileReference; lastKnownFileType = sourcecode.swift; path = AlcoholCalcIngredientTableViewCell.swift; sourceTree = "<group>"; };
		9B112E2D1FF285650014BABA /* PhotoFilterViewController.swift */ = {isa = PBXFileReference; lastKnownFileType = sourcecode.swift; name = PhotoFilterViewController.swift; path = RecipeEdit/PhotoFilterViewController.swift; sourceTree = "<group>"; };
		9B1638BC22A7E17000B7C3A7 /* CustomClasses.swift */ = {isa = PBXFileReference; fileEncoding = 4; lastKnownFileType = sourcecode.swift; path = CustomClasses.swift; sourceTree = "<group>"; };
		9B1638BE22A7E17000B7C3A7 /* StringExtension.swift */ = {isa = PBXFileReference; fileEncoding = 4; lastKnownFileType = sourcecode.swift; path = StringExtension.swift; sourceTree = "<group>"; };
		9B18128D1CD3BC1900717E4F /* RecoverTableViewController.swift */ = {isa = PBXFileReference; fileEncoding = 4; lastKnownFileType = sourcecode.swift; name = RecoverTableViewController.swift; path = Recover/RecoverTableViewController.swift; sourceTree = "<group>"; };
		9B18128F1CD3C63C00717E4F /* RecoverTargetTableViewCell.swift */ = {isa = PBXFileReference; fileEncoding = 4; lastKnownFileType = sourcecode.swift; name = RecoverTargetTableViewCell.swift; path = Recover/RecoverTargetTableViewCell.swift; sourceTree = "<group>"; };
		9B22FEAB22A1872100D716E3 /* FlatColor.swift */ = {isa = PBXFileReference; lastKnownFileType = sourcecode.swift; name = FlatColor.swift; path = Settings/FlatColor.swift; sourceTree = "<group>"; };
		9B2573222349F0A400F732A1 /* ChangeImageSizeTableViewController.swift */ = {isa = PBXFileReference; lastKnownFileType = sourcecode.swift; name = ChangeImageSizeTableViewController.swift; path = Settings/ChangeImageSizeTableViewController.swift; sourceTree = "<group>"; };
		9B2E83CC230A9EF4002E7946 /* IntroductionDetailViewController.swift */ = {isa = PBXFileReference; fileEncoding = 4; lastKnownFileType = sourcecode.swift; name = IntroductionDetailViewController.swift; path = Util/Introduction/IntroductionDetailViewController.swift; sourceTree = "<group>"; };
		9B2E83CD230A9EF4002E7946 /* IntroductionPageViewController.swift */ = {isa = PBXFileReference; fileEncoding = 4; lastKnownFileType = sourcecode.swift; name = IntroductionPageViewController.swift; path = Util/Introduction/IntroductionPageViewController.swift; sourceTree = "<group>"; };
		9B2E83D1230A9F20002E7946 /* CircularCheckboxController.swift */ = {isa = PBXFileReference; fileEncoding = 4; lastKnownFileType = sourcecode.swift; name = CircularCheckboxController.swift; path = Util/CircularCheckbox/CircularCheckboxController.swift; sourceTree = "<group>"; };
		9B2E83D2230A9F20002E7946 /* CircularCheckbox.swift */ = {isa = PBXFileReference; fileEncoding = 4; lastKnownFileType = sourcecode.swift; name = CircularCheckbox.swift; path = Util/CircularCheckbox/CircularCheckbox.swift; sourceTree = "<group>"; };
		9B2E83D3230A9F20002E7946 /* CircularCheckboxAnimationGenerator.swift */ = {isa = PBXFileReference; fileEncoding = 4; lastKnownFileType = sourcecode.swift; name = CircularCheckboxAnimationGenerator.swift; path = Util/CircularCheckbox/CircularCheckboxAnimationGenerator.swift; sourceTree = "<group>"; };
		9B2E83D4230A9F20002E7946 /* CircularCheckboxCheckPathGenerator.swift */ = {isa = PBXFileReference; fileEncoding = 4; lastKnownFileType = sourcecode.swift; name = CircularCheckboxCheckPathGenerator.swift; path = Util/CircularCheckbox/CircularCheckboxCheckPathGenerator.swift; sourceTree = "<group>"; };
		9B2E83D5230A9F20002E7946 /* CircularCheckboxFadeController.swift */ = {isa = PBXFileReference; fileEncoding = 4; lastKnownFileType = sourcecode.swift; name = CircularCheckboxFadeController.swift; path = Util/CircularCheckbox/CircularCheckboxFadeController.swift; sourceTree = "<group>"; };
		9B2E83D6230A9F20002E7946 /* CircularCheckboxExpandController.swift */ = {isa = PBXFileReference; fileEncoding = 4; lastKnownFileType = sourcecode.swift; name = CircularCheckboxExpandController.swift; path = Util/CircularCheckbox/CircularCheckboxExpandController.swift; sourceTree = "<group>"; };
		9B2E83DE230A9F79002E7946 /* ImageViewerController.swift */ = {isa = PBXFileReference; fileEncoding = 4; lastKnownFileType = sourcecode.swift; name = ImageViewerController.swift; path = Util/ImageViewer/ImageViewerController.swift; sourceTree = "<group>"; };
		9B2E83DF230A9F7A002E7946 /* AnimatableImageView.swift */ = {isa = PBXFileReference; fileEncoding = 4; lastKnownFileType = sourcecode.swift; name = AnimatableImageView.swift; path = Util/ImageViewer/AnimatableImageView.swift; sourceTree = "<group>"; };
		9B2E83E0230A9F7A002E7946 /* ImageViewerDismissalTransition.swift */ = {isa = PBXFileReference; fileEncoding = 4; lastKnownFileType = sourcecode.swift; name = ImageViewerDismissalTransition.swift; path = Util/ImageViewer/ImageViewerDismissalTransition.swift; sourceTree = "<group>"; };
		9B2E83E1230A9F7A002E7946 /* ImageViewerUtil.swift */ = {isa = PBXFileReference; fileEncoding = 4; lastKnownFileType = sourcecode.swift; name = ImageViewerUtil.swift; path = Util/ImageViewer/ImageViewerUtil.swift; sourceTree = "<group>"; };
		9B2E83E3230A9F7A002E7946 /* ImageViewerPresentationTransition.swift */ = {isa = PBXFileReference; fileEncoding = 4; lastKnownFileType = sourcecode.swift; name = ImageViewerPresentationTransition.swift; path = Util/ImageViewer/ImageViewerPresentationTransition.swift; sourceTree = "<group>"; };
		9B2E83E4230A9F7A002E7946 /* ImageViewerTransitioningHandler.swift */ = {isa = PBXFileReference; fileEncoding = 4; lastKnownFileType = sourcecode.swift; name = ImageViewerTransitioningHandler.swift; path = Util/ImageViewer/ImageViewerTransitioningHandler.swift; sourceTree = "<group>"; };
		9B2E83E5230A9F7A002E7946 /* ImageViewerDismissalInteractor.swift */ = {isa = PBXFileReference; fileEncoding = 4; lastKnownFileType = sourcecode.swift; name = ImageViewerDismissalInteractor.swift; path = Util/ImageViewer/ImageViewerDismissalInteractor.swift; sourceTree = "<group>"; };
		9B2E83EE230A9FCB002E7946 /* PullToRefresh.swift */ = {isa = PBXFileReference; fileEncoding = 4; lastKnownFileType = sourcecode.swift; name = PullToRefresh.swift; path = Util/PullToRefresh/PullToRefresh.swift; sourceTree = "<group>"; };
		9B2E83EF230A9FCB002E7946 /* PullToRefreshHeaderAnimator.swift */ = {isa = PBXFileReference; fileEncoding = 4; lastKnownFileType = sourcecode.swift; name = PullToRefreshHeaderAnimator.swift; path = Util/PullToRefresh/PullToRefreshHeaderAnimator.swift; sourceTree = "<group>"; };
		9B2E83F0230A9FCB002E7946 /* PullToRefreshHeaderView.swift */ = {isa = PBXFileReference; fileEncoding = 4; lastKnownFileType = sourcecode.swift; name = PullToRefreshHeaderView.swift; path = Util/PullToRefresh/PullToRefreshHeaderView.swift; sourceTree = "<group>"; };
		9B30125122BB8A7300288DEE /* RecipeIngredientTableViewCell.swift */ = {isa = PBXFileReference; lastKnownFileType = sourcecode.swift; name = RecipeIngredientTableViewCell.swift; path = RecipeDetail/RecipeIngredientTableViewCell.swift; sourceTree = "<group>"; };
		9B30125222BB8A7300288DEE /* RecipeIngredientTableViewCell.xib */ = {isa = PBXFileReference; lastKnownFileType = file.xib; name = RecipeIngredientTableViewCell.xib; path = RecipeDetail/RecipeIngredientTableViewCell.xib; sourceTree = "<group>"; };
		9B30125522BB96EE00288DEE /* RecipeIngredientBasic.swift */ = {isa = PBXFileReference; lastKnownFileType = sourcecode.swift; name = RecipeIngredientBasic.swift; path = RecipeEdit/RecipeIngredientBasic.swift; sourceTree = "<group>"; };
		9B3078C51CA421660014CE7E /* RecipeListViewController.swift */ = {isa = PBXFileReference; fileEncoding = 4; lastKnownFileType = sourcecode.swift; name = RecipeListViewController.swift; path = RecipeList/RecipeListViewController.swift; sourceTree = "<group>"; };
		9B3078C81CA421AE0014CE7E /* Ingredient.swift */ = {isa = PBXFileReference; fileEncoding = 4; lastKnownFileType = sourcecode.swift; name = Ingredient.swift; path = Database/Ingredient.swift; sourceTree = "<group>"; };
		9B3078C91CA421AE0014CE7E /* Recipe.swift */ = {isa = PBXFileReference; fileEncoding = 4; lastKnownFileType = sourcecode.swift; name = Recipe.swift; path = Database/Recipe.swift; sourceTree = "<group>"; };
		9B3078CA1CA421AE0014CE7E /* RecipeIngredientLink.swift */ = {isa = PBXFileReference; fileEncoding = 4; lastKnownFileType = sourcecode.swift; name = RecipeIngredientLink.swift; path = Database/RecipeIngredientLink.swift; sourceTree = "<group>"; };
		9B3078DC1CA4220C0014CE7E /* IngredientListItemTableViewCell.swift */ = {isa = PBXFileReference; fileEncoding = 4; lastKnownFileType = sourcecode.swift; name = IngredientListItemTableViewCell.swift; path = IngredientList/IngredientListItemTableViewCell.swift; sourceTree = "<group>"; };
		9B3078DD1CA4220C0014CE7E /* IngredientListViewController.swift */ = {isa = PBXFileReference; fileEncoding = 4; lastKnownFileType = sourcecode.swift; name = IngredientListViewController.swift; path = IngredientList/IngredientListViewController.swift; sourceTree = "<group>"; };
		9B3078EE1CA422630014CE7E /* RecipeEditTableViewController.swift */ = {isa = PBXFileReference; fileEncoding = 4; lastKnownFileType = sourcecode.swift; name = RecipeEditTableViewController.swift; path = RecipeEdit/RecipeEditTableViewController.swift; sourceTree = "<group>"; };
		9B3078F41CA422890014CE7E /* IngredientEditTableViewController.swift */ = {isa = PBXFileReference; fileEncoding = 4; lastKnownFileType = sourcecode.swift; name = IngredientEditTableViewController.swift; path = IngredientEdit/IngredientEditTableViewController.swift; sourceTree = "<group>"; };
		9B3078F61CA42F460014CE7E /* SuggestIngredientTableViewCell.swift */ = {isa = PBXFileReference; fileEncoding = 4; lastKnownFileType = sourcecode.swift; name = SuggestIngredientTableViewCell.swift; path = RecipeEdit/SuggestIngredientTableViewCell.swift; sourceTree = "<group>"; };
		9B41B2A91E65729E00EF2CEF /* Style.swift */ = {isa = PBXFileReference; fileEncoding = 4; lastKnownFileType = sourcecode.swift; name = Style.swift; path = Settings/Style.swift; sourceTree = "<group>"; };
		9B59FFA722B409CA00FB6F44 /* README.md */ = {isa = PBXFileReference; fileEncoding = 4; lastKnownFileType = net.daringfireball.markdown; path = README.md; sourceTree = SOURCE_ROOT; };
		9B63E0A9230E8F78004E6B50 /* ImageViewer.storyboard */ = {isa = PBXFileReference; lastKnownFileType = file.storyboard; name = ImageViewer.storyboard; path = Util/ImageViewer/ImageViewer.storyboard; sourceTree = "<group>"; };
		9B6BC1B22003BC4800CF8722 /* AmazonProduct.swift */ = {isa = PBXFileReference; lastKnownFileType = sourcecode.swift; name = AmazonProduct.swift; path = IngredientDetail/AmazonProduct.swift; sourceTree = "<group>"; };
		9B6D67CB1CD0F064001E8079 /* RecipeBasic.swift */ = {isa = PBXFileReference; fileEncoding = 4; lastKnownFileType = sourcecode.swift; name = RecipeBasic.swift; path = RecipeList/RecipeBasic.swift; sourceTree = "<group>"; };
		9B6D67CD1CD0F093001E8079 /* IngredientBasic.swift */ = {isa = PBXFileReference; fileEncoding = 4; lastKnownFileType = sourcecode.swift; name = IngredientBasic.swift; path = IngredientList/IngredientBasic.swift; sourceTree = "<group>"; };
		9B70B08F22B68533008A5591 /* RecipeTableViewCell.swift */ = {isa = PBXFileReference; lastKnownFileType = sourcecode.swift; name = RecipeTableViewCell.swift; path = RecipeList/RecipeTableViewCell.swift; sourceTree = "<group>"; };
		9B70B09022B68533008A5591 /* RecipeTableViewCell.xib */ = {isa = PBXFileReference; lastKnownFileType = file.xib; name = RecipeTableViewCell.xib; path = RecipeList/RecipeTableViewCell.xib; sourceTree = "<group>"; };
		9B746DBA2351EFA200507530 /* Recover.storyboard */ = {isa = PBXFileReference; lastKnownFileType = file.storyboard; name = Recover.storyboard; path = Recover/Recover.storyboard; sourceTree = "<group>"; };
		9B7BAA6522B4E4A5005BB3F7 /* AlbumCollectionViewCell.swift */ = {isa = PBXFileReference; lastKnownFileType = sourcecode.swift; name = AlbumCollectionViewCell.swift; path = Album/AlbumCollectionViewCell.swift; sourceTree = "<group>"; };
		9B7BAA6622B4E4A5005BB3F7 /* AlbumCollectionViewCell.xib */ = {isa = PBXFileReference; lastKnownFileType = file.xib; name = AlbumCollectionViewCell.xib; path = Album/AlbumCollectionViewCell.xib; sourceTree = "<group>"; };
		9B7BAA6922B4EB8B005BB3F7 /* PhotoFilterCollectionViewCell.swift */ = {isa = PBXFileReference; lastKnownFileType = sourcecode.swift; name = PhotoFilterCollectionViewCell.swift; path = RecipeEdit/PhotoFilterCollectionViewCell.swift; sourceTree = "<group>"; };
		9B8E59D11CB819A8004D2C1A /* Social.framework */ = {isa = PBXFileReference; lastKnownFileType = wrapper.framework; name = Social.framework; path = System/Library/Frameworks/Social.framework; sourceTree = SDKROOT; };
		9B93B31A1E75437C0046687A /* ReverseLookupTableViewController.swift */ = {isa = PBXFileReference; fileEncoding = 4; lastKnownFileType = sourcecode.swift; name = ReverseLookupTableViewController.swift; path = ReverseLookup/ReverseLookupTableViewController.swift; sourceTree = "<group>"; };
		9B93B3221E7558FE0046687A /* ReverseLookupSelectIngredientTableViewCell.swift */ = {isa = PBXFileReference; fileEncoding = 4; lastKnownFileType = sourcecode.swift; name = ReverseLookupSelectIngredientTableViewCell.swift; path = ReverseLookup/ReverseLookupSelectIngredientTableViewCell.swift; sourceTree = "<group>"; };
		9B9A7D9D240AC05700BC46DE /* FullScreenPopGesture.swift */ = {isa = PBXFileReference; lastKnownFileType = sourcecode.swift; path = FullScreenPopGesture.swift; sourceTree = "<group>"; };
		9BA727A123DD5F6400CFFE78 /* NotificationExtension.swift */ = {isa = PBXFileReference; lastKnownFileType = sourcecode.swift; path = NotificationExtension.swift; sourceTree = "<group>"; };
		9BAC3F991CB695B700418665 /* IngredientDetailTableViewController.swift */ = {isa = PBXFileReference; fileEncoding = 4; lastKnownFileType = sourcecode.swift; name = IngredientDetailTableViewController.swift; path = IngredientDetail/IngredientDetailTableViewController.swift; sourceTree = "<group>"; };
		9BAC3F9B1CB6B01500418665 /* RecipeDetailTableViewController.swift */ = {isa = PBXFileReference; fileEncoding = 4; lastKnownFileType = sourcecode.swift; name = RecipeDetailTableViewController.swift; path = RecipeDetail/RecipeDetailTableViewController.swift; sourceTree = "<group>"; };
		9BADE7121CD4FEB900D0BC39 /* RecoverAllTableViewCell.swift */ = {isa = PBXFileReference; fileEncoding = 4; lastKnownFileType = sourcecode.swift; name = RecoverAllTableViewCell.swift; path = Recover/RecoverAllTableViewCell.swift; sourceTree = "<group>"; };
		9BB12BB32344E9EB005EB43F /* UIImageExtension.swift */ = {isa = PBXFileReference; lastKnownFileType = sourcecode.swift; path = UIImageExtension.swift; sourceTree = "<group>"; };
		9BB12BB52344EEDE005EB43F /* GlobalConstants.swift */ = {isa = PBXFileReference; lastKnownFileType = sourcecode.swift; path = GlobalConstants.swift; sourceTree = "<group>"; };
		9BB98FAC1E648101009240FB /* SettingsTableViewController.swift */ = {isa = PBXFileReference; fileEncoding = 4; lastKnownFileType = sourcecode.swift; name = SettingsTableViewController.swift; path = Settings/SettingsTableViewController.swift; sourceTree = "<group>"; };
		9BB98FAE1E6484DA009240FB /* ChangeThemeTableViewController.swift */ = {isa = PBXFileReference; fileEncoding = 4; lastKnownFileType = sourcecode.swift; name = ChangeThemeTableViewController.swift; path = Settings/ChangeThemeTableViewController.swift; sourceTree = "<group>"; };
		9BBAB622230E9ADE0056B7B6 /* PhotoFilterDismissalTransitioningHandler.swift */ = {isa = PBXFileReference; lastKnownFileType = sourcecode.swift; name = PhotoFilterDismissalTransitioningHandler.swift; path = RecipeEdit/PhotoFilterDismissalTransitioningHandler.swift; sourceTree = "<group>"; };
		9BC9A3111C783CAA0031F631 /* uchicock.app */ = {isa = PBXFileReference; explicitFileType = wrapper.application; includeInIndex = 0; path = uchicock.app; sourceTree = BUILT_PRODUCTS_DIR; };
		9BC9A3141C783CAA0031F631 /* AppDelegate.swift */ = {isa = PBXFileReference; lastKnownFileType = sourcecode.swift; path = AppDelegate.swift; sourceTree = "<group>"; };
		9BC9A31B1C783CAA0031F631 /* Assets.xcassets */ = {isa = PBXFileReference; lastKnownFileType = folder.assetcatalog; path = Assets.xcassets; sourceTree = "<group>"; };
		9BC9A3201C783CAA0031F631 /* Info.plist */ = {isa = PBXFileReference; lastKnownFileType = text.plist.xml; path = Info.plist; sourceTree = "<group>"; };
		9BCF1FB523F995BA007E5600 /* CalculatorIngredient.swift */ = {isa = PBXFileReference; lastKnownFileType = sourcecode.swift; name = CalculatorIngredient.swift; path = Database/CalculatorIngredient.swift; sourceTree = "<group>"; };
		9BD467B5232B8CBD00312923 /* ImageUtil.swift */ = {isa = PBXFileReference; lastKnownFileType = sourcecode.swift; path = ImageUtil.swift; sourceTree = "<group>"; };
		9BD7BEDA235DB877008B305E /* MessageHUD.swift */ = {isa = PBXFileReference; fileEncoding = 4; lastKnownFileType = sourcecode.swift; name = MessageHUD.swift; path = Util/MessageHUD/MessageHUD.swift; sourceTree = "<group>"; };
		9BD8A7081CC8F466001EB1A9 /* AlbumCollectionViewController.swift */ = {isa = PBXFileReference; fileEncoding = 4; lastKnownFileType = sourcecode.swift; name = AlbumCollectionViewController.swift; path = Album/AlbumCollectionViewController.swift; sourceTree = "<group>"; };
		9BD91A5822BD04930088C146 /* Interactor.swift */ = {isa = PBXFileReference; lastKnownFileType = sourcecode.swift; path = Interactor.swift; sourceTree = "<group>"; };
		9BD91A5A22BD0BE90088C146 /* DismissModalAnimator.swift */ = {isa = PBXFileReference; lastKnownFileType = sourcecode.swift; path = DismissModalAnimator.swift; sourceTree = "<group>"; };
		9BD91A5F22BD3A740088C146 /* MethodTipViewController.swift */ = {isa = PBXFileReference; lastKnownFileType = sourcecode.swift; name = MethodTipViewController.swift; path = RecipeDetail/MethodTipViewController.swift; sourceTree = "<group>"; };
		9BD91A6122BD3A840088C146 /* StyleTipViewController.swift */ = {isa = PBXFileReference; lastKnownFileType = sourcecode.swift; name = StyleTipViewController.swift; path = RecipeDetail/StyleTipViewController.swift; sourceTree = "<group>"; };
		9BDB39331CD4448900CE3175 /* RecoverDescriptionTableViewCell.swift */ = {isa = PBXFileReference; fileEncoding = 4; lastKnownFileType = sourcecode.swift; name = RecoverDescriptionTableViewCell.swift; path = Recover/RecoverDescriptionTableViewCell.swift; sourceTree = "<group>"; };
		9BDB39351CD44DD400CE3175 /* RecoverRecipeBasic.swift */ = {isa = PBXFileReference; fileEncoding = 4; lastKnownFileType = sourcecode.swift; name = RecoverRecipeBasic.swift; path = Recover/RecoverRecipeBasic.swift; sourceTree = "<group>"; };
		9BDB39371CD460A400CE3175 /* RecoverPreviewTableViewController.swift */ = {isa = PBXFileReference; fileEncoding = 4; lastKnownFileType = sourcecode.swift; name = RecoverPreviewTableViewController.swift; path = Recover/RecoverPreviewTableViewController.swift; sourceTree = "<group>"; };
		9BDF63E72361AC0000FFF76C /* IngredientSuggestBasic.swift */ = {isa = PBXFileReference; fileEncoding = 4; lastKnownFileType = sourcecode.swift; name = IngredientSuggestBasic.swift; path = RecipeEdit/IngredientSuggestBasic.swift; sourceTree = "<group>"; };
		9BE61CDC1CB8AF00004355CF /* RecipeIngredientEditTableViewController.swift */ = {isa = PBXFileReference; fileEncoding = 4; lastKnownFileType = sourcecode.swift; name = RecipeIngredientEditTableViewController.swift; path = RecipeEdit/RecipeIngredientEditTableViewController.swift; sourceTree = "<group>"; };
		9BEC4C102351E9FA004FE9B4 /* LaunchScreen.storyboard */ = {isa = PBXFileReference; fileEncoding = 4; lastKnownFileType = file.storyboard; name = LaunchScreen.storyboard; path = Launch/LaunchScreen.storyboard; sourceTree = "<group>"; };
		9BEC4C112351E9FA004FE9B4 /* Launch.storyboard */ = {isa = PBXFileReference; fileEncoding = 4; lastKnownFileType = file.storyboard; name = Launch.storyboard; path = Launch/Launch.storyboard; sourceTree = "<group>"; };
		9BEC4C122351E9FA004FE9B4 /* LaunchViewController.swift */ = {isa = PBXFileReference; fileEncoding = 4; lastKnownFileType = sourcecode.swift; name = LaunchViewController.swift; path = Launch/LaunchViewController.swift; sourceTree = "<group>"; };
		9BEC4C172351EA73004FE9B4 /* RecipeList.storyboard */ = {isa = PBXFileReference; fileEncoding = 4; lastKnownFileType = file.storyboard; name = RecipeList.storyboard; path = RecipeList/RecipeList.storyboard; sourceTree = "<group>"; };
		9BEC4C192351EA7E004FE9B4 /* RecipeSearchViewController.swift */ = {isa = PBXFileReference; fileEncoding = 4; lastKnownFileType = sourcecode.swift; name = RecipeSearchViewController.swift; path = RecipeSearch/RecipeSearchViewController.swift; sourceTree = "<group>"; };
		9BEC4C1A2351EA7E004FE9B4 /* RecipeSearch.storyboard */ = {isa = PBXFileReference; fileEncoding = 4; lastKnownFileType = file.storyboard; name = RecipeSearch.storyboard; path = RecipeSearch/RecipeSearch.storyboard; sourceTree = "<group>"; };
		9BEC4C1D2351EACF004FE9B4 /* RecipeDetail.storyboard */ = {isa = PBXFileReference; fileEncoding = 4; lastKnownFileType = file.storyboard; name = RecipeDetail.storyboard; path = RecipeDetail/RecipeDetail.storyboard; sourceTree = "<group>"; };
		9BEC4C1F2351EAE5004FE9B4 /* RecipeEdit.storyboard */ = {isa = PBXFileReference; fileEncoding = 4; lastKnownFileType = file.storyboard; name = RecipeEdit.storyboard; path = RecipeEdit/RecipeEdit.storyboard; sourceTree = "<group>"; };
		9BEC4C212351EB38004FE9B4 /* Tip.storyboard */ = {isa = PBXFileReference; fileEncoding = 4; lastKnownFileType = file.storyboard; name = Tip.storyboard; path = RecipeDetail/Tip.storyboard; sourceTree = "<group>"; };
		9BEC4C232351EC16004FE9B4 /* IngredientList.storyboard */ = {isa = PBXFileReference; fileEncoding = 4; lastKnownFileType = file.storyboard; name = IngredientList.storyboard; path = IngredientList/IngredientList.storyboard; sourceTree = "<group>"; };
		9BEC4C272351EC3F004FE9B4 /* IngredientRecommendTableViewCell.swift */ = {isa = PBXFileReference; fileEncoding = 4; lastKnownFileType = sourcecode.swift; name = IngredientRecommendTableViewCell.swift; path = IngredientRecommend/IngredientRecommendTableViewCell.swift; sourceTree = "<group>"; };
		9BEC4C282351EC3F004FE9B4 /* IngredientRecommendTableViewCell.xib */ = {isa = PBXFileReference; fileEncoding = 4; lastKnownFileType = file.xib; name = IngredientRecommendTableViewCell.xib; path = IngredientRecommend/IngredientRecommendTableViewCell.xib; sourceTree = "<group>"; };
		9BEC4C292351EC40004FE9B4 /* IngredientRecommendTableViewController.swift */ = {isa = PBXFileReference; fileEncoding = 4; lastKnownFileType = sourcecode.swift; name = IngredientRecommendTableViewController.swift; path = IngredientRecommend/IngredientRecommendTableViewController.swift; sourceTree = "<group>"; };
		9BEC4C2A2351EC40004FE9B4 /* IngredientRecommend.storyboard */ = {isa = PBXFileReference; fileEncoding = 4; lastKnownFileType = file.storyboard; name = IngredientRecommend.storyboard; path = IngredientRecommend/IngredientRecommend.storyboard; sourceTree = "<group>"; };
		9BEC4C2F2351EC52004FE9B4 /* IngredientDetail.storyboard */ = {isa = PBXFileReference; fileEncoding = 4; lastKnownFileType = file.storyboard; name = IngredientDetail.storyboard; path = IngredientDetail/IngredientDetail.storyboard; sourceTree = "<group>"; };
		9BEC4C312351EC5F004FE9B4 /* Reminder.storyboard */ = {isa = PBXFileReference; fileEncoding = 4; lastKnownFileType = file.storyboard; name = Reminder.storyboard; path = Reminder/Reminder.storyboard; sourceTree = "<group>"; };
		9BEC4C322351EC5F004FE9B4 /* ReminderTableViewController.swift */ = {isa = PBXFileReference; fileEncoding = 4; lastKnownFileType = sourcecode.swift; name = ReminderTableViewController.swift; path = Reminder/ReminderTableViewController.swift; sourceTree = "<group>"; };
		9BEC4C352351EC69004FE9B4 /* IngredientEdit.storyboard */ = {isa = PBXFileReference; fileEncoding = 4; lastKnownFileType = file.storyboard; name = IngredientEdit.storyboard; path = IngredientEdit/IngredientEdit.storyboard; sourceTree = "<group>"; };
		9BEC4C372351EC74004FE9B4 /* ReverseLookup.storyboard */ = {isa = PBXFileReference; fileEncoding = 4; lastKnownFileType = file.storyboard; name = ReverseLookup.storyboard; path = ReverseLookup/ReverseLookup.storyboard; sourceTree = "<group>"; };
		9BEC4C3A2351EC8F004FE9B4 /* Album.storyboard */ = {isa = PBXFileReference; fileEncoding = 4; lastKnownFileType = file.storyboard; name = Album.storyboard; path = Album/Album.storyboard; sourceTree = "<group>"; };
		9BEC4C3C2351EC9B004FE9B4 /* AlbumFilter.storyboard */ = {isa = PBXFileReference; fileEncoding = 4; lastKnownFileType = file.storyboard; name = AlbumFilter.storyboard; path = AlbumFilter/AlbumFilter.storyboard; sourceTree = "<group>"; };
		9BEC4C3D2351EC9B004FE9B4 /* AlbumFilterViewController.swift */ = {isa = PBXFileReference; fileEncoding = 4; lastKnownFileType = sourcecode.swift; name = AlbumFilterViewController.swift; path = AlbumFilter/AlbumFilterViewController.swift; sourceTree = "<group>"; };
		9BEC4C402351ECF1004FE9B4 /* Settings.storyboard */ = {isa = PBXFileReference; fileEncoding = 4; lastKnownFileType = file.storyboard; name = Settings.storyboard; path = Settings/Settings.storyboard; sourceTree = "<group>"; };
		9BEC4C422351ED51004FE9B4 /* Introduction.storyboard */ = {isa = PBXFileReference; fileEncoding = 4; lastKnownFileType = file.storyboard; name = Introduction.storyboard; path = Util/Introduction/Introduction.storyboard; sourceTree = "<group>"; };
		9BEF8B261E68738E00F32DDB /* RealmSwift.framework */ = {isa = PBXFileReference; lastKnownFileType = wrapper.framework; name = RealmSwift.framework; path = "../../../Library/Developer/Xcode/DerivedData/uchicock-fpfjtbqsnjmxttaewoqilanvdaek/Build/Products/Debug-iphoneos/RealmSwift/RealmSwift.framework"; sourceTree = "<group>"; };
		9BEF8B281E68739400F32DDB /* Realm.framework */ = {isa = PBXFileReference; lastKnownFileType = wrapper.framework; name = Realm.framework; path = "../../../Library/Developer/Xcode/DerivedData/uchicock-fpfjtbqsnjmxttaewoqilanvdaek/Build/Products/Debug-iphoneos/Realm/Realm.framework"; sourceTree = "<group>"; };
		9BF93F6B1CCB36620000F7F8 /* default.realm */ = {isa = PBXFileReference; lastKnownFileType = file; name = default.realm; path = Database/default.realm; sourceTree = "<group>"; };
		BB9BC0F119F8CAA7EABB2D48 /* Pods-uchicock.debug.xcconfig */ = {isa = PBXFileReference; includeInIndex = 1; lastKnownFileType = text.xcconfig; name = "Pods-uchicock.debug.xcconfig"; path = "Pods/Target Support Files/Pods-uchicock/Pods-uchicock.debug.xcconfig"; sourceTree = "<group>"; };
/* End PBXFileReference section */

/* Begin PBXFrameworksBuildPhase section */
		9BC9A30E1C783CAA0031F631 /* Frameworks */ = {
			isa = PBXFrameworksBuildPhase;
			buildActionMask = 2147483647;
			files = (
				9BEF8B291E68739400F32DDB /* Realm.framework in Frameworks */,
				9BEF8B271E68738E00F32DDB /* RealmSwift.framework in Frameworks */,
				257A3F75EA9DBB6F91E1B069 /* Pods_uchicock.framework in Frameworks */,
			);
			runOnlyForDeploymentPostprocessing = 0;
		};
/* End PBXFrameworksBuildPhase section */

/* Begin PBXGroup section */
		8AAB004EAA3CB436D4CF50BE /* Pods */ = {
			isa = PBXGroup;
			children = (
				BB9BC0F119F8CAA7EABB2D48 /* Pods-uchicock.debug.xcconfig */,
				95172BD4FAD927EE844F42CE /* Pods-uchicock.release.xcconfig */,
			);
			name = Pods;
			sourceTree = "<group>";
		};
		9B03D38D22FD823200E2AB86 /* PullToRefresh */ = {
			isa = PBXGroup;
			children = (
				9B2E83EE230A9FCB002E7946 /* PullToRefresh.swift */,
				9B2E83EF230A9FCB002E7946 /* PullToRefreshHeaderAnimator.swift */,
				9B2E83F0230A9FCB002E7946 /* PullToRefreshHeaderView.swift */,
			);
			name = PullToRefresh;
			path = ..;
			sourceTree = "<group>";
		};
		9B0E3DF923FAD48900D7F22A /* AlcoholCalc */ = {
			isa = PBXGroup;
			children = (
				9B0E3DFA23FAD4A300D7F22A /* AlcoholCalc.storyboard */,
				9B0E3DFC23FADB6200D7F22A /* AlcoholCalcViewController.swift */,
				9B0E3DFE23FAE37100D7F22A /* AlcoholCalcIngredientTableViewCell.swift */,
			);
			path = AlcoholCalc;
			sourceTree = "<group>";
		};
		9B1638BB22A7E17000B7C3A7 /* Util */ = {
			isa = PBXGroup;
			children = (
				9B1638BC22A7E17000B7C3A7 /* CustomClasses.swift */,
				9B1638BE22A7E17000B7C3A7 /* StringExtension.swift */,
				9BB12BB32344E9EB005EB43F /* UIImageExtension.swift */,
				9BA727A123DD5F6400CFFE78 /* NotificationExtension.swift */,
				9BD467B5232B8CBD00312923 /* ImageUtil.swift */,
				9BB12BB52344EEDE005EB43F /* GlobalConstants.swift */,
				9B8A34AB22B15DCF0085B1EC /* Introduction */,
				9B4454DA2302D4DF00D1458A /* CircularCheckbox */,
				9B43304922B29AF70010C89B /* ImageViewer */,
				9B03D38D22FD823200E2AB86 /* PullToRefresh */,
				9BF951A52302C68000C6A1CA /* MessageHUD */,
				9BD91A5722BD04720088C146 /* Modal */,
				9B9A7D9C240AC02800BC46DE /* FullScreenPopGesture */,
			);
			path = Util;
			sourceTree = "<group>";
		};
		9B18128C1CD3BBD600717E4F /* Recover */ = {
			isa = PBXGroup;
			children = (
				9B746DBA2351EFA200507530 /* Recover.storyboard */,
				9B18128D1CD3BC1900717E4F /* RecoverTableViewController.swift */,
				9BDB39371CD460A400CE3175 /* RecoverPreviewTableViewController.swift */,
				9BDB39331CD4448900CE3175 /* RecoverDescriptionTableViewCell.swift */,
				9BADE7121CD4FEB900D0BC39 /* RecoverAllTableViewCell.swift */,
				9B18128F1CD3C63C00717E4F /* RecoverTargetTableViewCell.swift */,
				9BDB39351CD44DD400CE3175 /* RecoverRecipeBasic.swift */,
			);
			name = Recover;
			sourceTree = "<group>";
		};
		9B2AED061C9B5CD700B255C9 /* Database */ = {
			isa = PBXGroup;
			children = (
				9B3078C91CA421AE0014CE7E /* Recipe.swift */,
				9B3078C81CA421AE0014CE7E /* Ingredient.swift */,
				9B3078CA1CA421AE0014CE7E /* RecipeIngredientLink.swift */,
				9BCF1FB523F995BA007E5600 /* CalculatorIngredient.swift */,
				9BF93F6B1CCB36620000F7F8 /* default.realm */,
			);
			name = Database;
			sourceTree = "<group>";
		};
		9B3FE5831C9EA1630061D21C /* RecipeEdit */ = {
			isa = PBXGroup;
			children = (
				9BEC4C1F2351EAE5004FE9B4 /* RecipeEdit.storyboard */,
				9B3078EE1CA422630014CE7E /* RecipeEditTableViewController.swift */,
				9BE61CDC1CB8AF00004355CF /* RecipeIngredientEditTableViewController.swift */,
				9BDF63E72361AC0000FFF76C /* IngredientSuggestBasic.swift */,
				9B3078F61CA42F460014CE7E /* SuggestIngredientTableViewCell.swift */,
				9B30125522BB96EE00288DEE /* RecipeIngredientBasic.swift */,
				9B112E2D1FF285650014BABA /* PhotoFilterViewController.swift */,
				9BBAB622230E9ADE0056B7B6 /* PhotoFilterDismissalTransitioningHandler.swift */,
				9B7BAA6922B4EB8B005BB3F7 /* PhotoFilterCollectionViewCell.swift */,
			);
			name = RecipeEdit;
			sourceTree = "<group>";
		};
		9B43304922B29AF70010C89B /* ImageViewer */ = {
			isa = PBXGroup;
			children = (
				9B63E0A9230E8F78004E6B50 /* ImageViewer.storyboard */,
				9B2E83DE230A9F79002E7946 /* ImageViewerController.swift */,
				9B2E83DF230A9F7A002E7946 /* AnimatableImageView.swift */,
				9B2E83E5230A9F7A002E7946 /* ImageViewerDismissalInteractor.swift */,
				9B2E83E0230A9F7A002E7946 /* ImageViewerDismissalTransition.swift */,
				9B2E83E3230A9F7A002E7946 /* ImageViewerPresentationTransition.swift */,
				9B2E83E4230A9F7A002E7946 /* ImageViewerTransitioningHandler.swift */,
				9B2E83E1230A9F7A002E7946 /* ImageViewerUtil.swift */,
			);
			name = ImageViewer;
			path = ..;
			sourceTree = "<group>";
		};
		9B4454DA2302D4DF00D1458A /* CircularCheckbox */ = {
			isa = PBXGroup;
			children = (
				9B2E83D2230A9F20002E7946 /* CircularCheckbox.swift */,
				9B2E83D3230A9F20002E7946 /* CircularCheckboxAnimationGenerator.swift */,
				9B2E83D4230A9F20002E7946 /* CircularCheckboxCheckPathGenerator.swift */,
				9B2E83D1230A9F20002E7946 /* CircularCheckboxController.swift */,
				9B2E83D6230A9F20002E7946 /* CircularCheckboxExpandController.swift */,
				9B2E83D5230A9F20002E7946 /* CircularCheckboxFadeController.swift */,
			);
			name = CircularCheckbox;
			path = ..;
			sourceTree = "<group>";
		};
		9B8772851C9D4BA80065A816 /* IngredientEdit */ = {
			isa = PBXGroup;
			children = (
				9BEC4C352351EC69004FE9B4 /* IngredientEdit.storyboard */,
				9B3078F41CA422890014CE7E /* IngredientEditTableViewController.swift */,
			);
			name = IngredientEdit;
			sourceTree = "<group>";
		};
		9B8A34AB22B15DCF0085B1EC /* Introduction */ = {
			isa = PBXGroup;
			children = (
				9BEC4C422351ED51004FE9B4 /* Introduction.storyboard */,
				9B2E83CD230A9EF4002E7946 /* IntroductionPageViewController.swift */,
				9B2E83CC230A9EF4002E7946 /* IntroductionDetailViewController.swift */,
			);
			name = Introduction;
			path = ..;
			sourceTree = "<group>";
		};
		9B93B3191E7543200046687A /* ReverseLookup */ = {
			isa = PBXGroup;
			children = (
				9BEC4C372351EC74004FE9B4 /* ReverseLookup.storyboard */,
				9B93B31A1E75437C0046687A /* ReverseLookupTableViewController.swift */,
				9B93B3221E7558FE0046687A /* ReverseLookupSelectIngredientTableViewCell.swift */,
			);
			name = ReverseLookup;
			sourceTree = "<group>";
		};
		9B9A7D9C240AC02800BC46DE /* FullScreenPopGesture */ = {
			isa = PBXGroup;
			children = (
				9B9A7D9D240AC05700BC46DE /* FullScreenPopGesture.swift */,
			);
			path = FullScreenPopGesture;
			sourceTree = "<group>";
		};
		9BAAFB6F1C99953400E67791 /* RecipeDetail */ = {
			isa = PBXGroup;
			children = (
				9BEC4C1D2351EACF004FE9B4 /* RecipeDetail.storyboard */,
				9BAC3F9B1CB6B01500418665 /* RecipeDetailTableViewController.swift */,
				9B30125222BB8A7300288DEE /* RecipeIngredientTableViewCell.xib */,
				9B30125122BB8A7300288DEE /* RecipeIngredientTableViewCell.swift */,
				9BEC4C212351EB38004FE9B4 /* Tip.storyboard */,
				9BD91A6122BD3A840088C146 /* StyleTipViewController.swift */,
				9BD91A5F22BD3A740088C146 /* MethodTipViewController.swift */,
				9B0AEBD823FA407B00EEA4F9 /* StrengthTipViewController.swift */,
			);
			name = RecipeDetail;
			sourceTree = "<group>";
		};
		9BB98FAB1E6480B1009240FB /* Settings */ = {
			isa = PBXGroup;
			children = (
				9BEC4C402351ECF1004FE9B4 /* Settings.storyboard */,
				9BB98FAC1E648101009240FB /* SettingsTableViewController.swift */,
				9BB98FAE1E6484DA009240FB /* ChangeThemeTableViewController.swift */,
				9B2573222349F0A400F732A1 /* ChangeImageSizeTableViewController.swift */,
				9B41B2A91E65729E00EF2CEF /* Style.swift */,
				9B22FEAB22A1872100D716E3 /* FlatColor.swift */,
			);
			name = Settings;
			sourceTree = "<group>";
		};
		9BC9A3081C783CAA0031F631 = {
			isa = PBXGroup;
			children = (
				9BC9A3131C783CAA0031F631 /* uchicock */,
				9BC9A3121C783CAA0031F631 /* Products */,
				D62374FCD504BC5EA91FCD15 /* Frameworks */,
				8AAB004EAA3CB436D4CF50BE /* Pods */,
			);
			sourceTree = "<group>";
		};
		9BC9A3121C783CAA0031F631 /* Products */ = {
			isa = PBXGroup;
			children = (
				9BC9A3111C783CAA0031F631 /* uchicock.app */,
			);
			name = Products;
			sourceTree = "<group>";
		};
		9BC9A3131C783CAA0031F631 /* uchicock */ = {
			isa = PBXGroup;
			children = (
				9B59FFA722B409CA00FB6F44 /* README.md */,
				9BC9A3141C783CAA0031F631 /* AppDelegate.swift */,
				9BEC4C0F2351E99A004FE9B4 /* Launch */,
				9BC9A3461C7856DA0031F631 /* RecipeList */,
				9BEC4C162351EA5E004FE9B4 /* RecipeSearch */,
				9BAAFB6F1C99953400E67791 /* RecipeDetail */,
				9B3FE5831C9EA1630061D21C /* RecipeEdit */,
				9BE32CEA1C9C2B71001B98BF /* IngredientList */,
				9BEC4C262351EC2A004FE9B4 /* IngredientRecommend */,
				9BE32CF11C9C4E39001B98BF /* IngredientDetail */,
				9BEC4C252351EC22004FE9B4 /* Reminder */,
				9B8772851C9D4BA80065A816 /* IngredientEdit */,
				9B93B3191E7543200046687A /* ReverseLookup */,
				9BD8A7071CC8F436001EB1A9 /* Album */,
				9BEC4C392351EC81004FE9B4 /* AlbumFilter */,
				9BB98FAB1E6480B1009240FB /* Settings */,
				9B18128C1CD3BBD600717E4F /* Recover */,
				9B0E3DF923FAD48900D7F22A /* AlcoholCalc */,
				9B1638BB22A7E17000B7C3A7 /* Util */,
				9B2AED061C9B5CD700B255C9 /* Database */,
				9B0CF99D1CA7EE870024AF40 /* Settings.bundle */,
				9BC9A31B1C783CAA0031F631 /* Assets.xcassets */,
				9BC9A3201C783CAA0031F631 /* Info.plist */,
			);
			path = uchicock;
			sourceTree = "<group>";
		};
		9BC9A3461C7856DA0031F631 /* RecipeList */ = {
			isa = PBXGroup;
			children = (
				9BEC4C172351EA73004FE9B4 /* RecipeList.storyboard */,
				9B3078C51CA421660014CE7E /* RecipeListViewController.swift */,
				9B6D67CB1CD0F064001E8079 /* RecipeBasic.swift */,
				9B70B09022B68533008A5591 /* RecipeTableViewCell.xib */,
				9B70B08F22B68533008A5591 /* RecipeTableViewCell.swift */,
			);
			name = RecipeList;
			sourceTree = "<group>";
		};
		9BD8A7071CC8F436001EB1A9 /* Album */ = {
			isa = PBXGroup;
			children = (
				9BEC4C3A2351EC8F004FE9B4 /* Album.storyboard */,
				9BD8A7081CC8F466001EB1A9 /* AlbumCollectionViewController.swift */,
				9B7BAA6622B4E4A5005BB3F7 /* AlbumCollectionViewCell.xib */,
				9B7BAA6522B4E4A5005BB3F7 /* AlbumCollectionViewCell.swift */,
			);
			name = Album;
			sourceTree = "<group>";
		};
		9BD91A5722BD04720088C146 /* Modal */ = {
			isa = PBXGroup;
			children = (
				9B05D1B422B7D5DF0062D9C9 /* ModalPresentationController.swift */,
				9BD91A5A22BD0BE90088C146 /* DismissModalAnimator.swift */,
				9BD91A5822BD04930088C146 /* Interactor.swift */,
			);
			path = Modal;
			sourceTree = "<group>";
		};
		9BE32CEA1C9C2B71001B98BF /* IngredientList */ = {
			isa = PBXGroup;
			children = (
				9BEC4C232351EC16004FE9B4 /* IngredientList.storyboard */,
				9B3078DD1CA4220C0014CE7E /* IngredientListViewController.swift */,
				9B3078DC1CA4220C0014CE7E /* IngredientListItemTableViewCell.swift */,
				9B6D67CD1CD0F093001E8079 /* IngredientBasic.swift */,
			);
			name = IngredientList;
			sourceTree = "<group>";
		};
		9BE32CF11C9C4E39001B98BF /* IngredientDetail */ = {
			isa = PBXGroup;
			children = (
				9BEC4C2F2351EC52004FE9B4 /* IngredientDetail.storyboard */,
				9BAC3F991CB695B700418665 /* IngredientDetailTableViewController.swift */,
				9B6BC1B22003BC4800CF8722 /* AmazonProduct.swift */,
			);
			name = IngredientDetail;
			sourceTree = "<group>";
		};
		9BEC4C0F2351E99A004FE9B4 /* Launch */ = {
			isa = PBXGroup;
			children = (
				9BEC4C102351E9FA004FE9B4 /* LaunchScreen.storyboard */,
				9BEC4C112351E9FA004FE9B4 /* Launch.storyboard */,
				9BEC4C122351E9FA004FE9B4 /* LaunchViewController.swift */,
			);
			name = Launch;
			sourceTree = "<group>";
		};
		9BEC4C162351EA5E004FE9B4 /* RecipeSearch */ = {
			isa = PBXGroup;
			children = (
				9BEC4C1A2351EA7E004FE9B4 /* RecipeSearch.storyboard */,
				9BEC4C192351EA7E004FE9B4 /* RecipeSearchViewController.swift */,
			);
			name = RecipeSearch;
			sourceTree = "<group>";
		};
		9BEC4C252351EC22004FE9B4 /* Reminder */ = {
			isa = PBXGroup;
			children = (
				9BEC4C312351EC5F004FE9B4 /* Reminder.storyboard */,
				9BEC4C322351EC5F004FE9B4 /* ReminderTableViewController.swift */,
			);
			name = Reminder;
			sourceTree = "<group>";
		};
		9BEC4C262351EC2A004FE9B4 /* IngredientRecommend */ = {
			isa = PBXGroup;
			children = (
				9BEC4C2A2351EC40004FE9B4 /* IngredientRecommend.storyboard */,
				9BEC4C292351EC40004FE9B4 /* IngredientRecommendTableViewController.swift */,
				9BEC4C282351EC3F004FE9B4 /* IngredientRecommendTableViewCell.xib */,
				9BEC4C272351EC3F004FE9B4 /* IngredientRecommendTableViewCell.swift */,
			);
			name = IngredientRecommend;
			sourceTree = "<group>";
		};
		9BEC4C392351EC81004FE9B4 /* AlbumFilter */ = {
			isa = PBXGroup;
			children = (
				9BEC4C3C2351EC9B004FE9B4 /* AlbumFilter.storyboard */,
				9BEC4C3D2351EC9B004FE9B4 /* AlbumFilterViewController.swift */,
			);
			name = AlbumFilter;
			sourceTree = "<group>";
		};
		9BF951A52302C68000C6A1CA /* MessageHUD */ = {
			isa = PBXGroup;
			children = (
				9BD7BEDA235DB877008B305E /* MessageHUD.swift */,
			);
			name = MessageHUD;
			path = ..;
			sourceTree = "<group>";
		};
		D62374FCD504BC5EA91FCD15 /* Frameworks */ = {
			isa = PBXGroup;
			children = (
				9BEF8B281E68739400F32DDB /* Realm.framework */,
				9BEF8B261E68738E00F32DDB /* RealmSwift.framework */,
				9B8E59D11CB819A8004D2C1A /* Social.framework */,
				7A4C355CE7B8FD61AD9ABFAA /* Pods_uchicock.framework */,
			);
			name = Frameworks;
			sourceTree = "<group>";
		};
/* End PBXGroup section */

/* Begin PBXNativeTarget section */
		9BC9A3101C783CAA0031F631 /* uchicock */ = {
			isa = PBXNativeTarget;
			buildConfigurationList = 9BC9A3391C783CAA0031F631 /* Build configuration list for PBXNativeTarget "uchicock" */;
			buildPhases = (
				68B0B8DF0EDC5496365AEFD3 /* [CP] Check Pods Manifest.lock */,
				9BC9A30D1C783CAA0031F631 /* Sources */,
				9BC9A30E1C783CAA0031F631 /* Frameworks */,
				9BC9A30F1C783CAA0031F631 /* Resources */,
				9B0CF99C1CA7ED410024AF40 /* ShellScript */,
				DAB87728FE9EC64F4A7705F3 /* [CP] Embed Pods Frameworks */,
			);
			buildRules = (
			);
			dependencies = (
			);
			name = uchicock;
			productName = uchicock;
			productReference = 9BC9A3111C783CAA0031F631 /* uchicock.app */;
			productType = "com.apple.product-type.application";
		};
/* End PBXNativeTarget section */

/* Begin PBXProject section */
		9BC9A3091C783CAA0031F631 /* Project object */ = {
			isa = PBXProject;
			attributes = {
				LastSwiftUpdateCheck = 0720;
				LastUpgradeCheck = 1020;
				ORGANIZATIONNAME = Kou;
				TargetAttributes = {
					9BC9A3101C783CAA0031F631 = {
						CreatedOnToolsVersion = 7.2.1;
						DevelopmentTeam = 98478E5868;
						LastSwiftMigration = 1020;
					};
				};
			};
			buildConfigurationList = 9BC9A30C1C783CAA0031F631 /* Build configuration list for PBXProject "uchicock" */;
			compatibilityVersion = "Xcode 3.2";
			developmentRegion = ja;
			hasScannedForEncodings = 0;
			knownRegions = (
				Base,
				ja,
			);
			mainGroup = 9BC9A3081C783CAA0031F631;
			productRefGroup = 9BC9A3121C783CAA0031F631 /* Products */;
			projectDirPath = "";
			projectRoot = "";
			targets = (
				9BC9A3101C783CAA0031F631 /* uchicock */,
			);
		};
/* End PBXProject section */

/* Begin PBXResourcesBuildPhase section */
		9BC9A30F1C783CAA0031F631 /* Resources */ = {
			isa = PBXResourcesBuildPhase;
			buildActionMask = 2147483647;
			files = (
				9BEC4C332351EC5F004FE9B4 /* Reminder.storyboard in Resources */,
				9BEC4C2E2351EC40004FE9B4 /* IngredientRecommend.storyboard in Resources */,
				9BEC4C202351EAE5004FE9B4 /* RecipeEdit.storyboard in Resources */,
				9BEC4C382351EC75004FE9B4 /* ReverseLookup.storyboard in Resources */,
				9BEC4C3E2351EC9B004FE9B4 /* AlbumFilter.storyboard in Resources */,
				9BEC4C362351EC69004FE9B4 /* IngredientEdit.storyboard in Resources */,
				9B0E3DFB23FAD4A300D7F22A /* AlcoholCalc.storyboard in Resources */,
				9BEC4C2C2351EC40004FE9B4 /* IngredientRecommendTableViewCell.xib in Resources */,
				9B30125422BB8A7300288DEE /* RecipeIngredientTableViewCell.xib in Resources */,
				9B0CF99E1CA7EE870024AF40 /* Settings.bundle in Resources */,
				9B70B09222B68533008A5591 /* RecipeTableViewCell.xib in Resources */,
				9BEC4C3B2351EC8F004FE9B4 /* Album.storyboard in Resources */,
				9B746DBB2351EFA200507530 /* Recover.storyboard in Resources */,
				9BEC4C132351E9FA004FE9B4 /* LaunchScreen.storyboard in Resources */,
				9BEC4C242351EC16004FE9B4 /* IngredientList.storyboard in Resources */,
				9B63E0AA230E8F78004E6B50 /* ImageViewer.storyboard in Resources */,
				9BEC4C222351EB38004FE9B4 /* Tip.storyboard in Resources */,
				9BC9A31C1C783CAA0031F631 /* Assets.xcassets in Resources */,
				9B7BAA6822B4E4A5005BB3F7 /* AlbumCollectionViewCell.xib in Resources */,
				9BEC4C302351EC52004FE9B4 /* IngredientDetail.storyboard in Resources */,
				9BEC4C182351EA73004FE9B4 /* RecipeList.storyboard in Resources */,
				9BEC4C412351ECF1004FE9B4 /* Settings.storyboard in Resources */,
				9BEC4C1C2351EA7E004FE9B4 /* RecipeSearch.storyboard in Resources */,
				9BEC4C142351E9FA004FE9B4 /* Launch.storyboard in Resources */,
				9BEC4C1E2351EACF004FE9B4 /* RecipeDetail.storyboard in Resources */,
				9B59FFA822B409CB00FB6F44 /* README.md in Resources */,
				9BEC4C432351ED51004FE9B4 /* Introduction.storyboard in Resources */,
				9BF93F6C1CCB36620000F7F8 /* default.realm in Resources */,
			);
			runOnlyForDeploymentPostprocessing = 0;
		};
/* End PBXResourcesBuildPhase section */

/* Begin PBXShellScriptBuildPhase section */
		68B0B8DF0EDC5496365AEFD3 /* [CP] Check Pods Manifest.lock */ = {
			isa = PBXShellScriptBuildPhase;
			buildActionMask = 2147483647;
			files = (
			);
			inputPaths = (
				"${PODS_PODFILE_DIR_PATH}/Podfile.lock",
				"${PODS_ROOT}/Manifest.lock",
			);
			name = "[CP] Check Pods Manifest.lock";
			outputPaths = (
				"$(DERIVED_FILE_DIR)/Pods-uchicock-checkManifestLockResult.txt",
			);
			runOnlyForDeploymentPostprocessing = 0;
			shellPath = /bin/sh;
			shellScript = "diff \"${PODS_PODFILE_DIR_PATH}/Podfile.lock\" \"${PODS_ROOT}/Manifest.lock\" > /dev/null\nif [ $? != 0 ] ; then\n    # print error to STDERR\n    echo \"error: The sandbox is not in sync with the Podfile.lock. Run 'pod install' or update your CocoaPods installation.\" >&2\n    exit 1\nfi\n# This output is used by Xcode 'outputs' to avoid re-running this script phase.\necho \"SUCCESS\" > \"${SCRIPT_OUTPUT_FILE_0}\"\n";
			showEnvVarsInLog = 0;
		};
		9B0CF99C1CA7ED410024AF40 /* ShellScript */ = {
			isa = PBXShellScriptBuildPhase;
			buildActionMask = 2147483647;
			files = (
			);
			inputPaths = (
			);
			outputPaths = (
			);
			runOnlyForDeploymentPostprocessing = 0;
			shellPath = /bin/sh;
			shellScript = "/usr/libexec/PlistBuddy -c \"Set :PreferenceSpecifiers:1:DefaultValue $MARKETING_VERSION\" \"${BUILT_PRODUCTS_DIR}/${WRAPPER_NAME}/Settings.bundle/Root.plist\"\n";
		};
		DAB87728FE9EC64F4A7705F3 /* [CP] Embed Pods Frameworks */ = {
			isa = PBXShellScriptBuildPhase;
			buildActionMask = 2147483647;
			files = (
			);
			inputPaths = (
				"${PODS_ROOT}/Target Support Files/Pods-uchicock/Pods-uchicock-frameworks.sh",
				"${BUILT_PRODUCTS_DIR}/Realm/Realm.framework",
				"${BUILT_PRODUCTS_DIR}/RealmSwift/RealmSwift.framework",
			);
			name = "[CP] Embed Pods Frameworks";
			outputPaths = (
				"${TARGET_BUILD_DIR}/${FRAMEWORKS_FOLDER_PATH}/Realm.framework",
				"${TARGET_BUILD_DIR}/${FRAMEWORKS_FOLDER_PATH}/RealmSwift.framework",
			);
			runOnlyForDeploymentPostprocessing = 0;
			shellPath = /bin/sh;
			shellScript = "\"${PODS_ROOT}/Target Support Files/Pods-uchicock/Pods-uchicock-frameworks.sh\"\n";
			showEnvVarsInLog = 0;
		};
/* End PBXShellScriptBuildPhase section */

/* Begin PBXSourcesBuildPhase section */
		9BC9A30D1C783CAA0031F631 /* Sources */ = {
			isa = PBXSourcesBuildPhase;
			buildActionMask = 2147483647;
			files = (
				9B2E83ED230A9F7A002E7946 /* ImageViewerDismissalInteractor.swift in Sources */,
				9BEC4C2D2351EC40004FE9B4 /* IngredientRecommendTableViewController.swift in Sources */,
				9BD8A7091CC8F466001EB1A9 /* AlbumCollectionViewController.swift in Sources */,
				9B22FEAC22A1872100D716E3 /* FlatColor.swift in Sources */,
				9B30125322BB8A7300288DEE /* RecipeIngredientTableViewCell.swift in Sources */,
				9BEC4C3F2351EC9B004FE9B4 /* AlbumFilterViewController.swift in Sources */,
				9B1638C322A7E17100B7C3A7 /* StringExtension.swift in Sources */,
				9B2E83DD230A9F20002E7946 /* CircularCheckboxExpandController.swift in Sources */,
				9B05D1B522B7D5DF0062D9C9 /* ModalPresentationController.swift in Sources */,
				9BDF63E82361AC0000FFF76C /* IngredientSuggestBasic.swift in Sources */,
				9BA727A223DD5F6400CFFE78 /* NotificationExtension.swift in Sources */,
				9BBAB623230E9ADE0056B7B6 /* PhotoFilterDismissalTransitioningHandler.swift in Sources */,
				9BADE7131CD4FEB900D0BC39 /* RecoverAllTableViewCell.swift in Sources */,
				9BD91A6022BD3A740088C146 /* MethodTipViewController.swift in Sources */,
				9B2E83D9230A9F20002E7946 /* CircularCheckbox.swift in Sources */,
				9B112E2E1FF285650014BABA /* PhotoFilterViewController.swift in Sources */,
				9B3078CB1CA421AE0014CE7E /* Ingredient.swift in Sources */,
				9B0AEBD923FA407B00EEA4F9 /* StrengthTipViewController.swift in Sources */,
				9BB98FAD1E648101009240FB /* SettingsTableViewController.swift in Sources */,
				9B2E83E6230A9F7A002E7946 /* ImageViewerController.swift in Sources */,
				9B2573232349F0A400F732A1 /* ChangeImageSizeTableViewController.swift in Sources */,
				9B3078DE1CA4220C0014CE7E /* IngredientListItemTableViewCell.swift in Sources */,
				9B93B31B1E75437C0046687A /* ReverseLookupTableViewController.swift in Sources */,
				9BB12BB42344E9EB005EB43F /* UIImageExtension.swift in Sources */,
				9BB12BB62344EEDE005EB43F /* GlobalConstants.swift in Sources */,
				9BAC3F9A1CB695B700418665 /* IngredientDetailTableViewController.swift in Sources */,
				9B2E83DB230A9F20002E7946 /* CircularCheckboxCheckPathGenerator.swift in Sources */,
				9B6BC1B32003BC4800CF8722 /* AmazonProduct.swift in Sources */,
				9BCF1FB623F995BA007E5600 /* CalculatorIngredient.swift in Sources */,
				9BEC4C1B2351EA7E004FE9B4 /* RecipeSearchViewController.swift in Sources */,
				9B2E83EC230A9F7A002E7946 /* ImageViewerTransitioningHandler.swift in Sources */,
				9B3078C71CA421660014CE7E /* RecipeListViewController.swift in Sources */,
				9B93B3231E7558FE0046687A /* ReverseLookupSelectIngredientTableViewCell.swift in Sources */,
				9B2E83EB230A9F7A002E7946 /* ImageViewerPresentationTransition.swift in Sources */,
				9BDB39381CD460A400CE3175 /* RecoverPreviewTableViewController.swift in Sources */,
				9BDB39361CD44DD400CE3175 /* RecoverRecipeBasic.swift in Sources */,
				9B3078F21CA422630014CE7E /* RecipeEditTableViewController.swift in Sources */,
				9B2E83F2230A9FCB002E7946 /* PullToRefreshHeaderAnimator.swift in Sources */,
				9B2E83CF230A9EF5002E7946 /* IntroductionPageViewController.swift in Sources */,
				9B2E83DC230A9F20002E7946 /* CircularCheckboxFadeController.swift in Sources */,
				9B3078F71CA42F460014CE7E /* SuggestIngredientTableViewCell.swift in Sources */,
				9B2E83DA230A9F20002E7946 /* CircularCheckboxAnimationGenerator.swift in Sources */,
				9B2E83E9230A9F7A002E7946 /* ImageViewerUtil.swift in Sources */,
				9BEC4C2B2351EC40004FE9B4 /* IngredientRecommendTableViewCell.swift in Sources */,
				9B41B2AA1E65729E00EF2CEF /* Style.swift in Sources */,
				9B2E83F3230A9FCB002E7946 /* PullToRefreshHeaderView.swift in Sources */,
				9B1812901CD3C63C00717E4F /* RecoverTargetTableViewCell.swift in Sources */,
				9B2E83E7230A9F7A002E7946 /* AnimatableImageView.swift in Sources */,
				9B30125622BB96EE00288DEE /* RecipeIngredientBasic.swift in Sources */,
				9BEC4C342351EC5F004FE9B4 /* ReminderTableViewController.swift in Sources */,
				9B7BAA6722B4E4A5005BB3F7 /* AlbumCollectionViewCell.swift in Sources */,
				9B2E83E8230A9F7A002E7946 /* ImageViewerDismissalTransition.swift in Sources */,
				9B3078CD1CA421AE0014CE7E /* RecipeIngredientLink.swift in Sources */,
				9BD7BEDB235DB877008B305E /* MessageHUD.swift in Sources */,
				9B70B09122B68533008A5591 /* RecipeTableViewCell.swift in Sources */,
				9BD91A6222BD3A840088C146 /* StyleTipViewController.swift in Sources */,
				9BAC3F9C1CB6B01500418665 /* RecipeDetailTableViewController.swift in Sources */,
				9BDB39341CD4448900CE3175 /* RecoverDescriptionTableViewCell.swift in Sources */,
				9B3078DF1CA4220C0014CE7E /* IngredientListViewController.swift in Sources */,
				9B2E83CE230A9EF5002E7946 /* IntroductionDetailViewController.swift in Sources */,
				9B0E3DFF23FAE37100D7F22A /* AlcoholCalcIngredientTableViewCell.swift in Sources */,
				9B9A7D9E240AC05700BC46DE /* FullScreenPopGesture.swift in Sources */,
				9B3078F51CA422890014CE7E /* IngredientEditTableViewController.swift in Sources */,
				9B1638C122A7E17100B7C3A7 /* CustomClasses.swift in Sources */,
				9B0E3DFD23FADB6200D7F22A /* AlcoholCalcViewController.swift in Sources */,
				9BEC4C152351E9FA004FE9B4 /* LaunchViewController.swift in Sources */,
				9B3078CC1CA421AE0014CE7E /* Recipe.swift in Sources */,
				9B18128E1CD3BC1900717E4F /* RecoverTableViewController.swift in Sources */,
				9B2E83D8230A9F20002E7946 /* CircularCheckboxController.swift in Sources */,
				9BE61CDD1CB8AF00004355CF /* RecipeIngredientEditTableViewController.swift in Sources */,
				9BD467B6232B8CBD00312923 /* ImageUtil.swift in Sources */,
				9BD91A5922BD04930088C146 /* Interactor.swift in Sources */,
				9BD91A5B22BD0BE90088C146 /* DismissModalAnimator.swift in Sources */,
				9BC9A3151C783CAA0031F631 /* AppDelegate.swift in Sources */,
				9B2E83F1230A9FCB002E7946 /* PullToRefresh.swift in Sources */,
				9B6D67CC1CD0F064001E8079 /* RecipeBasic.swift in Sources */,
				9B6D67CE1CD0F093001E8079 /* IngredientBasic.swift in Sources */,
				9B7BAA6A22B4EB8B005BB3F7 /* PhotoFilterCollectionViewCell.swift in Sources */,
				9BB98FAF1E6484DA009240FB /* ChangeThemeTableViewController.swift in Sources */,
			);
			runOnlyForDeploymentPostprocessing = 0;
		};
/* End PBXSourcesBuildPhase section */

/* Begin XCBuildConfiguration section */
		9BC9A3371C783CAA0031F631 /* Debug */ = {
			isa = XCBuildConfiguration;
			buildSettings = {
				ALWAYS_SEARCH_USER_PATHS = NO;
				CLANG_ANALYZER_LOCALIZABILITY_NONLOCALIZED = YES;
				CLANG_CXX_LANGUAGE_STANDARD = "gnu++0x";
				CLANG_CXX_LIBRARY = "libc++";
				CLANG_ENABLE_MODULES = YES;
				CLANG_ENABLE_OBJC_ARC = YES;
				CLANG_WARN_BLOCK_CAPTURE_AUTORELEASING = YES;
				CLANG_WARN_BOOL_CONVERSION = YES;
				CLANG_WARN_COMMA = YES;
				CLANG_WARN_CONSTANT_CONVERSION = YES;
				CLANG_WARN_DEPRECATED_OBJC_IMPLEMENTATIONS = YES;
				CLANG_WARN_DIRECT_OBJC_ISA_USAGE = YES_ERROR;
				CLANG_WARN_EMPTY_BODY = YES;
				CLANG_WARN_ENUM_CONVERSION = YES;
				CLANG_WARN_INFINITE_RECURSION = YES;
				CLANG_WARN_INT_CONVERSION = YES;
				CLANG_WARN_NON_LITERAL_NULL_CONVERSION = YES;
				CLANG_WARN_OBJC_IMPLICIT_RETAIN_SELF = YES;
				CLANG_WARN_OBJC_LITERAL_CONVERSION = YES;
				CLANG_WARN_OBJC_ROOT_CLASS = YES_ERROR;
				CLANG_WARN_RANGE_LOOP_ANALYSIS = YES;
				CLANG_WARN_STRICT_PROTOTYPES = YES;
				CLANG_WARN_SUSPICIOUS_MOVE = YES;
				CLANG_WARN_UNREACHABLE_CODE = YES;
				CLANG_WARN__DUPLICATE_METHOD_MATCH = YES;
				"CODE_SIGN_IDENTITY[sdk=iphoneos*]" = "iPhone Developer";
				COPY_PHASE_STRIP = NO;
				DEBUG_INFORMATION_FORMAT = dwarf;
				ENABLE_STRICT_OBJC_MSGSEND = YES;
				ENABLE_TESTABILITY = YES;
				GCC_C_LANGUAGE_STANDARD = gnu99;
				GCC_DYNAMIC_NO_PIC = NO;
				GCC_NO_COMMON_BLOCKS = YES;
				GCC_OPTIMIZATION_LEVEL = 0;
				GCC_PREPROCESSOR_DEFINITIONS = (
					"DEBUG=1",
					"$(inherited)",
				);
				GCC_WARN_64_TO_32_BIT_CONVERSION = YES;
				GCC_WARN_ABOUT_RETURN_TYPE = YES_ERROR;
				GCC_WARN_UNDECLARED_SELECTOR = YES;
				GCC_WARN_UNINITIALIZED_AUTOS = YES_AGGRESSIVE;
				GCC_WARN_UNUSED_FUNCTION = YES;
				GCC_WARN_UNUSED_VARIABLE = YES;
				IPHONEOS_DEPLOYMENT_TARGET = 12.0;
				MTL_ENABLE_DEBUG_INFO = YES;
				ONLY_ACTIVE_ARCH = YES;
				SDKROOT = iphoneos;
				SWIFT_OPTIMIZATION_LEVEL = "-Onone";
				SWIFT_VERSION = 4.0;
			};
			name = Debug;
		};
		9BC9A3381C783CAA0031F631 /* Release */ = {
			isa = XCBuildConfiguration;
			buildSettings = {
				ALWAYS_SEARCH_USER_PATHS = NO;
				CLANG_ANALYZER_LOCALIZABILITY_NONLOCALIZED = YES;
				CLANG_CXX_LANGUAGE_STANDARD = "gnu++0x";
				CLANG_CXX_LIBRARY = "libc++";
				CLANG_ENABLE_MODULES = YES;
				CLANG_ENABLE_OBJC_ARC = YES;
				CLANG_WARN_BLOCK_CAPTURE_AUTORELEASING = YES;
				CLANG_WARN_BOOL_CONVERSION = YES;
				CLANG_WARN_COMMA = YES;
				CLANG_WARN_CONSTANT_CONVERSION = YES;
				CLANG_WARN_DEPRECATED_OBJC_IMPLEMENTATIONS = YES;
				CLANG_WARN_DIRECT_OBJC_ISA_USAGE = YES_ERROR;
				CLANG_WARN_EMPTY_BODY = YES;
				CLANG_WARN_ENUM_CONVERSION = YES;
				CLANG_WARN_INFINITE_RECURSION = YES;
				CLANG_WARN_INT_CONVERSION = YES;
				CLANG_WARN_NON_LITERAL_NULL_CONVERSION = YES;
				CLANG_WARN_OBJC_IMPLICIT_RETAIN_SELF = YES;
				CLANG_WARN_OBJC_LITERAL_CONVERSION = YES;
				CLANG_WARN_OBJC_ROOT_CLASS = YES_ERROR;
				CLANG_WARN_RANGE_LOOP_ANALYSIS = YES;
				CLANG_WARN_STRICT_PROTOTYPES = YES;
				CLANG_WARN_SUSPICIOUS_MOVE = YES;
				CLANG_WARN_UNREACHABLE_CODE = YES;
				CLANG_WARN__DUPLICATE_METHOD_MATCH = YES;
				"CODE_SIGN_IDENTITY[sdk=iphoneos*]" = "iPhone Developer";
				COPY_PHASE_STRIP = NO;
				DEBUG_INFORMATION_FORMAT = "dwarf-with-dsym";
				ENABLE_NS_ASSERTIONS = NO;
				ENABLE_STRICT_OBJC_MSGSEND = YES;
				GCC_C_LANGUAGE_STANDARD = gnu99;
				GCC_NO_COMMON_BLOCKS = YES;
				GCC_WARN_64_TO_32_BIT_CONVERSION = YES;
				GCC_WARN_ABOUT_RETURN_TYPE = YES_ERROR;
				GCC_WARN_UNDECLARED_SELECTOR = YES;
				GCC_WARN_UNINITIALIZED_AUTOS = YES_AGGRESSIVE;
				GCC_WARN_UNUSED_FUNCTION = YES;
				GCC_WARN_UNUSED_VARIABLE = YES;
				IPHONEOS_DEPLOYMENT_TARGET = 12.0;
				MTL_ENABLE_DEBUG_INFO = NO;
				SDKROOT = iphoneos;
				SWIFT_OPTIMIZATION_LEVEL = "-Owholemodule";
				SWIFT_VERSION = 4.0;
				VALIDATE_PRODUCT = YES;
			};
			name = Release;
		};
		9BC9A33A1C783CAA0031F631 /* Debug */ = {
			isa = XCBuildConfiguration;
			baseConfigurationReference = BB9BC0F119F8CAA7EABB2D48 /* Pods-uchicock.debug.xcconfig */;
			buildSettings = {
				ALWAYS_EMBED_SWIFT_STANDARD_LIBRARIES = "$(inherited)";
				ASSETCATALOG_COMPILER_APPICON_NAME = AppIcon;
				CLANG_ENABLE_MODULES = YES;
				CODE_SIGN_IDENTITY = "iPhone Developer";
				"CODE_SIGN_IDENTITY[sdk=iphoneos*]" = "iPhone Developer";
				CURRENT_PROJECT_VERSION = 24;
				DEFINES_MODULE = YES;
				DEVELOPMENT_TEAM = 98478E5868;
				FRAMEWORK_SEARCH_PATHS = "$(inherited)";
				INFOPLIST_FILE = uchicock/Info.plist;
				IPHONEOS_DEPLOYMENT_TARGET = 12.0;
				LD_RUNPATH_SEARCH_PATHS = "$(inherited) @executable_path/Frameworks";
				MARKETING_VERSION = 7.0;
				ONLY_ACTIVE_ARCH = YES;
				PRODUCT_BUNDLE_IDENTIFIER = jp.kou.uchicock;
				PRODUCT_NAME = "$(TARGET_NAME)";
				PROVISIONING_PROFILE = "";
				SWIFT_OBJC_BRIDGING_HEADER = "";
				SWIFT_OPTIMIZATION_LEVEL = "-Onone";
				SWIFT_VERSION = 5.0;
				TARGETED_DEVICE_FAMILY = "1,2";
			};
			name = Debug;
		};
		9BC9A33B1C783CAA0031F631 /* Release */ = {
			isa = XCBuildConfiguration;
			baseConfigurationReference = 95172BD4FAD927EE844F42CE /* Pods-uchicock.release.xcconfig */;
			buildSettings = {
				ALWAYS_EMBED_SWIFT_STANDARD_LIBRARIES = "$(inherited)";
				ASSETCATALOG_COMPILER_APPICON_NAME = AppIcon;
				CLANG_ENABLE_MODULES = YES;
				CODE_SIGN_IDENTITY = "iPhone Developer";
				"CODE_SIGN_IDENTITY[sdk=iphoneos*]" = "iPhone Developer";
				CURRENT_PROJECT_VERSION = 24;
				DEFINES_MODULE = YES;
				DEVELOPMENT_TEAM = 98478E5868;
				FRAMEWORK_SEARCH_PATHS = "$(inherited)";
				INFOPLIST_FILE = uchicock/Info.plist;
				IPHONEOS_DEPLOYMENT_TARGET = 12.0;
				LD_RUNPATH_SEARCH_PATHS = "$(inherited) @executable_path/Frameworks";
				MARKETING_VERSION = 7.0;
				PRODUCT_BUNDLE_IDENTIFIER = jp.kou.uchicock;
				PRODUCT_NAME = "$(TARGET_NAME)";
				PROVISIONING_PROFILE = "";
				SWIFT_OBJC_BRIDGING_HEADER = "";
				SWIFT_VERSION = 5.0;
				TARGETED_DEVICE_FAMILY = "1,2";
			};
			name = Release;
		};
/* End XCBuildConfiguration section */

/* Begin XCConfigurationList section */
		9BC9A30C1C783CAA0031F631 /* Build configuration list for PBXProject "uchicock" */ = {
			isa = XCConfigurationList;
			buildConfigurations = (
				9BC9A3371C783CAA0031F631 /* Debug */,
				9BC9A3381C783CAA0031F631 /* Release */,
			);
			defaultConfigurationIsVisible = 0;
			defaultConfigurationName = Release;
		};
		9BC9A3391C783CAA0031F631 /* Build configuration list for PBXNativeTarget "uchicock" */ = {
			isa = XCConfigurationList;
			buildConfigurations = (
				9BC9A33A1C783CAA0031F631 /* Debug */,
				9BC9A33B1C783CAA0031F631 /* Release */,
			);
			defaultConfigurationIsVisible = 0;
			defaultConfigurationName = Release;
		};
/* End XCConfigurationList section */
	};
	rootObject = 9BC9A3091C783CAA0031F631 /* Project object */;
}
