// !$*UTF8*$!
{
	archiveVersion = 1;
	classes = {
	};
	objectVersion = 46;
	objects = {

/* Begin PBXBuildFile section */
		79F6FA801A25D92818552697 /* Pods.framework in Frameworks */ = {isa = PBXBuildFile; fileRef = 9AB758B17002CE7E61D78F3B /* Pods.framework */; };
		9BC9A3151C783CAA0031F631 /* AppDelegate.swift in Sources */ = {isa = PBXBuildFile; fileRef = 9BC9A3141C783CAA0031F631 /* AppDelegate.swift */; };
		9BC9A3171C783CAA0031F631 /* RecipeListViewController.swift in Sources */ = {isa = PBXBuildFile; fileRef = 9BC9A3161C783CAA0031F631 /* RecipeListViewController.swift */; };
		9BC9A31A1C783CAA0031F631 /* Main.storyboard in Resources */ = {isa = PBXBuildFile; fileRef = 9BC9A3181C783CAA0031F631 /* Main.storyboard */; };
		9BC9A31C1C783CAA0031F631 /* Assets.xcassets in Resources */ = {isa = PBXBuildFile; fileRef = 9BC9A31B1C783CAA0031F631 /* Assets.xcassets */; };
		9BC9A31F1C783CAA0031F631 /* LaunchScreen.storyboard in Resources */ = {isa = PBXBuildFile; fileRef = 9BC9A31D1C783CAA0031F631 /* LaunchScreen.storyboard */; };
		9BC9A32A1C783CAA0031F631 /* uchicockTests.swift in Sources */ = {isa = PBXBuildFile; fileRef = 9BC9A3291C783CAA0031F631 /* uchicockTests.swift */; };
		9BC9A3351C783CAA0031F631 /* uchicockUITests.swift in Sources */ = {isa = PBXBuildFile; fileRef = 9BC9A3341C783CAA0031F631 /* uchicockUITests.swift */; };
		9BC9A3451C7856AA0031F631 /* RecipeListItemTableViewCell.swift in Sources */ = {isa = PBXBuildFile; fileRef = 9BC9A3441C7856AA0031F631 /* RecipeListItemTableViewCell.swift */; };
		9BD5CD451C8BFF7000D20731 /* Ingredient.swift in Sources */ = {isa = PBXBuildFile; fileRef = 9BD5CD441C8BFF7000D20731 /* Ingredient.swift */; };
		9BD5CD481C8C001500D20731 /* RecipeIngredient.swift in Sources */ = {isa = PBXBuildFile; fileRef = 9BD5CD471C8C001500D20731 /* RecipeIngredient.swift */; };
		9BF98A1C1C7DC8DC00A27175 /* Realm.framework in Frameworks */ = {isa = PBXBuildFile; fileRef = 9BF98A1B1C7DC8DC00A27175 /* Realm.framework */; };
		9BF98A1E1C7DC8E100A27175 /* RealmSwift.framework in Frameworks */ = {isa = PBXBuildFile; fileRef = 9BF98A1D1C7DC8E100A27175 /* RealmSwift.framework */; };
		9BF98A201C7DC9D700A27175 /* Recipe.swift in Sources */ = {isa = PBXBuildFile; fileRef = 9BF98A1F1C7DC9D700A27175 /* Recipe.swift */; };
/* End PBXBuildFile section */

/* Begin PBXContainerItemProxy section */
		9BC9A3261C783CAA0031F631 /* PBXContainerItemProxy */ = {
			isa = PBXContainerItemProxy;
			containerPortal = 9BC9A3091C783CAA0031F631 /* Project object */;
			proxyType = 1;
			remoteGlobalIDString = 9BC9A3101C783CAA0031F631;
			remoteInfo = uchicock;
		};
		9BC9A3311C783CAA0031F631 /* PBXContainerItemProxy */ = {
			isa = PBXContainerItemProxy;
			containerPortal = 9BC9A3091C783CAA0031F631 /* Project object */;
			proxyType = 1;
			remoteGlobalIDString = 9BC9A3101C783CAA0031F631;
			remoteInfo = uchicock;
		};
/* End PBXContainerItemProxy section */

/* Begin PBXFileReference section */
		34EEF1621ED608239061362E /* Pods.release.xcconfig */ = {isa = PBXFileReference; includeInIndex = 1; lastKnownFileType = text.xcconfig; name = Pods.release.xcconfig; path = "Pods/Target Support Files/Pods/Pods.release.xcconfig"; sourceTree = "<group>"; };
		39E9598A26D53360CAD954E7 /* Pods.debug.xcconfig */ = {isa = PBXFileReference; includeInIndex = 1; lastKnownFileType = text.xcconfig; name = Pods.debug.xcconfig; path = "Pods/Target Support Files/Pods/Pods.debug.xcconfig"; sourceTree = "<group>"; };
		9AB758B17002CE7E61D78F3B /* Pods.framework */ = {isa = PBXFileReference; explicitFileType = wrapper.framework; includeInIndex = 0; path = Pods.framework; sourceTree = BUILT_PRODUCTS_DIR; };
		9BC9A3111C783CAA0031F631 /* uchicock.app */ = {isa = PBXFileReference; explicitFileType = wrapper.application; includeInIndex = 0; path = uchicock.app; sourceTree = BUILT_PRODUCTS_DIR; };
		9BC9A3141C783CAA0031F631 /* AppDelegate.swift */ = {isa = PBXFileReference; lastKnownFileType = sourcecode.swift; path = AppDelegate.swift; sourceTree = "<group>"; };
		9BC9A3161C783CAA0031F631 /* RecipeListViewController.swift */ = {isa = PBXFileReference; lastKnownFileType = sourcecode.swift; path = RecipeListViewController.swift; sourceTree = "<group>"; };
		9BC9A3191C783CAA0031F631 /* Base */ = {isa = PBXFileReference; lastKnownFileType = file.storyboard; name = Base; path = Base.lproj/Main.storyboard; sourceTree = "<group>"; };
		9BC9A31B1C783CAA0031F631 /* Assets.xcassets */ = {isa = PBXFileReference; lastKnownFileType = folder.assetcatalog; path = Assets.xcassets; sourceTree = "<group>"; };
		9BC9A31E1C783CAA0031F631 /* Base */ = {isa = PBXFileReference; lastKnownFileType = file.storyboard; name = Base; path = Base.lproj/LaunchScreen.storyboard; sourceTree = "<group>"; };
		9BC9A3201C783CAA0031F631 /* Info.plist */ = {isa = PBXFileReference; lastKnownFileType = text.plist.xml; path = Info.plist; sourceTree = "<group>"; };
		9BC9A3251C783CAA0031F631 /* uchicockTests.xctest */ = {isa = PBXFileReference; explicitFileType = wrapper.cfbundle; includeInIndex = 0; path = uchicockTests.xctest; sourceTree = BUILT_PRODUCTS_DIR; };
		9BC9A3291C783CAA0031F631 /* uchicockTests.swift */ = {isa = PBXFileReference; lastKnownFileType = sourcecode.swift; path = uchicockTests.swift; sourceTree = "<group>"; };
		9BC9A32B1C783CAA0031F631 /* Info.plist */ = {isa = PBXFileReference; lastKnownFileType = text.plist.xml; path = Info.plist; sourceTree = "<group>"; };
		9BC9A3301C783CAA0031F631 /* uchicockUITests.xctest */ = {isa = PBXFileReference; explicitFileType = wrapper.cfbundle; includeInIndex = 0; path = uchicockUITests.xctest; sourceTree = BUILT_PRODUCTS_DIR; };
		9BC9A3341C783CAA0031F631 /* uchicockUITests.swift */ = {isa = PBXFileReference; lastKnownFileType = sourcecode.swift; path = uchicockUITests.swift; sourceTree = "<group>"; };
		9BC9A3361C783CAA0031F631 /* Info.plist */ = {isa = PBXFileReference; lastKnownFileType = text.plist.xml; path = Info.plist; sourceTree = "<group>"; };
		9BC9A3421C7849F80031F631 /* ja */ = {isa = PBXFileReference; lastKnownFileType = text.plist.strings; name = ja; path = ja.lproj/Main.strings; sourceTree = "<group>"; };
		9BC9A3441C7856AA0031F631 /* RecipeListItemTableViewCell.swift */ = {isa = PBXFileReference; fileEncoding = 4; lastKnownFileType = sourcecode.swift; name = RecipeListItemTableViewCell.swift; path = ../RecipeListItemTableViewCell.swift; sourceTree = "<group>"; };
		9BD5CD441C8BFF7000D20731 /* Ingredient.swift */ = {isa = PBXFileReference; fileEncoding = 4; lastKnownFileType = sourcecode.swift; path = Ingredient.swift; sourceTree = "<group>"; };
		9BD5CD471C8C001500D20731 /* RecipeIngredient.swift */ = {isa = PBXFileReference; fileEncoding = 4; lastKnownFileType = sourcecode.swift; path = RecipeIngredient.swift; sourceTree = "<group>"; };
		9BF98A1B1C7DC8DC00A27175 /* Realm.framework */ = {isa = PBXFileReference; lastKnownFileType = wrapper.framework; name = Realm.framework; path = "Pods/../build/Debug-iphoneos/Realm.framework"; sourceTree = "<group>"; };
		9BF98A1D1C7DC8E100A27175 /* RealmSwift.framework */ = {isa = PBXFileReference; lastKnownFileType = wrapper.framework; name = RealmSwift.framework; path = "Pods/../build/Debug-iphoneos/RealmSwift.framework"; sourceTree = "<group>"; };
		9BF98A1F1C7DC9D700A27175 /* Recipe.swift */ = {isa = PBXFileReference; fileEncoding = 4; lastKnownFileType = sourcecode.swift; path = Recipe.swift; sourceTree = "<group>"; };
/* End PBXFileReference section */

/* Begin PBXFrameworksBuildPhase section */
		9BC9A30E1C783CAA0031F631 /* Frameworks */ = {
			isa = PBXFrameworksBuildPhase;
			buildActionMask = 2147483647;
			files = (
				9BF98A1E1C7DC8E100A27175 /* RealmSwift.framework in Frameworks */,
				9BF98A1C1C7DC8DC00A27175 /* Realm.framework in Frameworks */,
				79F6FA801A25D92818552697 /* Pods.framework in Frameworks */,
			);
			runOnlyForDeploymentPostprocessing = 0;
		};
		9BC9A3221C783CAA0031F631 /* Frameworks */ = {
			isa = PBXFrameworksBuildPhase;
			buildActionMask = 2147483647;
			files = (
			);
			runOnlyForDeploymentPostprocessing = 0;
		};
		9BC9A32D1C783CAA0031F631 /* Frameworks */ = {
			isa = PBXFrameworksBuildPhase;
			buildActionMask = 2147483647;
			files = (
			);
			runOnlyForDeploymentPostprocessing = 0;
		};
/* End PBXFrameworksBuildPhase section */

/* Begin PBXGroup section */
		8C5BC5DE4E45461484DC9DBA /* Pods */ = {
			isa = PBXGroup;
			children = (
				39E9598A26D53360CAD954E7 /* Pods.debug.xcconfig */,
				34EEF1621ED608239061362E /* Pods.release.xcconfig */,
			);
			name = Pods;
			sourceTree = "<group>";
		};
		9BC9A3081C783CAA0031F631 = {
			isa = PBXGroup;
			children = (
				9BC9A3131C783CAA0031F631 /* uchicock */,
				9BC9A3281C783CAA0031F631 /* uchicockTests */,
				9BC9A3331C783CAA0031F631 /* uchicockUITests */,
				9BC9A3121C783CAA0031F631 /* Products */,
				8C5BC5DE4E45461484DC9DBA /* Pods */,
				D62374FCD504BC5EA91FCD15 /* Frameworks */,
			);
			sourceTree = "<group>";
		};
		9BC9A3121C783CAA0031F631 /* Products */ = {
			isa = PBXGroup;
			children = (
				9BC9A3111C783CAA0031F631 /* uchicock.app */,
				9BC9A3251C783CAA0031F631 /* uchicockTests.xctest */,
				9BC9A3301C783CAA0031F631 /* uchicockUITests.xctest */,
			);
			name = Products;
			sourceTree = "<group>";
		};
		9BC9A3131C783CAA0031F631 /* uchicock */ = {
			isa = PBXGroup;
			children = (
				9BD5CD461C8BFF7600D20731 /* IngredientList */,
				9BC9A3461C7856DA0031F631 /* RecipeList */,
				9BC9A3141C783CAA0031F631 /* AppDelegate.swift */,
				9BC9A3181C783CAA0031F631 /* Main.storyboard */,
				9BC9A31B1C783CAA0031F631 /* Assets.xcassets */,
				9BC9A31D1C783CAA0031F631 /* LaunchScreen.storyboard */,
				9BC9A3201C783CAA0031F631 /* Info.plist */,
			);
			path = uchicock;
			sourceTree = "<group>";
		};
		9BC9A3281C783CAA0031F631 /* uchicockTests */ = {
			isa = PBXGroup;
			children = (
				9BC9A3291C783CAA0031F631 /* uchicockTests.swift */,
				9BC9A32B1C783CAA0031F631 /* Info.plist */,
			);
			path = uchicockTests;
			sourceTree = "<group>";
		};
		9BC9A3331C783CAA0031F631 /* uchicockUITests */ = {
			isa = PBXGroup;
			children = (
				9BC9A3341C783CAA0031F631 /* uchicockUITests.swift */,
				9BC9A3361C783CAA0031F631 /* Info.plist */,
			);
			path = uchicockUITests;
			sourceTree = "<group>";
		};
		9BC9A3461C7856DA0031F631 /* RecipeList */ = {
			isa = PBXGroup;
			children = (
				9BC9A3441C7856AA0031F631 /* RecipeListItemTableViewCell.swift */,
				9BC9A3161C783CAA0031F631 /* RecipeListViewController.swift */,
				9BF98A1F1C7DC9D700A27175 /* Recipe.swift */,
				9BD5CD471C8C001500D20731 /* RecipeIngredient.swift */,
			);
			name = RecipeList;
			sourceTree = "<group>";
		};
		9BD5CD461C8BFF7600D20731 /* IngredientList */ = {
			isa = PBXGroup;
			children = (
				9BD5CD441C8BFF7000D20731 /* Ingredient.swift */,
			);
			name = IngredientList;
			sourceTree = "<group>";
		};
		D62374FCD504BC5EA91FCD15 /* Frameworks */ = {
			isa = PBXGroup;
			children = (
				9BF98A1D1C7DC8E100A27175 /* RealmSwift.framework */,
				9BF98A1B1C7DC8DC00A27175 /* Realm.framework */,
				9AB758B17002CE7E61D78F3B /* Pods.framework */,
			);
			name = Frameworks;
			sourceTree = "<group>";
		};
/* End PBXGroup section */

/* Begin PBXNativeTarget section */
		9BC9A3101C783CAA0031F631 /* uchicock */ = {
			isa = PBXNativeTarget;
			buildConfigurationList = 9BC9A3391C783CAA0031F631 /* Build configuration list for PBXNativeTarget "uchicock" */;
			buildPhases = (
				4234BC075158D201243F5892 /* Check Pods Manifest.lock */,
				9BC9A30D1C783CAA0031F631 /* Sources */,
				9BC9A30E1C783CAA0031F631 /* Frameworks */,
				9BC9A30F1C783CAA0031F631 /* Resources */,
				8F7EC021FD5B1D365CCEA720 /* Embed Pods Frameworks */,
				81155ECD2C42A982BB4560DE /* Copy Pods Resources */,
			);
			buildRules = (
			);
			dependencies = (
			);
			name = uchicock;
			productName = uchicock;
			productReference = 9BC9A3111C783CAA0031F631 /* uchicock.app */;
			productType = "com.apple.product-type.application";
		};
		9BC9A3241C783CAA0031F631 /* uchicockTests */ = {
			isa = PBXNativeTarget;
			buildConfigurationList = 9BC9A33C1C783CAA0031F631 /* Build configuration list for PBXNativeTarget "uchicockTests" */;
			buildPhases = (
				9BC9A3211C783CAA0031F631 /* Sources */,
				9BC9A3221C783CAA0031F631 /* Frameworks */,
				9BC9A3231C783CAA0031F631 /* Resources */,
			);
			buildRules = (
			);
			dependencies = (
				9BC9A3271C783CAA0031F631 /* PBXTargetDependency */,
			);
			name = uchicockTests;
			productName = uchicockTests;
			productReference = 9BC9A3251C783CAA0031F631 /* uchicockTests.xctest */;
			productType = "com.apple.product-type.bundle.unit-test";
		};
		9BC9A32F1C783CAA0031F631 /* uchicockUITests */ = {
			isa = PBXNativeTarget;
			buildConfigurationList = 9BC9A33F1C783CAA0031F631 /* Build configuration list for PBXNativeTarget "uchicockUITests" */;
			buildPhases = (
				9BC9A32C1C783CAA0031F631 /* Sources */,
				9BC9A32D1C783CAA0031F631 /* Frameworks */,
				9BC9A32E1C783CAA0031F631 /* Resources */,
			);
			buildRules = (
			);
			dependencies = (
				9BC9A3321C783CAA0031F631 /* PBXTargetDependency */,
			);
			name = uchicockUITests;
			productName = uchicockUITests;
			productReference = 9BC9A3301C783CAA0031F631 /* uchicockUITests.xctest */;
			productType = "com.apple.product-type.bundle.ui-testing";
		};
/* End PBXNativeTarget section */

/* Begin PBXProject section */
		9BC9A3091C783CAA0031F631 /* Project object */ = {
			isa = PBXProject;
			attributes = {
				LastSwiftUpdateCheck = 0720;
				LastUpgradeCheck = 0720;
				ORGANIZATIONNAME = Kou;
				TargetAttributes = {
					9BC9A3101C783CAA0031F631 = {
						CreatedOnToolsVersion = 7.2.1;
						DevelopmentTeam = 98478E5868;
					};
					9BC9A3241C783CAA0031F631 = {
						CreatedOnToolsVersion = 7.2.1;
						TestTargetID = 9BC9A3101C783CAA0031F631;
					};
					9BC9A32F1C783CAA0031F631 = {
						CreatedOnToolsVersion = 7.2.1;
						TestTargetID = 9BC9A3101C783CAA0031F631;
					};
				};
			};
			buildConfigurationList = 9BC9A30C1C783CAA0031F631 /* Build configuration list for PBXProject "uchicock" */;
			compatibilityVersion = "Xcode 3.2";
			developmentRegion = English;
			hasScannedForEncodings = 0;
			knownRegions = (
				Base,
			);
			mainGroup = 9BC9A3081C783CAA0031F631;
			productRefGroup = 9BC9A3121C783CAA0031F631 /* Products */;
			projectDirPath = "";
			projectRoot = "";
			targets = (
				9BC9A3101C783CAA0031F631 /* uchicock */,
				9BC9A3241C783CAA0031F631 /* uchicockTests */,
				9BC9A32F1C783CAA0031F631 /* uchicockUITests */,
			);
		};
/* End PBXProject section */

/* Begin PBXResourcesBuildPhase section */
		9BC9A30F1C783CAA0031F631 /* Resources */ = {
			isa = PBXResourcesBuildPhase;
			buildActionMask = 2147483647;
			files = (
				9BC9A31F1C783CAA0031F631 /* LaunchScreen.storyboard in Resources */,
				9BC9A31C1C783CAA0031F631 /* Assets.xcassets in Resources */,
				9BC9A31A1C783CAA0031F631 /* Main.storyboard in Resources */,
			);
			runOnlyForDeploymentPostprocessing = 0;
		};
		9BC9A3231C783CAA0031F631 /* Resources */ = {
			isa = PBXResourcesBuildPhase;
			buildActionMask = 2147483647;
			files = (
			);
			runOnlyForDeploymentPostprocessing = 0;
		};
		9BC9A32E1C783CAA0031F631 /* Resources */ = {
			isa = PBXResourcesBuildPhase;
			buildActionMask = 2147483647;
			files = (
			);
			runOnlyForDeploymentPostprocessing = 0;
		};
/* End PBXResourcesBuildPhase section */

/* Begin PBXShellScriptBuildPhase section */
		4234BC075158D201243F5892 /* Check Pods Manifest.lock */ = {
			isa = PBXShellScriptBuildPhase;
			buildActionMask = 2147483647;
			files = (
			);
			inputPaths = (
			);
			name = "Check Pods Manifest.lock";
			outputPaths = (
			);
			runOnlyForDeploymentPostprocessing = 0;
			shellPath = /bin/sh;
			shellScript = "diff \"${PODS_ROOT}/../Podfile.lock\" \"${PODS_ROOT}/Manifest.lock\" > /dev/null\nif [[ $? != 0 ]] ; then\n    cat << EOM\nerror: The sandbox is not in sync with the Podfile.lock. Run 'pod install' or update your CocoaPods installation.\nEOM\n    exit 1\nfi\n";
			showEnvVarsInLog = 0;
		};
		81155ECD2C42A982BB4560DE /* Copy Pods Resources */ = {
			isa = PBXShellScriptBuildPhase;
			buildActionMask = 2147483647;
			files = (
			);
			inputPaths = (
			);
			name = "Copy Pods Resources";
			outputPaths = (
			);
			runOnlyForDeploymentPostprocessing = 0;
			shellPath = /bin/sh;
			shellScript = "\"${SRCROOT}/Pods/Target Support Files/Pods/Pods-resources.sh\"\n";
			showEnvVarsInLog = 0;
		};
		8F7EC021FD5B1D365CCEA720 /* Embed Pods Frameworks */ = {
			isa = PBXShellScriptBuildPhase;
			buildActionMask = 2147483647;
			files = (
			);
			inputPaths = (
			);
			name = "Embed Pods Frameworks";
			outputPaths = (
			);
			runOnlyForDeploymentPostprocessing = 0;
			shellPath = /bin/sh;
			shellScript = "\"${SRCROOT}/Pods/Target Support Files/Pods/Pods-frameworks.sh\"\n";
			showEnvVarsInLog = 0;
		};
/* End PBXShellScriptBuildPhase section */

/* Begin PBXSourcesBuildPhase section */
		9BC9A30D1C783CAA0031F631 /* Sources */ = {
			isa = PBXSourcesBuildPhase;
			buildActionMask = 2147483647;
			files = (
				9BC9A3171C783CAA0031F631 /* RecipeListViewController.swift in Sources */,
				9BC9A3451C7856AA0031F631 /* RecipeListItemTableViewCell.swift in Sources */,
				9BD5CD481C8C001500D20731 /* RecipeIngredient.swift in Sources */,
				9BD5CD451C8BFF7000D20731 /* Ingredient.swift in Sources */,
				9BC9A3151C783CAA0031F631 /* AppDelegate.swift in Sources */,
				9BF98A201C7DC9D700A27175 /* Recipe.swift in Sources */,
			);
			runOnlyForDeploymentPostprocessing = 0;
		};
		9BC9A3211C783CAA0031F631 /* Sources */ = {
			isa = PBXSourcesBuildPhase;
			buildActionMask = 2147483647;
			files = (
				9BC9A32A1C783CAA0031F631 /* uchicockTests.swift in Sources */,
			);
			runOnlyForDeploymentPostprocessing = 0;
		};
		9BC9A32C1C783CAA0031F631 /* Sources */ = {
			isa = PBXSourcesBuildPhase;
			buildActionMask = 2147483647;
			files = (
				9BC9A3351C783CAA0031F631 /* uchicockUITests.swift in Sources */,
			);
			runOnlyForDeploymentPostprocessing = 0;
		};
/* End PBXSourcesBuildPhase section */

/* Begin PBXTargetDependency section */
		9BC9A3271C783CAA0031F631 /* PBXTargetDependency */ = {
			isa = PBXTargetDependency;
			target = 9BC9A3101C783CAA0031F631 /* uchicock */;
			targetProxy = 9BC9A3261C783CAA0031F631 /* PBXContainerItemProxy */;
		};
		9BC9A3321C783CAA0031F631 /* PBXTargetDependency */ = {
			isa = PBXTargetDependency;
			target = 9BC9A3101C783CAA0031F631 /* uchicock */;
			targetProxy = 9BC9A3311C783CAA0031F631 /* PBXContainerItemProxy */;
		};
/* End PBXTargetDependency section */

/* Begin PBXVariantGroup section */
		9BC9A3181C783CAA0031F631 /* Main.storyboard */ = {
			isa = PBXVariantGroup;
			children = (
				9BC9A3191C783CAA0031F631 /* Base */,
				9BC9A3421C7849F80031F631 /* ja */,
			);
			name = Main.storyboard;
			sourceTree = "<group>";
		};
		9BC9A31D1C783CAA0031F631 /* LaunchScreen.storyboard */ = {
			isa = PBXVariantGroup;
			children = (
				9BC9A31E1C783CAA0031F631 /* Base */,
			);
			name = LaunchScreen.storyboard;
			sourceTree = "<group>";
		};
/* End PBXVariantGroup section */

/* Begin XCBuildConfiguration section */
		9BC9A3371C783CAA0031F631 /* Debug */ = {
			isa = XCBuildConfiguration;
			buildSettings = {
				ALWAYS_SEARCH_USER_PATHS = NO;
				CLANG_CXX_LANGUAGE_STANDARD = "gnu++0x";
				CLANG_CXX_LIBRARY = "libc++";
				CLANG_ENABLE_MODULES = YES;
				CLANG_ENABLE_OBJC_ARC = YES;
				CLANG_WARN_BOOL_CONVERSION = YES;
				CLANG_WARN_CONSTANT_CONVERSION = YES;
				CLANG_WARN_DIRECT_OBJC_ISA_USAGE = YES_ERROR;
				CLANG_WARN_EMPTY_BODY = YES;
				CLANG_WARN_ENUM_CONVERSION = YES;
				CLANG_WARN_INT_CONVERSION = YES;
				CLANG_WARN_OBJC_ROOT_CLASS = YES_ERROR;
				CLANG_WARN_UNREACHABLE_CODE = YES;
				CLANG_WARN__DUPLICATE_METHOD_MATCH = YES;
				"CODE_SIGN_IDENTITY[sdk=iphoneos*]" = "iPhone Developer";
				COPY_PHASE_STRIP = NO;
				DEBUG_INFORMATION_FORMAT = dwarf;
				ENABLE_STRICT_OBJC_MSGSEND = YES;
				ENABLE_TESTABILITY = YES;
				GCC_C_LANGUAGE_STANDARD = gnu99;
				GCC_DYNAMIC_NO_PIC = NO;
				GCC_NO_COMMON_BLOCKS = YES;
				GCC_OPTIMIZATION_LEVEL = 0;
				GCC_PREPROCESSOR_DEFINITIONS = (
					"DEBUG=1",
					"$(inherited)",
				);
				GCC_WARN_64_TO_32_BIT_CONVERSION = YES;
				GCC_WARN_ABOUT_RETURN_TYPE = YES_ERROR;
				GCC_WARN_UNDECLARED_SELECTOR = YES;
				GCC_WARN_UNINITIALIZED_AUTOS = YES_AGGRESSIVE;
				GCC_WARN_UNUSED_FUNCTION = YES;
				GCC_WARN_UNUSED_VARIABLE = YES;
				IPHONEOS_DEPLOYMENT_TARGET = 9.0;
				MTL_ENABLE_DEBUG_INFO = YES;
				ONLY_ACTIVE_ARCH = YES;
				SDKROOT = iphoneos;
				SWIFT_OPTIMIZATION_LEVEL = "-Onone";
			};
			name = Debug;
		};
		9BC9A3381C783CAA0031F631 /* Release */ = {
			isa = XCBuildConfiguration;
			buildSettings = {
				ALWAYS_SEARCH_USER_PATHS = NO;
				CLANG_CXX_LANGUAGE_STANDARD = "gnu++0x";
				CLANG_CXX_LIBRARY = "libc++";
				CLANG_ENABLE_MODULES = YES;
				CLANG_ENABLE_OBJC_ARC = YES;
				CLANG_WARN_BOOL_CONVERSION = YES;
				CLANG_WARN_CONSTANT_CONVERSION = YES;
				CLANG_WARN_DIRECT_OBJC_ISA_USAGE = YES_ERROR;
				CLANG_WARN_EMPTY_BODY = YES;
				CLANG_WARN_ENUM_CONVERSION = YES;
				CLANG_WARN_INT_CONVERSION = YES;
				CLANG_WARN_OBJC_ROOT_CLASS = YES_ERROR;
				CLANG_WARN_UNREACHABLE_CODE = YES;
				CLANG_WARN__DUPLICATE_METHOD_MATCH = YES;
				"CODE_SIGN_IDENTITY[sdk=iphoneos*]" = "iPhone Developer";
				COPY_PHASE_STRIP = NO;
				DEBUG_INFORMATION_FORMAT = "dwarf-with-dsym";
				ENABLE_NS_ASSERTIONS = NO;
				ENABLE_STRICT_OBJC_MSGSEND = YES;
				GCC_C_LANGUAGE_STANDARD = gnu99;
				GCC_NO_COMMON_BLOCKS = YES;
				GCC_WARN_64_TO_32_BIT_CONVERSION = YES;
				GCC_WARN_ABOUT_RETURN_TYPE = YES_ERROR;
				GCC_WARN_UNDECLARED_SELECTOR = YES;
				GCC_WARN_UNINITIALIZED_AUTOS = YES_AGGRESSIVE;
				GCC_WARN_UNUSED_FUNCTION = YES;
				GCC_WARN_UNUSED_VARIABLE = YES;
				IPHONEOS_DEPLOYMENT_TARGET = 9.0;
				MTL_ENABLE_DEBUG_INFO = NO;
				SDKROOT = iphoneos;
				VALIDATE_PRODUCT = YES;
			};
			name = Release;
		};
		9BC9A33A1C783CAA0031F631 /* Debug */ = {
			isa = XCBuildConfiguration;
			baseConfigurationReference = 39E9598A26D53360CAD954E7 /* Pods.debug.xcconfig */;
			buildSettings = {
				ASSETCATALOG_COMPILER_APPICON_NAME = AppIcon;
				CODE_SIGN_IDENTITY = "iPhone Developer";
				"CODE_SIGN_IDENTITY[sdk=iphoneos*]" = "iPhone Developer";
				FRAMEWORK_SEARCH_PATHS = (
					"$(inherited)",
					"$(PROJECT_DIR)/build/Debug-iphoneos",
				);
				INFOPLIST_FILE = uchicock/Info.plist;
				LD_RUNPATH_SEARCH_PATHS = "$(inherited) @executable_path/Frameworks";
				PRODUCT_BUNDLE_IDENTIFIER = jp.kou.uchicock;
				PRODUCT_NAME = "$(TARGET_NAME)";
				PROVISIONING_PROFILE = "";
			};
			name = Debug;
		};
		9BC9A33B1C783CAA0031F631 /* Release */ = {
			isa = XCBuildConfiguration;
			baseConfigurationReference = 34EEF1621ED608239061362E /* Pods.release.xcconfig */;
			buildSettings = {
				ASSETCATALOG_COMPILER_APPICON_NAME = AppIcon;
				CODE_SIGN_IDENTITY = "iPhone Developer";
				"CODE_SIGN_IDENTITY[sdk=iphoneos*]" = "iPhone Developer";
				FRAMEWORK_SEARCH_PATHS = (
					"$(inherited)",
					"$(PROJECT_DIR)/build/Debug-iphoneos",
				);
				INFOPLIST_FILE = uchicock/Info.plist;
				LD_RUNPATH_SEARCH_PATHS = "$(inherited) @executable_path/Frameworks";
				PRODUCT_BUNDLE_IDENTIFIER = jp.kou.uchicock;
				PRODUCT_NAME = "$(TARGET_NAME)";
				PROVISIONING_PROFILE = "";
			};
			name = Release;
		};
		9BC9A33D1C783CAA0031F631 /* Debug */ = {
			isa = XCBuildConfiguration;
			buildSettings = {
				BUNDLE_LOADER = "$(TEST_HOST)";
				INFOPLIST_FILE = uchicockTests/Info.plist;
				LD_RUNPATH_SEARCH_PATHS = "$(inherited) @executable_path/Frameworks @loader_path/Frameworks";
				PRODUCT_BUNDLE_IDENTIFIER = jp.kou.uchicockTests;
				PRODUCT_NAME = "$(TARGET_NAME)";
				TEST_HOST = "$(BUILT_PRODUCTS_DIR)/uchicock.app/uchicock";
			};
			name = Debug;
		};
		9BC9A33E1C783CAA0031F631 /* Release */ = {
			isa = XCBuildConfiguration;
			buildSettings = {
				BUNDLE_LOADER = "$(TEST_HOST)";
				INFOPLIST_FILE = uchicockTests/Info.plist;
				LD_RUNPATH_SEARCH_PATHS = "$(inherited) @executable_path/Frameworks @loader_path/Frameworks";
				PRODUCT_BUNDLE_IDENTIFIER = jp.kou.uchicockTests;
				PRODUCT_NAME = "$(TARGET_NAME)";
				TEST_HOST = "$(BUILT_PRODUCTS_DIR)/uchicock.app/uchicock";
			};
			name = Release;
		};
		9BC9A3401C783CAA0031F631 /* Debug */ = {
			isa = XCBuildConfiguration;
			buildSettings = {
				INFOPLIST_FILE = uchicockUITests/Info.plist;
				LD_RUNPATH_SEARCH_PATHS = "$(inherited) @executable_path/Frameworks @loader_path/Frameworks";
				PRODUCT_BUNDLE_IDENTIFIER = jp.kou.uchicockUITests;
				PRODUCT_NAME = "$(TARGET_NAME)";
				TEST_TARGET_NAME = uchicock;
				USES_XCTRUNNER = YES;
			};
			name = Debug;
		};
		9BC9A3411C783CAA0031F631 /* Release */ = {
			isa = XCBuildConfiguration;
			buildSettings = {
				INFOPLIST_FILE = uchicockUITests/Info.plist;
				LD_RUNPATH_SEARCH_PATHS = "$(inherited) @executable_path/Frameworks @loader_path/Frameworks";
				PRODUCT_BUNDLE_IDENTIFIER = jp.kou.uchicockUITests;
				PRODUCT_NAME = "$(TARGET_NAME)";
				TEST_TARGET_NAME = uchicock;
				USES_XCTRUNNER = YES;
			};
			name = Release;
		};
/* End XCBuildConfiguration section */

/* Begin XCConfigurationList section */
		9BC9A30C1C783CAA0031F631 /* Build configuration list for PBXProject "uchicock" */ = {
			isa = XCConfigurationList;
			buildConfigurations = (
				9BC9A3371C783CAA0031F631 /* Debug */,
				9BC9A3381C783CAA0031F631 /* Release */,
			);
			defaultConfigurationIsVisible = 0;
			defaultConfigurationName = Release;
		};
		9BC9A3391C783CAA0031F631 /* Build configuration list for PBXNativeTarget "uchicock" */ = {
			isa = XCConfigurationList;
			buildConfigurations = (
				9BC9A33A1C783CAA0031F631 /* Debug */,
				9BC9A33B1C783CAA0031F631 /* Release */,
			);
			defaultConfigurationIsVisible = 0;
			defaultConfigurationName = Release;
		};
		9BC9A33C1C783CAA0031F631 /* Build configuration list for PBXNativeTarget "uchicockTests" */ = {
			isa = XCConfigurationList;
			buildConfigurations = (
				9BC9A33D1C783CAA0031F631 /* Debug */,
				9BC9A33E1C783CAA0031F631 /* Release */,
			);
			defaultConfigurationIsVisible = 0;
			defaultConfigurationName = Release;
		};
		9BC9A33F1C783CAA0031F631 /* Build configuration list for PBXNativeTarget "uchicockUITests" */ = {
			isa = XCConfigurationList;
			buildConfigurations = (
				9BC9A3401C783CAA0031F631 /* Debug */,
				9BC9A3411C783CAA0031F631 /* Release */,
			);
			defaultConfigurationIsVisible = 0;
			defaultConfigurationName = Release;
		};
/* End XCConfigurationList section */
	};
	rootObject = 9BC9A3091C783CAA0031F631 /* Project object */;
}
