// !$*UTF8*$!
{
	archiveVersion = 1;
	classes = {
	};
	objectVersion = 46;
	objects = {

/* Begin PBXBuildFile section */
		79F6FA801A25D92818552697 /* Pods.framework in Frameworks */ = {isa = PBXBuildFile; fileRef = 9AB758B17002CE7E61D78F3B /* Pods.framework */; };
		9B0B29581CC66CBD0021BD02 /* ReminderTableViewController.swift in Sources */ = {isa = PBXBuildFile; fileRef = 9B0B29571CC66CBD0021BD02 /* ReminderTableViewController.swift */; };
		9B0CF99E1CA7EE870024AF40 /* Settings.bundle in Resources */ = {isa = PBXBuildFile; fileRef = 9B0CF99D1CA7EE870024AF40 /* Settings.bundle */; };
		9B3078C61CA421660014CE7E /* RecipeListItemTableViewCell.swift in Sources */ = {isa = PBXBuildFile; fileRef = 9B3078C41CA421660014CE7E /* RecipeListItemTableViewCell.swift */; };
		9B3078C71CA421660014CE7E /* RecipeListViewController.swift in Sources */ = {isa = PBXBuildFile; fileRef = 9B3078C51CA421660014CE7E /* RecipeListViewController.swift */; };
		9B3078CB1CA421AE0014CE7E /* Ingredient.swift in Sources */ = {isa = PBXBuildFile; fileRef = 9B3078C81CA421AE0014CE7E /* Ingredient.swift */; };
		9B3078CC1CA421AE0014CE7E /* Recipe.swift in Sources */ = {isa = PBXBuildFile; fileRef = 9B3078C91CA421AE0014CE7E /* Recipe.swift */; };
		9B3078CD1CA421AE0014CE7E /* RecipeIngredientLink.swift in Sources */ = {isa = PBXBuildFile; fileRef = 9B3078CA1CA421AE0014CE7E /* RecipeIngredientLink.swift */; };
		9B3078DB1CA421DD0014CE7E /* RecipeIngredientListTableViewCell.swift in Sources */ = {isa = PBXBuildFile; fileRef = 9B3078D41CA421DD0014CE7E /* RecipeIngredientListTableViewCell.swift */; };
		9B3078DE1CA4220C0014CE7E /* IngredientListItemTableViewCell.swift in Sources */ = {isa = PBXBuildFile; fileRef = 9B3078DC1CA4220C0014CE7E /* IngredientListItemTableViewCell.swift */; };
		9B3078DF1CA4220C0014CE7E /* IngredientListViewController.swift in Sources */ = {isa = PBXBuildFile; fileRef = 9B3078DD1CA4220C0014CE7E /* IngredientListViewController.swift */; };
		9B3078EB1CA4223D0014CE7E /* IngredientRecipeListTableViewCell.swift in Sources */ = {isa = PBXBuildFile; fileRef = 9B3078E51CA4223D0014CE7E /* IngredientRecipeListTableViewCell.swift */; };
		9B3078F01CA422630014CE7E /* EditingRecipeIngredient.swift in Sources */ = {isa = PBXBuildFile; fileRef = 9B3078EC1CA422630014CE7E /* EditingRecipeIngredient.swift */; };
		9B3078F11CA422630014CE7E /* RecipeEditIngredientTableViewCell.swift in Sources */ = {isa = PBXBuildFile; fileRef = 9B3078ED1CA422630014CE7E /* RecipeEditIngredientTableViewCell.swift */; };
		9B3078F21CA422630014CE7E /* RecipeEditTableViewController.swift in Sources */ = {isa = PBXBuildFile; fileRef = 9B3078EE1CA422630014CE7E /* RecipeEditTableViewController.swift */; };
		9B3078F51CA422890014CE7E /* IngredientEditTableViewController.swift in Sources */ = {isa = PBXBuildFile; fileRef = 9B3078F41CA422890014CE7E /* IngredientEditTableViewController.swift */; };
		9B3078F71CA42F460014CE7E /* SuggestIngredientTableViewCell.swift in Sources */ = {isa = PBXBuildFile; fileRef = 9B3078F61CA42F460014CE7E /* SuggestIngredientTableViewCell.swift */; };
		9B6D67C81CD0E5A4001E8079 /* Extension.swift in Sources */ = {isa = PBXBuildFile; fileRef = 9B6D67C71CD0E5A4001E8079 /* Extension.swift */; };
		9B6D67CA1CD0E8F9001E8079 /* IngredientName.swift in Sources */ = {isa = PBXBuildFile; fileRef = 9B6D67C91CD0E8F9001E8079 /* IngredientName.swift */; };
		9B865C351CBBC9C70022477B /* IngredientRecipeBasic.swift in Sources */ = {isa = PBXBuildFile; fileRef = 9B865C341CBBC9C70022477B /* IngredientRecipeBasic.swift */; };
		9BAC3F9A1CB695B700418665 /* IngredientDetailTableViewController.swift in Sources */ = {isa = PBXBuildFile; fileRef = 9BAC3F991CB695B700418665 /* IngredientDetailTableViewController.swift */; };
		9BAC3F9C1CB6B01500418665 /* RecipeDetailTableViewController.swift in Sources */ = {isa = PBXBuildFile; fileRef = 9BAC3F9B1CB6B01500418665 /* RecipeDetailTableViewController.swift */; };
		9BB6DF191CCBDF650035797A /* M13Checkbox.framework in Frameworks */ = {isa = PBXBuildFile; fileRef = 9BB6DF181CCBDF650035797A /* M13Checkbox.framework */; };
		9BB6DF1B1CCBDF6E0035797A /* SVProgressHUD.framework in Frameworks */ = {isa = PBXBuildFile; fileRef = 9BB6DF1A1CCBDF6E0035797A /* SVProgressHUD.framework */; };
		9BB6DF1D1CCBDF750035797A /* MWPhotoBrowser.framework in Frameworks */ = {isa = PBXBuildFile; fileRef = 9BB6DF1C1CCBDF750035797A /* MWPhotoBrowser.framework */; };
		9BC5495E1CCA467B0015C774 /* DZNEmptyDataSet.framework in Frameworks */ = {isa = PBXBuildFile; fileRef = 9BC5495D1CCA467B0015C774 /* DZNEmptyDataSet.framework */; };
		9BC549601CCA46840015C774 /* ChameleonFramework.framework in Frameworks */ = {isa = PBXBuildFile; fileRef = 9BC5495F1CCA46840015C774 /* ChameleonFramework.framework */; };
		9BC549621CCA46870015C774 /* Realm.framework in Frameworks */ = {isa = PBXBuildFile; fileRef = 9BC549611CCA46870015C774 /* Realm.framework */; };
		9BC549641CCA468B0015C774 /* RealmSwift.framework in Frameworks */ = {isa = PBXBuildFile; fileRef = 9BC549631CCA468B0015C774 /* RealmSwift.framework */; };
		9BC9A3151C783CAA0031F631 /* AppDelegate.swift in Sources */ = {isa = PBXBuildFile; fileRef = 9BC9A3141C783CAA0031F631 /* AppDelegate.swift */; };
		9BC9A31A1C783CAA0031F631 /* Main.storyboard in Resources */ = {isa = PBXBuildFile; fileRef = 9BC9A3181C783CAA0031F631 /* Main.storyboard */; };
		9BC9A31C1C783CAA0031F631 /* Assets.xcassets in Resources */ = {isa = PBXBuildFile; fileRef = 9BC9A31B1C783CAA0031F631 /* Assets.xcassets */; };
		9BC9A31F1C783CAA0031F631 /* LaunchScreen.storyboard in Resources */ = {isa = PBXBuildFile; fileRef = 9BC9A31D1C783CAA0031F631 /* LaunchScreen.storyboard */; };
		9BC9A32A1C783CAA0031F631 /* recipeListTests.swift in Sources */ = {isa = PBXBuildFile; fileRef = 9BC9A3291C783CAA0031F631 /* recipeListTests.swift */; };
		9BC9A3351C783CAA0031F631 /* uchicockUITests.swift in Sources */ = {isa = PBXBuildFile; fileRef = 9BC9A3341C783CAA0031F631 /* uchicockUITests.swift */; };
		9BD8A7091CC8F466001EB1A9 /* AlbumCollectionViewController.swift in Sources */ = {isa = PBXBuildFile; fileRef = 9BD8A7081CC8F466001EB1A9 /* AlbumCollectionViewController.swift */; };
		9BD8A70B1CC8F52E001EB1A9 /* AlbumCollectionViewCell.swift in Sources */ = {isa = PBXBuildFile; fileRef = 9BD8A70A1CC8F52E001EB1A9 /* AlbumCollectionViewCell.swift */; };
		9BE61CDD1CB8AF00004355CF /* RecipeIngredientEditTableViewController.swift in Sources */ = {isa = PBXBuildFile; fileRef = 9BE61CDC1CB8AF00004355CF /* RecipeIngredientEditTableViewController.swift */; };
		9BF93F6C1CCB36620000F7F8 /* default.realm in Resources */ = {isa = PBXBuildFile; fileRef = 9BF93F6B1CCB36620000F7F8 /* default.realm */; };
		BBFACDF1C4663C17EFBAA2CE /* Pods_uchicockTests.framework in Frameworks */ = {isa = PBXBuildFile; fileRef = 1E8C139FAF459FFD3CE37BE4 /* Pods_uchicockTests.framework */; };
		CFEC9210D08DEA40275E6605 /* Pods_uchicockUITests.framework in Frameworks */ = {isa = PBXBuildFile; fileRef = D71895E92D0B0ED3E21A39EB /* Pods_uchicockUITests.framework */; };
/* End PBXBuildFile section */

/* Begin PBXContainerItemProxy section */
		9BC9A3261C783CAA0031F631 /* PBXContainerItemProxy */ = {
			isa = PBXContainerItemProxy;
			containerPortal = 9BC9A3091C783CAA0031F631 /* Project object */;
			proxyType = 1;
			remoteGlobalIDString = 9BC9A3101C783CAA0031F631;
			remoteInfo = uchicock;
		};
		9BC9A3311C783CAA0031F631 /* PBXContainerItemProxy */ = {
			isa = PBXContainerItemProxy;
			containerPortal = 9BC9A3091C783CAA0031F631 /* Project object */;
			proxyType = 1;
			remoteGlobalIDString = 9BC9A3101C783CAA0031F631;
			remoteInfo = uchicock;
		};
/* End PBXContainerItemProxy section */

/* Begin PBXFileReference section */
		1E8C139FAF459FFD3CE37BE4 /* Pods_uchicockTests.framework */ = {isa = PBXFileReference; explicitFileType = wrapper.framework; includeInIndex = 0; path = Pods_uchicockTests.framework; sourceTree = BUILT_PRODUCTS_DIR; };
		34EEF1621ED608239061362E /* Pods.release.xcconfig */ = {isa = PBXFileReference; includeInIndex = 1; lastKnownFileType = text.xcconfig; name = Pods.release.xcconfig; path = "Pods/Target Support Files/Pods/Pods.release.xcconfig"; sourceTree = "<group>"; };
		384C1AE7875F5F7AB61F2727 /* Pods-uchicockUITests.release.xcconfig */ = {isa = PBXFileReference; includeInIndex = 1; lastKnownFileType = text.xcconfig; name = "Pods-uchicockUITests.release.xcconfig"; path = "Pods/Target Support Files/Pods-uchicockUITests/Pods-uchicockUITests.release.xcconfig"; sourceTree = "<group>"; };
		39E9598A26D53360CAD954E7 /* Pods.debug.xcconfig */ = {isa = PBXFileReference; includeInIndex = 1; lastKnownFileType = text.xcconfig; name = Pods.debug.xcconfig; path = "Pods/Target Support Files/Pods/Pods.debug.xcconfig"; sourceTree = "<group>"; };
		4B9261C17FA27CB3AB97EE3A /* Pods-uchicockUITests.debug.xcconfig */ = {isa = PBXFileReference; includeInIndex = 1; lastKnownFileType = text.xcconfig; name = "Pods-uchicockUITests.debug.xcconfig"; path = "Pods/Target Support Files/Pods-uchicockUITests/Pods-uchicockUITests.debug.xcconfig"; sourceTree = "<group>"; };
		8879C7EE8F031804DD817366 /* Pods-uchicockTests.debug.xcconfig */ = {isa = PBXFileReference; includeInIndex = 1; lastKnownFileType = text.xcconfig; name = "Pods-uchicockTests.debug.xcconfig"; path = "Pods/Target Support Files/Pods-uchicockTests/Pods-uchicockTests.debug.xcconfig"; sourceTree = "<group>"; };
		9AB758B17002CE7E61D78F3B /* Pods.framework */ = {isa = PBXFileReference; explicitFileType = wrapper.framework; includeInIndex = 0; path = Pods.framework; sourceTree = BUILT_PRODUCTS_DIR; };
		9B0B29571CC66CBD0021BD02 /* ReminderTableViewController.swift */ = {isa = PBXFileReference; fileEncoding = 4; lastKnownFileType = sourcecode.swift; name = ReminderTableViewController.swift; path = IngredientDetail/ReminderTableViewController.swift; sourceTree = "<group>"; };
		9B0CF99D1CA7EE870024AF40 /* Settings.bundle */ = {isa = PBXFileReference; lastKnownFileType = "wrapper.plug-in"; path = Settings.bundle; sourceTree = "<group>"; };
		9B3078C41CA421660014CE7E /* RecipeListItemTableViewCell.swift */ = {isa = PBXFileReference; fileEncoding = 4; lastKnownFileType = sourcecode.swift; name = RecipeListItemTableViewCell.swift; path = RecipeList/RecipeListItemTableViewCell.swift; sourceTree = "<group>"; };
		9B3078C51CA421660014CE7E /* RecipeListViewController.swift */ = {isa = PBXFileReference; fileEncoding = 4; lastKnownFileType = sourcecode.swift; name = RecipeListViewController.swift; path = RecipeList/RecipeListViewController.swift; sourceTree = "<group>"; };
		9B3078C81CA421AE0014CE7E /* Ingredient.swift */ = {isa = PBXFileReference; fileEncoding = 4; lastKnownFileType = sourcecode.swift; name = Ingredient.swift; path = Database/Ingredient.swift; sourceTree = "<group>"; };
		9B3078C91CA421AE0014CE7E /* Recipe.swift */ = {isa = PBXFileReference; fileEncoding = 4; lastKnownFileType = sourcecode.swift; name = Recipe.swift; path = Database/Recipe.swift; sourceTree = "<group>"; };
		9B3078CA1CA421AE0014CE7E /* RecipeIngredientLink.swift */ = {isa = PBXFileReference; fileEncoding = 4; lastKnownFileType = sourcecode.swift; name = RecipeIngredientLink.swift; path = Database/RecipeIngredientLink.swift; sourceTree = "<group>"; };
		9B3078D41CA421DD0014CE7E /* RecipeIngredientListTableViewCell.swift */ = {isa = PBXFileReference; fileEncoding = 4; lastKnownFileType = sourcecode.swift; name = RecipeIngredientListTableViewCell.swift; path = RecipeDetail/RecipeIngredientListTableViewCell.swift; sourceTree = "<group>"; };
		9B3078DC1CA4220C0014CE7E /* IngredientListItemTableViewCell.swift */ = {isa = PBXFileReference; fileEncoding = 4; lastKnownFileType = sourcecode.swift; name = IngredientListItemTableViewCell.swift; path = IngredientList/IngredientListItemTableViewCell.swift; sourceTree = "<group>"; };
		9B3078DD1CA4220C0014CE7E /* IngredientListViewController.swift */ = {isa = PBXFileReference; fileEncoding = 4; lastKnownFileType = sourcecode.swift; name = IngredientListViewController.swift; path = IngredientList/IngredientListViewController.swift; sourceTree = "<group>"; };
		9B3078E51CA4223D0014CE7E /* IngredientRecipeListTableViewCell.swift */ = {isa = PBXFileReference; fileEncoding = 4; lastKnownFileType = sourcecode.swift; name = IngredientRecipeListTableViewCell.swift; path = IngredientDetail/IngredientRecipeListTableViewCell.swift; sourceTree = "<group>"; };
		9B3078EC1CA422630014CE7E /* EditingRecipeIngredient.swift */ = {isa = PBXFileReference; fileEncoding = 4; lastKnownFileType = sourcecode.swift; name = EditingRecipeIngredient.swift; path = RecipeEdit/EditingRecipeIngredient.swift; sourceTree = "<group>"; };
		9B3078ED1CA422630014CE7E /* RecipeEditIngredientTableViewCell.swift */ = {isa = PBXFileReference; fileEncoding = 4; lastKnownFileType = sourcecode.swift; name = RecipeEditIngredientTableViewCell.swift; path = RecipeEdit/RecipeEditIngredientTableViewCell.swift; sourceTree = "<group>"; };
		9B3078EE1CA422630014CE7E /* RecipeEditTableViewController.swift */ = {isa = PBXFileReference; fileEncoding = 4; lastKnownFileType = sourcecode.swift; name = RecipeEditTableViewController.swift; path = RecipeEdit/RecipeEditTableViewController.swift; sourceTree = "<group>"; };
		9B3078F41CA422890014CE7E /* IngredientEditTableViewController.swift */ = {isa = PBXFileReference; fileEncoding = 4; lastKnownFileType = sourcecode.swift; name = IngredientEditTableViewController.swift; path = IngredientEdit/IngredientEditTableViewController.swift; sourceTree = "<group>"; };
		9B3078F61CA42F460014CE7E /* SuggestIngredientTableViewCell.swift */ = {isa = PBXFileReference; fileEncoding = 4; lastKnownFileType = sourcecode.swift; name = SuggestIngredientTableViewCell.swift; path = RecipeEdit/SuggestIngredientTableViewCell.swift; sourceTree = "<group>"; };
		9B498C141CBA63050099E825 /* LINEActivity.framework */ = {isa = PBXFileReference; lastKnownFileType = wrapper.framework; name = LINEActivity.framework; path = "Pods/../build/Debug-iphoneos/LINEActivity.framework"; sourceTree = "<group>"; };
		9B6D67C71CD0E5A4001E8079 /* Extension.swift */ = {isa = PBXFileReference; fileEncoding = 4; lastKnownFileType = sourcecode.swift; path = Extension.swift; sourceTree = "<group>"; };
		9B6D67C91CD0E8F9001E8079 /* IngredientName.swift */ = {isa = PBXFileReference; fileEncoding = 4; lastKnownFileType = sourcecode.swift; name = IngredientName.swift; path = RecipeEdit/IngredientName.swift; sourceTree = "<group>"; };
		9B865C341CBBC9C70022477B /* IngredientRecipeBasic.swift */ = {isa = PBXFileReference; fileEncoding = 4; lastKnownFileType = sourcecode.swift; name = IngredientRecipeBasic.swift; path = IngredientDetail/IngredientRecipeBasic.swift; sourceTree = "<group>"; };
		9B8823161CA571B0008D2F08 /* ChameleonFramework.framework */ = {isa = PBXFileReference; lastKnownFileType = wrapper.framework; name = ChameleonFramework.framework; path = "Pods/../build/Debug-iphoneos/ChameleonFramework.framework"; sourceTree = "<group>"; };
		9B8B0B721CCB6E4B00E8EEBA /* MWPhotoBrowser.framework */ = {isa = PBXFileReference; lastKnownFileType = wrapper.framework; name = MWPhotoBrowser.framework; path = "Pods/../build/Debug-iphoneos/MWPhotoBrowser.framework"; sourceTree = "<group>"; };
		9B8B0B741CCB7C4500E8EEBA /* SVProgressHUD.framework */ = {isa = PBXFileReference; lastKnownFileType = wrapper.framework; name = SVProgressHUD.framework; path = "Pods/../build/Debug-iphoneos/SVProgressHUD.framework"; sourceTree = "<group>"; };
		9B8E59D11CB819A8004D2C1A /* Social.framework */ = {isa = PBXFileReference; lastKnownFileType = wrapper.framework; name = Social.framework; path = System/Library/Frameworks/Social.framework; sourceTree = SDKROOT; };
		9BAC3F991CB695B700418665 /* IngredientDetailTableViewController.swift */ = {isa = PBXFileReference; fileEncoding = 4; lastKnownFileType = sourcecode.swift; name = IngredientDetailTableViewController.swift; path = IngredientDetail/IngredientDetailTableViewController.swift; sourceTree = "<group>"; };
		9BAC3F9B1CB6B01500418665 /* RecipeDetailTableViewController.swift */ = {isa = PBXFileReference; fileEncoding = 4; lastKnownFileType = sourcecode.swift; name = RecipeDetailTableViewController.swift; path = RecipeDetail/RecipeDetailTableViewController.swift; sourceTree = "<group>"; };
		9BB6DF181CCBDF650035797A /* M13Checkbox.framework */ = {isa = PBXFileReference; lastKnownFileType = wrapper.framework; name = M13Checkbox.framework; path = "../../../Library/Developer/Xcode/DerivedData/uchicock-fpfjtbqsnjmxttaewoqilanvdaek/Build/Products/Debug-iphoneos/M13Checkbox.framework"; sourceTree = "<group>"; };
		9BB6DF1A1CCBDF6E0035797A /* SVProgressHUD.framework */ = {isa = PBXFileReference; lastKnownFileType = wrapper.framework; name = SVProgressHUD.framework; path = "../../../Library/Developer/Xcode/DerivedData/uchicock-fpfjtbqsnjmxttaewoqilanvdaek/Build/Products/Debug-iphoneos/SVProgressHUD.framework"; sourceTree = "<group>"; };
		9BB6DF1C1CCBDF750035797A /* MWPhotoBrowser.framework */ = {isa = PBXFileReference; lastKnownFileType = wrapper.framework; name = MWPhotoBrowser.framework; path = "../../../Library/Developer/Xcode/DerivedData/uchicock-fpfjtbqsnjmxttaewoqilanvdaek/Build/Products/Debug-iphoneos/MWPhotoBrowser.framework"; sourceTree = "<group>"; };
		9BC5495B1CCA46670015C774 /* SCLAlertView.framework */ = {isa = PBXFileReference; lastKnownFileType = wrapper.framework; name = SCLAlertView.framework; path = "../../../Library/Developer/Xcode/DerivedData/uchicock-fpfjtbqsnjmxttaewoqilanvdaek/Build/Products/Debug-iphoneos/SCLAlertView.framework"; sourceTree = "<group>"; };
		9BC5495D1CCA467B0015C774 /* DZNEmptyDataSet.framework */ = {isa = PBXFileReference; lastKnownFileType = wrapper.framework; name = DZNEmptyDataSet.framework; path = "../../../Library/Developer/Xcode/DerivedData/uchicock-fpfjtbqsnjmxttaewoqilanvdaek/Build/Products/Debug-iphoneos/DZNEmptyDataSet.framework"; sourceTree = "<group>"; };
		9BC5495F1CCA46840015C774 /* ChameleonFramework.framework */ = {isa = PBXFileReference; lastKnownFileType = wrapper.framework; name = ChameleonFramework.framework; path = "../../../Library/Developer/Xcode/DerivedData/uchicock-fpfjtbqsnjmxttaewoqilanvdaek/Build/Products/Debug-iphoneos/ChameleonFramework.framework"; sourceTree = "<group>"; };
		9BC549611CCA46870015C774 /* Realm.framework */ = {isa = PBXFileReference; lastKnownFileType = wrapper.framework; name = Realm.framework; path = "../../../Library/Developer/Xcode/DerivedData/uchicock-fpfjtbqsnjmxttaewoqilanvdaek/Build/Products/Debug-iphoneos/Realm.framework"; sourceTree = "<group>"; };
		9BC549631CCA468B0015C774 /* RealmSwift.framework */ = {isa = PBXFileReference; lastKnownFileType = wrapper.framework; name = RealmSwift.framework; path = "../../../Library/Developer/Xcode/DerivedData/uchicock-fpfjtbqsnjmxttaewoqilanvdaek/Build/Products/Debug-iphoneos/RealmSwift.framework"; sourceTree = "<group>"; };
		9BC9A3111C783CAA0031F631 /* uchicock.app */ = {isa = PBXFileReference; explicitFileType = wrapper.application; includeInIndex = 0; path = uchicock.app; sourceTree = BUILT_PRODUCTS_DIR; };
		9BC9A3141C783CAA0031F631 /* AppDelegate.swift */ = {isa = PBXFileReference; lastKnownFileType = sourcecode.swift; path = AppDelegate.swift; sourceTree = "<group>"; };
		9BC9A3191C783CAA0031F631 /* Base */ = {isa = PBXFileReference; lastKnownFileType = file.storyboard; name = Base; path = Base.lproj/Main.storyboard; sourceTree = "<group>"; };
		9BC9A31B1C783CAA0031F631 /* Assets.xcassets */ = {isa = PBXFileReference; lastKnownFileType = folder.assetcatalog; path = Assets.xcassets; sourceTree = "<group>"; };
		9BC9A31E1C783CAA0031F631 /* Base */ = {isa = PBXFileReference; lastKnownFileType = file.storyboard; name = Base; path = Base.lproj/LaunchScreen.storyboard; sourceTree = "<group>"; };
		9BC9A3201C783CAA0031F631 /* Info.plist */ = {isa = PBXFileReference; lastKnownFileType = text.plist.xml; path = Info.plist; sourceTree = "<group>"; };
		9BC9A3251C783CAA0031F631 /* uchicockTests.xctest */ = {isa = PBXFileReference; explicitFileType = wrapper.cfbundle; includeInIndex = 0; path = uchicockTests.xctest; sourceTree = BUILT_PRODUCTS_DIR; };
		9BC9A3291C783CAA0031F631 /* recipeListTests.swift */ = {isa = PBXFileReference; lastKnownFileType = sourcecode.swift; path = recipeListTests.swift; sourceTree = "<group>"; };
		9BC9A32B1C783CAA0031F631 /* Info.plist */ = {isa = PBXFileReference; lastKnownFileType = text.plist.xml; path = Info.plist; sourceTree = "<group>"; };
		9BC9A3301C783CAA0031F631 /* uchicockUITests.xctest */ = {isa = PBXFileReference; explicitFileType = wrapper.cfbundle; includeInIndex = 0; path = uchicockUITests.xctest; sourceTree = BUILT_PRODUCTS_DIR; };
		9BC9A3341C783CAA0031F631 /* uchicockUITests.swift */ = {isa = PBXFileReference; lastKnownFileType = sourcecode.swift; path = uchicockUITests.swift; sourceTree = "<group>"; };
		9BC9A3361C783CAA0031F631 /* Info.plist */ = {isa = PBXFileReference; lastKnownFileType = text.plist.xml; path = Info.plist; sourceTree = "<group>"; };
		9BC9A3421C7849F80031F631 /* ja */ = {isa = PBXFileReference; lastKnownFileType = text.plist.strings; name = ja; path = ja.lproj/Main.strings; sourceTree = "<group>"; };
		9BCB2DDF1CC91A1E00E8ED0E /* uchicock-Bridging-Header.h */ = {isa = PBXFileReference; lastKnownFileType = sourcecode.c.h; path = "uchicock-Bridging-Header.h"; sourceTree = "<group>"; };
		9BCB2DE41CC91A8D00E8ED0E /* DZNEmptyDataSet.framework */ = {isa = PBXFileReference; lastKnownFileType = wrapper.framework; name = DZNEmptyDataSet.framework; path = "Pods/../build/Debug-iphoneos/DZNEmptyDataSet.framework"; sourceTree = "<group>"; };
		9BD8A7081CC8F466001EB1A9 /* AlbumCollectionViewController.swift */ = {isa = PBXFileReference; fileEncoding = 4; lastKnownFileType = sourcecode.swift; name = AlbumCollectionViewController.swift; path = Album/AlbumCollectionViewController.swift; sourceTree = "<group>"; };
		9BD8A70A1CC8F52E001EB1A9 /* AlbumCollectionViewCell.swift */ = {isa = PBXFileReference; fileEncoding = 4; lastKnownFileType = sourcecode.swift; name = AlbumCollectionViewCell.swift; path = Album/AlbumCollectionViewCell.swift; sourceTree = "<group>"; };
		9BE2025D1CCA2CFB00F2382C /* SCLAlertView.framework */ = {isa = PBXFileReference; lastKnownFileType = wrapper.framework; name = SCLAlertView.framework; path = "Pods/../build/Debug-iphoneos/SCLAlertView.framework"; sourceTree = "<group>"; };
		9BE61CDC1CB8AF00004355CF /* RecipeIngredientEditTableViewController.swift */ = {isa = PBXFileReference; fileEncoding = 4; lastKnownFileType = sourcecode.swift; name = RecipeIngredientEditTableViewController.swift; path = RecipeEdit/RecipeIngredientEditTableViewController.swift; sourceTree = "<group>"; };
		9BF93F651CCB123D0000F7F8 /* uchicockTests-Bridging-Header.h */ = {isa = PBXFileReference; fileEncoding = 4; lastKnownFileType = sourcecode.c.h; path = "uchicockTests-Bridging-Header.h"; sourceTree = "<group>"; };
		9BF93F661CCB12450000F7F8 /* uchicockUITests-Bridging-Header.h */ = {isa = PBXFileReference; fileEncoding = 4; lastKnownFileType = sourcecode.c.h; path = "uchicockUITests-Bridging-Header.h"; sourceTree = "<group>"; };
		9BF93F6B1CCB36620000F7F8 /* default.realm */ = {isa = PBXFileReference; lastKnownFileType = file; name = default.realm; path = Database/default.realm; sourceTree = "<group>"; };
		9BF98A1B1C7DC8DC00A27175 /* Realm.framework */ = {isa = PBXFileReference; lastKnownFileType = wrapper.framework; name = Realm.framework; path = "Pods/../build/Debug-iphoneos/Realm.framework"; sourceTree = "<group>"; };
		9BF98A1D1C7DC8E100A27175 /* RealmSwift.framework */ = {isa = PBXFileReference; lastKnownFileType = wrapper.framework; name = RealmSwift.framework; path = "Pods/../build/Debug-iphoneos/RealmSwift.framework"; sourceTree = "<group>"; };
		D71895E92D0B0ED3E21A39EB /* Pods_uchicockUITests.framework */ = {isa = PBXFileReference; explicitFileType = wrapper.framework; includeInIndex = 0; path = Pods_uchicockUITests.framework; sourceTree = BUILT_PRODUCTS_DIR; };
		E86A3C6451DBEA5F504357BA /* Pods-uchicockTests.release.xcconfig */ = {isa = PBXFileReference; includeInIndex = 1; lastKnownFileType = text.xcconfig; name = "Pods-uchicockTests.release.xcconfig"; path = "Pods/Target Support Files/Pods-uchicockTests/Pods-uchicockTests.release.xcconfig"; sourceTree = "<group>"; };
/* End PBXFileReference section */

/* Begin PBXFrameworksBuildPhase section */
		9BC9A30E1C783CAA0031F631 /* Frameworks */ = {
			isa = PBXFrameworksBuildPhase;
			buildActionMask = 2147483647;
			files = (
				9BB6DF1D1CCBDF750035797A /* MWPhotoBrowser.framework in Frameworks */,
				9BB6DF1B1CCBDF6E0035797A /* SVProgressHUD.framework in Frameworks */,
				9BB6DF191CCBDF650035797A /* M13Checkbox.framework in Frameworks */,
				9BC549641CCA468B0015C774 /* RealmSwift.framework in Frameworks */,
				9BC549621CCA46870015C774 /* Realm.framework in Frameworks */,
				9BC549601CCA46840015C774 /* ChameleonFramework.framework in Frameworks */,
				9BC5495E1CCA467B0015C774 /* DZNEmptyDataSet.framework in Frameworks */,
				79F6FA801A25D92818552697 /* Pods.framework in Frameworks */,
			);
			runOnlyForDeploymentPostprocessing = 0;
		};
		9BC9A3221C783CAA0031F631 /* Frameworks */ = {
			isa = PBXFrameworksBuildPhase;
			buildActionMask = 2147483647;
			files = (
				BBFACDF1C4663C17EFBAA2CE /* Pods_uchicockTests.framework in Frameworks */,
			);
			runOnlyForDeploymentPostprocessing = 0;
		};
		9BC9A32D1C783CAA0031F631 /* Frameworks */ = {
			isa = PBXFrameworksBuildPhase;
			buildActionMask = 2147483647;
			files = (
				CFEC9210D08DEA40275E6605 /* Pods_uchicockUITests.framework in Frameworks */,
			);
			runOnlyForDeploymentPostprocessing = 0;
		};
/* End PBXFrameworksBuildPhase section */

/* Begin PBXGroup section */
		8C5BC5DE4E45461484DC9DBA /* Pods */ = {
			isa = PBXGroup;
			children = (
				39E9598A26D53360CAD954E7 /* Pods.debug.xcconfig */,
				34EEF1621ED608239061362E /* Pods.release.xcconfig */,
				8879C7EE8F031804DD817366 /* Pods-uchicockTests.debug.xcconfig */,
				E86A3C6451DBEA5F504357BA /* Pods-uchicockTests.release.xcconfig */,
				4B9261C17FA27CB3AB97EE3A /* Pods-uchicockUITests.debug.xcconfig */,
				384C1AE7875F5F7AB61F2727 /* Pods-uchicockUITests.release.xcconfig */,
			);
			name = Pods;
			sourceTree = "<group>";
		};
		9B2AED061C9B5CD700B255C9 /* Database */ = {
			isa = PBXGroup;
			children = (
				9BF93F6B1CCB36620000F7F8 /* default.realm */,
				9B3078C81CA421AE0014CE7E /* Ingredient.swift */,
				9B3078C91CA421AE0014CE7E /* Recipe.swift */,
				9B3078CA1CA421AE0014CE7E /* RecipeIngredientLink.swift */,
			);
			name = Database;
			sourceTree = "<group>";
		};
		9B3FE5831C9EA1630061D21C /* RecipeEdit */ = {
			isa = PBXGroup;
			children = (
				9B3078EE1CA422630014CE7E /* RecipeEditTableViewController.swift */,
				9BE61CDC1CB8AF00004355CF /* RecipeIngredientEditTableViewController.swift */,
				9B3078ED1CA422630014CE7E /* RecipeEditIngredientTableViewCell.swift */,
				9B3078F61CA42F460014CE7E /* SuggestIngredientTableViewCell.swift */,
				9B3078EC1CA422630014CE7E /* EditingRecipeIngredient.swift */,
				9B6D67C91CD0E8F9001E8079 /* IngredientName.swift */,
			);
			name = RecipeEdit;
			sourceTree = "<group>";
		};
		9B8772851C9D4BA80065A816 /* IngredientEdit */ = {
			isa = PBXGroup;
			children = (
				9B3078F41CA422890014CE7E /* IngredientEditTableViewController.swift */,
			);
			name = IngredientEdit;
			sourceTree = "<group>";
		};
		9BAAFB6F1C99953400E67791 /* RecipeDetail */ = {
			isa = PBXGroup;
			children = (
				9BAC3F9B1CB6B01500418665 /* RecipeDetailTableViewController.swift */,
				9B3078D41CA421DD0014CE7E /* RecipeIngredientListTableViewCell.swift */,
			);
			name = RecipeDetail;
			sourceTree = "<group>";
		};
		9BC9A3081C783CAA0031F631 = {
			isa = PBXGroup;
			children = (
				9BC9A3131C783CAA0031F631 /* uchicock */,
				9BC9A3281C783CAA0031F631 /* uchicockTests */,
				9BC9A3331C783CAA0031F631 /* uchicockUITests */,
				9BC9A3121C783CAA0031F631 /* Products */,
				8C5BC5DE4E45461484DC9DBA /* Pods */,
				D62374FCD504BC5EA91FCD15 /* Frameworks */,
			);
			sourceTree = "<group>";
		};
		9BC9A3121C783CAA0031F631 /* Products */ = {
			isa = PBXGroup;
			children = (
				9BC9A3111C783CAA0031F631 /* uchicock.app */,
				9BC9A3251C783CAA0031F631 /* uchicockTests.xctest */,
				9BC9A3301C783CAA0031F631 /* uchicockUITests.xctest */,
			);
			name = Products;
			sourceTree = "<group>";
		};
		9BC9A3131C783CAA0031F631 /* uchicock */ = {
			isa = PBXGroup;
			children = (
				9BC9A3461C7856DA0031F631 /* RecipeList */,
				9BAAFB6F1C99953400E67791 /* RecipeDetail */,
				9B3FE5831C9EA1630061D21C /* RecipeEdit */,
				9BD8A7071CC8F436001EB1A9 /* Album */,
				9BE32CEA1C9C2B71001B98BF /* IngredientList */,
				9BE32CF11C9C4E39001B98BF /* IngredientDetail */,
				9B8772851C9D4BA80065A816 /* IngredientEdit */,
				9B2AED061C9B5CD700B255C9 /* Database */,
				9B0CF99D1CA7EE870024AF40 /* Settings.bundle */,
				9BC9A3141C783CAA0031F631 /* AppDelegate.swift */,
				9BC9A3181C783CAA0031F631 /* Main.storyboard */,
				9BC9A31B1C783CAA0031F631 /* Assets.xcassets */,
				9BC9A31D1C783CAA0031F631 /* LaunchScreen.storyboard */,
				9BC9A3201C783CAA0031F631 /* Info.plist */,
				9BCB2DDF1CC91A1E00E8ED0E /* uchicock-Bridging-Header.h */,
				9BF93F651CCB123D0000F7F8 /* uchicockTests-Bridging-Header.h */,
				9BF93F661CCB12450000F7F8 /* uchicockUITests-Bridging-Header.h */,
				9B6D67C71CD0E5A4001E8079 /* Extension.swift */,
			);
			path = uchicock;
			sourceTree = "<group>";
		};
		9BC9A3281C783CAA0031F631 /* uchicockTests */ = {
			isa = PBXGroup;
			children = (
				9BC9A3291C783CAA0031F631 /* recipeListTests.swift */,
				9BC9A32B1C783CAA0031F631 /* Info.plist */,
			);
			path = uchicockTests;
			sourceTree = "<group>";
		};
		9BC9A3331C783CAA0031F631 /* uchicockUITests */ = {
			isa = PBXGroup;
			children = (
				9BC9A3341C783CAA0031F631 /* uchicockUITests.swift */,
				9BC9A3361C783CAA0031F631 /* Info.plist */,
			);
			path = uchicockUITests;
			sourceTree = "<group>";
		};
		9BC9A3461C7856DA0031F631 /* RecipeList */ = {
			isa = PBXGroup;
			children = (
				9B3078C51CA421660014CE7E /* RecipeListViewController.swift */,
				9B3078C41CA421660014CE7E /* RecipeListItemTableViewCell.swift */,
			);
			name = RecipeList;
			sourceTree = "<group>";
		};
		9BD8A7071CC8F436001EB1A9 /* Album */ = {
			isa = PBXGroup;
			children = (
				9BD8A7081CC8F466001EB1A9 /* AlbumCollectionViewController.swift */,
				9BD8A70A1CC8F52E001EB1A9 /* AlbumCollectionViewCell.swift */,
			);
			name = Album;
			sourceTree = "<group>";
		};
		9BE32CEA1C9C2B71001B98BF /* IngredientList */ = {
			isa = PBXGroup;
			children = (
				9B3078DD1CA4220C0014CE7E /* IngredientListViewController.swift */,
				9B3078DC1CA4220C0014CE7E /* IngredientListItemTableViewCell.swift */,
			);
			name = IngredientList;
			sourceTree = "<group>";
		};
		9BE32CF11C9C4E39001B98BF /* IngredientDetail */ = {
			isa = PBXGroup;
			children = (
				9BAC3F991CB695B700418665 /* IngredientDetailTableViewController.swift */,
				9B3078E51CA4223D0014CE7E /* IngredientRecipeListTableViewCell.swift */,
				9B865C341CBBC9C70022477B /* IngredientRecipeBasic.swift */,
				9B0B29571CC66CBD0021BD02 /* ReminderTableViewController.swift */,
			);
			name = IngredientDetail;
			sourceTree = "<group>";
		};
		D62374FCD504BC5EA91FCD15 /* Frameworks */ = {
			isa = PBXGroup;
			children = (
				9BB6DF1C1CCBDF750035797A /* MWPhotoBrowser.framework */,
				9BB6DF1A1CCBDF6E0035797A /* SVProgressHUD.framework */,
				9BB6DF181CCBDF650035797A /* M13Checkbox.framework */,
				9B8B0B741CCB7C4500E8EEBA /* SVProgressHUD.framework */,
				9B8B0B721CCB6E4B00E8EEBA /* MWPhotoBrowser.framework */,
				9BC549631CCA468B0015C774 /* RealmSwift.framework */,
				9BC549611CCA46870015C774 /* Realm.framework */,
				9BC5495F1CCA46840015C774 /* ChameleonFramework.framework */,
				9BC5495D1CCA467B0015C774 /* DZNEmptyDataSet.framework */,
				9BC5495B1CCA46670015C774 /* SCLAlertView.framework */,
				9BE2025D1CCA2CFB00F2382C /* SCLAlertView.framework */,
				9BCB2DE41CC91A8D00E8ED0E /* DZNEmptyDataSet.framework */,
				9B498C141CBA63050099E825 /* LINEActivity.framework */,
				9B8E59D11CB819A8004D2C1A /* Social.framework */,
				9B8823161CA571B0008D2F08 /* ChameleonFramework.framework */,
				9BF98A1D1C7DC8E100A27175 /* RealmSwift.framework */,
				9BF98A1B1C7DC8DC00A27175 /* Realm.framework */,
				9AB758B17002CE7E61D78F3B /* Pods.framework */,
				1E8C139FAF459FFD3CE37BE4 /* Pods_uchicockTests.framework */,
				D71895E92D0B0ED3E21A39EB /* Pods_uchicockUITests.framework */,
			);
			name = Frameworks;
			sourceTree = "<group>";
		};
/* End PBXGroup section */

/* Begin PBXNativeTarget section */
		9BC9A3101C783CAA0031F631 /* uchicock */ = {
			isa = PBXNativeTarget;
			buildConfigurationList = 9BC9A3391C783CAA0031F631 /* Build configuration list for PBXNativeTarget "uchicock" */;
			buildPhases = (
				4234BC075158D201243F5892 /* Check Pods Manifest.lock */,
				9BC9A30D1C783CAA0031F631 /* Sources */,
				9BC9A30E1C783CAA0031F631 /* Frameworks */,
				9BC9A30F1C783CAA0031F631 /* Resources */,
				8F7EC021FD5B1D365CCEA720 /* Embed Pods Frameworks */,
				81155ECD2C42A982BB4560DE /* Copy Pods Resources */,
				9B0CF99C1CA7ED410024AF40 /* ShellScript */,
			);
			buildRules = (
			);
			dependencies = (
			);
			name = uchicock;
			productName = uchicock;
			productReference = 9BC9A3111C783CAA0031F631 /* uchicock.app */;
			productType = "com.apple.product-type.application";
		};
		9BC9A3241C783CAA0031F631 /* uchicockTests */ = {
			isa = PBXNativeTarget;
			buildConfigurationList = 9BC9A33C1C783CAA0031F631 /* Build configuration list for PBXNativeTarget "uchicockTests" */;
			buildPhases = (
				D7D61F08469785B098750D78 /* Check Pods Manifest.lock */,
				9BC9A3211C783CAA0031F631 /* Sources */,
				9BC9A3221C783CAA0031F631 /* Frameworks */,
				9BC9A3231C783CAA0031F631 /* Resources */,
				377A97B5935096BA7A0AD84F /* Embed Pods Frameworks */,
				A137ABBA46C7476E396E73CB /* Copy Pods Resources */,
			);
			buildRules = (
			);
			dependencies = (
				9BC9A3271C783CAA0031F631 /* PBXTargetDependency */,
			);
			name = uchicockTests;
			productName = uchicockTests;
			productReference = 9BC9A3251C783CAA0031F631 /* uchicockTests.xctest */;
			productType = "com.apple.product-type.bundle.unit-test";
		};
		9BC9A32F1C783CAA0031F631 /* uchicockUITests */ = {
			isa = PBXNativeTarget;
			buildConfigurationList = 9BC9A33F1C783CAA0031F631 /* Build configuration list for PBXNativeTarget "uchicockUITests" */;
			buildPhases = (
				041477AA82EA0BA7E790EAF8 /* Check Pods Manifest.lock */,
				9BC9A32C1C783CAA0031F631 /* Sources */,
				9BC9A32D1C783CAA0031F631 /* Frameworks */,
				9BC9A32E1C783CAA0031F631 /* Resources */,
				1D823C83C81DF63B084CFA9E /* Copy Pods Resources */,
			);
			buildRules = (
			);
			dependencies = (
				9BC9A3321C783CAA0031F631 /* PBXTargetDependency */,
			);
			name = uchicockUITests;
			productName = uchicockUITests;
			productReference = 9BC9A3301C783CAA0031F631 /* uchicockUITests.xctest */;
			productType = "com.apple.product-type.bundle.ui-testing";
		};
/* End PBXNativeTarget section */

/* Begin PBXProject section */
		9BC9A3091C783CAA0031F631 /* Project object */ = {
			isa = PBXProject;
			attributes = {
				LastSwiftUpdateCheck = 0720;
				LastUpgradeCheck = 0720;
				ORGANIZATIONNAME = Kou;
				TargetAttributes = {
					9BC9A3101C783CAA0031F631 = {
						CreatedOnToolsVersion = 7.2.1;
						DevelopmentTeam = 98478E5868;
					};
					9BC9A3241C783CAA0031F631 = {
						CreatedOnToolsVersion = 7.2.1;
						TestTargetID = 9BC9A3101C783CAA0031F631;
					};
					9BC9A32F1C783CAA0031F631 = {
						CreatedOnToolsVersion = 7.2.1;
						TestTargetID = 9BC9A3101C783CAA0031F631;
					};
				};
			};
			buildConfigurationList = 9BC9A30C1C783CAA0031F631 /* Build configuration list for PBXProject "uchicock" */;
			compatibilityVersion = "Xcode 3.2";
			developmentRegion = English;
			hasScannedForEncodings = 0;
			knownRegions = (
				Base,
			);
			mainGroup = 9BC9A3081C783CAA0031F631;
			productRefGroup = 9BC9A3121C783CAA0031F631 /* Products */;
			projectDirPath = "";
			projectRoot = "";
			targets = (
				9BC9A3101C783CAA0031F631 /* uchicock */,
				9BC9A3241C783CAA0031F631 /* uchicockTests */,
				9BC9A32F1C783CAA0031F631 /* uchicockUITests */,
			);
		};
/* End PBXProject section */

/* Begin PBXResourcesBuildPhase section */
		9BC9A30F1C783CAA0031F631 /* Resources */ = {
			isa = PBXResourcesBuildPhase;
			buildActionMask = 2147483647;
			files = (
				9B0CF99E1CA7EE870024AF40 /* Settings.bundle in Resources */,
				9BC9A31F1C783CAA0031F631 /* LaunchScreen.storyboard in Resources */,
				9BC9A31C1C783CAA0031F631 /* Assets.xcassets in Resources */,
				9BC9A31A1C783CAA0031F631 /* Main.storyboard in Resources */,
				9BF93F6C1CCB36620000F7F8 /* default.realm in Resources */,
			);
			runOnlyForDeploymentPostprocessing = 0;
		};
		9BC9A3231C783CAA0031F631 /* Resources */ = {
			isa = PBXResourcesBuildPhase;
			buildActionMask = 2147483647;
			files = (
			);
			runOnlyForDeploymentPostprocessing = 0;
		};
		9BC9A32E1C783CAA0031F631 /* Resources */ = {
			isa = PBXResourcesBuildPhase;
			buildActionMask = 2147483647;
			files = (
			);
			runOnlyForDeploymentPostprocessing = 0;
		};
/* End PBXResourcesBuildPhase section */

/* Begin PBXShellScriptBuildPhase section */
		041477AA82EA0BA7E790EAF8 /* Check Pods Manifest.lock */ = {
			isa = PBXShellScriptBuildPhase;
			buildActionMask = 2147483647;
			files = (
			);
			inputPaths = (
			);
			name = "Check Pods Manifest.lock";
			outputPaths = (
			);
			runOnlyForDeploymentPostprocessing = 0;
			shellPath = /bin/sh;
			shellScript = "diff \"${PODS_ROOT}/../Podfile.lock\" \"${PODS_ROOT}/Manifest.lock\" > /dev/null\nif [[ $? != 0 ]] ; then\n    cat << EOM\nerror: The sandbox is not in sync with the Podfile.lock. Run 'pod install' or update your CocoaPods installation.\nEOM\n    exit 1\nfi\n";
			showEnvVarsInLog = 0;
		};
		1D823C83C81DF63B084CFA9E /* Copy Pods Resources */ = {
			isa = PBXShellScriptBuildPhase;
			buildActionMask = 2147483647;
			files = (
			);
			inputPaths = (
			);
			name = "Copy Pods Resources";
			outputPaths = (
			);
			runOnlyForDeploymentPostprocessing = 0;
			shellPath = /bin/sh;
			shellScript = "\"${SRCROOT}/Pods/Target Support Files/Pods-uchicockUITests/Pods-uchicockUITests-resources.sh\"\n";
			showEnvVarsInLog = 0;
		};
		377A97B5935096BA7A0AD84F /* Embed Pods Frameworks */ = {
			isa = PBXShellScriptBuildPhase;
			buildActionMask = 2147483647;
			files = (
			);
			inputPaths = (
			);
			name = "Embed Pods Frameworks";
			outputPaths = (
			);
			runOnlyForDeploymentPostprocessing = 0;
			shellPath = /bin/sh;
			shellScript = "\"${SRCROOT}/Pods/Target Support Files/Pods-uchicockTests/Pods-uchicockTests-frameworks.sh\"\n";
			showEnvVarsInLog = 0;
		};
		4234BC075158D201243F5892 /* Check Pods Manifest.lock */ = {
			isa = PBXShellScriptBuildPhase;
			buildActionMask = 2147483647;
			files = (
			);
			inputPaths = (
			);
			name = "Check Pods Manifest.lock";
			outputPaths = (
			);
			runOnlyForDeploymentPostprocessing = 0;
			shellPath = /bin/sh;
			shellScript = "diff \"${PODS_ROOT}/../Podfile.lock\" \"${PODS_ROOT}/Manifest.lock\" > /dev/null\nif [[ $? != 0 ]] ; then\n    cat << EOM\nerror: The sandbox is not in sync with the Podfile.lock. Run 'pod install' or update your CocoaPods installation.\nEOM\n    exit 1\nfi\n";
			showEnvVarsInLog = 0;
		};
		81155ECD2C42A982BB4560DE /* Copy Pods Resources */ = {
			isa = PBXShellScriptBuildPhase;
			buildActionMask = 2147483647;
			files = (
			);
			inputPaths = (
			);
			name = "Copy Pods Resources";
			outputPaths = (
			);
			runOnlyForDeploymentPostprocessing = 0;
			shellPath = /bin/sh;
			shellScript = "\"${SRCROOT}/Pods/Target Support Files/Pods/Pods-resources.sh\"\n";
			showEnvVarsInLog = 0;
		};
		8F7EC021FD5B1D365CCEA720 /* Embed Pods Frameworks */ = {
			isa = PBXShellScriptBuildPhase;
			buildActionMask = 2147483647;
			files = (
			);
			inputPaths = (
			);
			name = "Embed Pods Frameworks";
			outputPaths = (
			);
			runOnlyForDeploymentPostprocessing = 0;
			shellPath = /bin/sh;
			shellScript = "\"${SRCROOT}/Pods/Target Support Files/Pods/Pods-frameworks.sh\"\n";
			showEnvVarsInLog = 0;
		};
		9B0CF99C1CA7ED410024AF40 /* ShellScript */ = {
			isa = PBXShellScriptBuildPhase;
			buildActionMask = 2147483647;
			files = (
			);
			inputPaths = (
			);
			outputPaths = (
			);
			runOnlyForDeploymentPostprocessing = 0;
			shellPath = /bin/sh;
			shellScript = "APP_VERSION=$(/usr/libexec/PlistBuddy -c \"Print CFBundleShortVersionString\" $PRODUCT_SETTINGS_PATH)\n/usr/libexec/PlistBuddy -c \"Set :PreferenceSpecifiers:1:DefaultValue ${APP_VERSION}\" \"${BUILT_PRODUCTS_DIR}/${WRAPPER_NAME}/Settings.bundle/Root.plist\"\n";
		};
		A137ABBA46C7476E396E73CB /* Copy Pods Resources */ = {
			isa = PBXShellScriptBuildPhase;
			buildActionMask = 2147483647;
			files = (
			);
			inputPaths = (
			);
			name = "Copy Pods Resources";
			outputPaths = (
			);
			runOnlyForDeploymentPostprocessing = 0;
			shellPath = /bin/sh;
			shellScript = "\"${SRCROOT}/Pods/Target Support Files/Pods-uchicockTests/Pods-uchicockTests-resources.sh\"\n";
			showEnvVarsInLog = 0;
		};
		D7D61F08469785B098750D78 /* Check Pods Manifest.lock */ = {
			isa = PBXShellScriptBuildPhase;
			buildActionMask = 2147483647;
			files = (
			);
			inputPaths = (
			);
			name = "Check Pods Manifest.lock";
			outputPaths = (
			);
			runOnlyForDeploymentPostprocessing = 0;
			shellPath = /bin/sh;
			shellScript = "diff \"${PODS_ROOT}/../Podfile.lock\" \"${PODS_ROOT}/Manifest.lock\" > /dev/null\nif [[ $? != 0 ]] ; then\n    cat << EOM\nerror: The sandbox is not in sync with the Podfile.lock. Run 'pod install' or update your CocoaPods installation.\nEOM\n    exit 1\nfi\n";
			showEnvVarsInLog = 0;
		};
/* End PBXShellScriptBuildPhase section */

/* Begin PBXSourcesBuildPhase section */
		9BC9A30D1C783CAA0031F631 /* Sources */ = {
			isa = PBXSourcesBuildPhase;
			buildActionMask = 2147483647;
			files = (
				9BD8A7091CC8F466001EB1A9 /* AlbumCollectionViewController.swift in Sources */,
				9B3078F11CA422630014CE7E /* RecipeEditIngredientTableViewCell.swift in Sources */,
				9B865C351CBBC9C70022477B /* IngredientRecipeBasic.swift in Sources */,
				9B0B29581CC66CBD0021BD02 /* ReminderTableViewController.swift in Sources */,
				9B3078CB1CA421AE0014CE7E /* Ingredient.swift in Sources */,
				9B3078EB1CA4223D0014CE7E /* IngredientRecipeListTableViewCell.swift in Sources */,
				9B6D67C81CD0E5A4001E8079 /* Extension.swift in Sources */,
				9B3078DE1CA4220C0014CE7E /* IngredientListItemTableViewCell.swift in Sources */,
				9B3078DB1CA421DD0014CE7E /* RecipeIngredientListTableViewCell.swift in Sources */,
				9BAC3F9A1CB695B700418665 /* IngredientDetailTableViewController.swift in Sources */,
				9B3078C71CA421660014CE7E /* RecipeListViewController.swift in Sources */,
				9B3078F21CA422630014CE7E /* RecipeEditTableViewController.swift in Sources */,
				9B3078F71CA42F460014CE7E /* SuggestIngredientTableViewCell.swift in Sources */,
				9B3078C61CA421660014CE7E /* RecipeListItemTableViewCell.swift in Sources */,
				9B3078CD1CA421AE0014CE7E /* RecipeIngredientLink.swift in Sources */,
				9BAC3F9C1CB6B01500418665 /* RecipeDetailTableViewController.swift in Sources */,
				9B3078DF1CA4220C0014CE7E /* IngredientListViewController.swift in Sources */,
				9B6D67CA1CD0E8F9001E8079 /* IngredientName.swift in Sources */,
				9B3078F01CA422630014CE7E /* EditingRecipeIngredient.swift in Sources */,
				9BD8A70B1CC8F52E001EB1A9 /* AlbumCollectionViewCell.swift in Sources */,
				9B3078F51CA422890014CE7E /* IngredientEditTableViewController.swift in Sources */,
				9B3078CC1CA421AE0014CE7E /* Recipe.swift in Sources */,
				9BE61CDD1CB8AF00004355CF /* RecipeIngredientEditTableViewController.swift in Sources */,
				9BC9A3151C783CAA0031F631 /* AppDelegate.swift in Sources */,
			);
			runOnlyForDeploymentPostprocessing = 0;
		};
		9BC9A3211C783CAA0031F631 /* Sources */ = {
			isa = PBXSourcesBuildPhase;
			buildActionMask = 2147483647;
			files = (
				9BC9A32A1C783CAA0031F631 /* recipeListTests.swift in Sources */,
			);
			runOnlyForDeploymentPostprocessing = 0;
		};
		9BC9A32C1C783CAA0031F631 /* Sources */ = {
			isa = PBXSourcesBuildPhase;
			buildActionMask = 2147483647;
			files = (
				9BC9A3351C783CAA0031F631 /* uchicockUITests.swift in Sources */,
			);
			runOnlyForDeploymentPostprocessing = 0;
		};
/* End PBXSourcesBuildPhase section */

/* Begin PBXTargetDependency section */
		9BC9A3271C783CAA0031F631 /* PBXTargetDependency */ = {
			isa = PBXTargetDependency;
			target = 9BC9A3101C783CAA0031F631 /* uchicock */;
			targetProxy = 9BC9A3261C783CAA0031F631 /* PBXContainerItemProxy */;
		};
		9BC9A3321C783CAA0031F631 /* PBXTargetDependency */ = {
			isa = PBXTargetDependency;
			target = 9BC9A3101C783CAA0031F631 /* uchicock */;
			targetProxy = 9BC9A3311C783CAA0031F631 /* PBXContainerItemProxy */;
		};
/* End PBXTargetDependency section */

/* Begin PBXVariantGroup section */
		9BC9A3181C783CAA0031F631 /* Main.storyboard */ = {
			isa = PBXVariantGroup;
			children = (
				9BC9A3191C783CAA0031F631 /* Base */,
				9BC9A3421C7849F80031F631 /* ja */,
			);
			name = Main.storyboard;
			sourceTree = "<group>";
		};
		9BC9A31D1C783CAA0031F631 /* LaunchScreen.storyboard */ = {
			isa = PBXVariantGroup;
			children = (
				9BC9A31E1C783CAA0031F631 /* Base */,
			);
			name = LaunchScreen.storyboard;
			sourceTree = "<group>";
		};
/* End PBXVariantGroup section */

/* Begin XCBuildConfiguration section */
		9BC9A3371C783CAA0031F631 /* Debug */ = {
			isa = XCBuildConfiguration;
			buildSettings = {
				ALWAYS_SEARCH_USER_PATHS = NO;
				CLANG_CXX_LANGUAGE_STANDARD = "gnu++0x";
				CLANG_CXX_LIBRARY = "libc++";
				CLANG_ENABLE_MODULES = YES;
				CLANG_ENABLE_OBJC_ARC = YES;
				CLANG_WARN_BOOL_CONVERSION = YES;
				CLANG_WARN_CONSTANT_CONVERSION = YES;
				CLANG_WARN_DIRECT_OBJC_ISA_USAGE = YES_ERROR;
				CLANG_WARN_EMPTY_BODY = YES;
				CLANG_WARN_ENUM_CONVERSION = YES;
				CLANG_WARN_INT_CONVERSION = YES;
				CLANG_WARN_OBJC_ROOT_CLASS = YES_ERROR;
				CLANG_WARN_UNREACHABLE_CODE = YES;
				CLANG_WARN__DUPLICATE_METHOD_MATCH = YES;
				"CODE_SIGN_IDENTITY[sdk=iphoneos*]" = "iPhone Developer";
				COPY_PHASE_STRIP = NO;
				DEBUG_INFORMATION_FORMAT = dwarf;
				ENABLE_STRICT_OBJC_MSGSEND = YES;
				ENABLE_TESTABILITY = YES;
				GCC_C_LANGUAGE_STANDARD = gnu99;
				GCC_DYNAMIC_NO_PIC = NO;
				GCC_NO_COMMON_BLOCKS = YES;
				GCC_OPTIMIZATION_LEVEL = 0;
				GCC_PREPROCESSOR_DEFINITIONS = (
					"DEBUG=1",
					"$(inherited)",
				);
				GCC_WARN_64_TO_32_BIT_CONVERSION = YES;
				GCC_WARN_ABOUT_RETURN_TYPE = YES_ERROR;
				GCC_WARN_UNDECLARED_SELECTOR = YES;
				GCC_WARN_UNINITIALIZED_AUTOS = YES_AGGRESSIVE;
				GCC_WARN_UNUSED_FUNCTION = YES;
				GCC_WARN_UNUSED_VARIABLE = YES;
				IPHONEOS_DEPLOYMENT_TARGET = 9.0;
				MTL_ENABLE_DEBUG_INFO = YES;
				ONLY_ACTIVE_ARCH = YES;
				SDKROOT = iphoneos;
				SWIFT_OPTIMIZATION_LEVEL = "-Onone";
			};
			name = Debug;
		};
		9BC9A3381C783CAA0031F631 /* Release */ = {
			isa = XCBuildConfiguration;
			buildSettings = {
				ALWAYS_SEARCH_USER_PATHS = NO;
				CLANG_CXX_LANGUAGE_STANDARD = "gnu++0x";
				CLANG_CXX_LIBRARY = "libc++";
				CLANG_ENABLE_MODULES = YES;
				CLANG_ENABLE_OBJC_ARC = YES;
				CLANG_WARN_BOOL_CONVERSION = YES;
				CLANG_WARN_CONSTANT_CONVERSION = YES;
				CLANG_WARN_DIRECT_OBJC_ISA_USAGE = YES_ERROR;
				CLANG_WARN_EMPTY_BODY = YES;
				CLANG_WARN_ENUM_CONVERSION = YES;
				CLANG_WARN_INT_CONVERSION = YES;
				CLANG_WARN_OBJC_ROOT_CLASS = YES_ERROR;
				CLANG_WARN_UNREACHABLE_CODE = YES;
				CLANG_WARN__DUPLICATE_METHOD_MATCH = YES;
				"CODE_SIGN_IDENTITY[sdk=iphoneos*]" = "iPhone Developer";
				COPY_PHASE_STRIP = NO;
				DEBUG_INFORMATION_FORMAT = "dwarf-with-dsym";
				ENABLE_NS_ASSERTIONS = NO;
				ENABLE_STRICT_OBJC_MSGSEND = YES;
				GCC_C_LANGUAGE_STANDARD = gnu99;
				GCC_NO_COMMON_BLOCKS = YES;
				GCC_WARN_64_TO_32_BIT_CONVERSION = YES;
				GCC_WARN_ABOUT_RETURN_TYPE = YES_ERROR;
				GCC_WARN_UNDECLARED_SELECTOR = YES;
				GCC_WARN_UNINITIALIZED_AUTOS = YES_AGGRESSIVE;
				GCC_WARN_UNUSED_FUNCTION = YES;
				GCC_WARN_UNUSED_VARIABLE = YES;
				IPHONEOS_DEPLOYMENT_TARGET = 9.0;
				MTL_ENABLE_DEBUG_INFO = NO;
				SDKROOT = iphoneos;
				VALIDATE_PRODUCT = YES;
			};
			name = Release;
		};
		9BC9A33A1C783CAA0031F631 /* Debug */ = {
			isa = XCBuildConfiguration;
			baseConfigurationReference = 39E9598A26D53360CAD954E7 /* Pods.debug.xcconfig */;
			buildSettings = {
				ASSETCATALOG_COMPILER_APPICON_NAME = AppIcon;
				CLANG_ENABLE_MODULES = YES;
				CODE_SIGN_IDENTITY = "iPhone Developer";
				"CODE_SIGN_IDENTITY[sdk=iphoneos*]" = "iPhone Developer";
				DEFINES_MODULE = YES;
				INFOPLIST_FILE = uchicock/Info.plist;
				LD_RUNPATH_SEARCH_PATHS = "$(inherited) @executable_path/Frameworks";
				ONLY_ACTIVE_ARCH = YES;
				PRODUCT_BUNDLE_IDENTIFIER = jp.kou.uchicock;
				PRODUCT_NAME = "$(TARGET_NAME)";
				PROVISIONING_PROFILE = "";
				SWIFT_OBJC_BRIDGING_HEADER = "uchicock/uchicock-Bridging-Header.h";
				SWIFT_OPTIMIZATION_LEVEL = "-Onone";
			};
			name = Debug;
		};
		9BC9A33B1C783CAA0031F631 /* Release */ = {
			isa = XCBuildConfiguration;
			baseConfigurationReference = 34EEF1621ED608239061362E /* Pods.release.xcconfig */;
			buildSettings = {
				ASSETCATALOG_COMPILER_APPICON_NAME = AppIcon;
				CLANG_ENABLE_MODULES = YES;
				CODE_SIGN_IDENTITY = "iPhone Developer";
				"CODE_SIGN_IDENTITY[sdk=iphoneos*]" = "iPhone Developer";
				DEFINES_MODULE = YES;
				INFOPLIST_FILE = uchicock/Info.plist;
				LD_RUNPATH_SEARCH_PATHS = "$(inherited) @executable_path/Frameworks";
				PRODUCT_BUNDLE_IDENTIFIER = jp.kou.uchicock;
				PRODUCT_NAME = "$(TARGET_NAME)";
				PROVISIONING_PROFILE = "";
				SWIFT_OBJC_BRIDGING_HEADER = "uchicock/uchicock-Bridging-Header.h";
			};
			name = Release;
		};
		9BC9A33D1C783CAA0031F631 /* Debug */ = {
			isa = XCBuildConfiguration;
			baseConfigurationReference = 8879C7EE8F031804DD817366 /* Pods-uchicockTests.debug.xcconfig */;
			buildSettings = {
				BUNDLE_LOADER = "$(TEST_HOST)";
				CLANG_ENABLE_MODULES = YES;
				INFOPLIST_FILE = uchicockTests/Info.plist;
				LD_RUNPATH_SEARCH_PATHS = "$(inherited) @executable_path/Frameworks @loader_path/Frameworks";
				PRODUCT_BUNDLE_IDENTIFIER = jp.kou.uchicockTests;
				PRODUCT_NAME = "$(TARGET_NAME)";
				SWIFT_OBJC_BRIDGING_HEADER = "uchicock/uchicockTests-Bridging-Header.h";
				SWIFT_OPTIMIZATION_LEVEL = "-Onone";
				TEST_HOST = "$(BUILT_PRODUCTS_DIR)/uchicock.app/uchicock";
			};
			name = Debug;
		};
		9BC9A33E1C783CAA0031F631 /* Release */ = {
			isa = XCBuildConfiguration;
			baseConfigurationReference = E86A3C6451DBEA5F504357BA /* Pods-uchicockTests.release.xcconfig */;
			buildSettings = {
				BUNDLE_LOADER = "$(TEST_HOST)";
				CLANG_ENABLE_MODULES = YES;
				INFOPLIST_FILE = uchicockTests/Info.plist;
				LD_RUNPATH_SEARCH_PATHS = "$(inherited) @executable_path/Frameworks @loader_path/Frameworks";
				PRODUCT_BUNDLE_IDENTIFIER = jp.kou.uchicockTests;
				PRODUCT_NAME = "$(TARGET_NAME)";
				SWIFT_OBJC_BRIDGING_HEADER = "uchicock/uchicockTests-Bridging-Header.h";
				TEST_HOST = "$(BUILT_PRODUCTS_DIR)/uchicock.app/uchicock";
			};
			name = Release;
		};
		9BC9A3401C783CAA0031F631 /* Debug */ = {
			isa = XCBuildConfiguration;
			baseConfigurationReference = 4B9261C17FA27CB3AB97EE3A /* Pods-uchicockUITests.debug.xcconfig */;
			buildSettings = {
				CLANG_ENABLE_MODULES = YES;
				INFOPLIST_FILE = uchicockUITests/Info.plist;
				LD_RUNPATH_SEARCH_PATHS = "$(inherited) @executable_path/Frameworks @loader_path/Frameworks";
				PRODUCT_BUNDLE_IDENTIFIER = jp.kou.uchicockUITests;
				PRODUCT_NAME = "$(TARGET_NAME)";
				SWIFT_OBJC_BRIDGING_HEADER = "uchicock/uchicockUITests-Bridging-Header.h";
				SWIFT_OPTIMIZATION_LEVEL = "-Onone";
				TEST_TARGET_NAME = uchicock;
				USES_XCTRUNNER = YES;
			};
			name = Debug;
		};
		9BC9A3411C783CAA0031F631 /* Release */ = {
			isa = XCBuildConfiguration;
			baseConfigurationReference = 384C1AE7875F5F7AB61F2727 /* Pods-uchicockUITests.release.xcconfig */;
			buildSettings = {
				CLANG_ENABLE_MODULES = YES;
				INFOPLIST_FILE = uchicockUITests/Info.plist;
				LD_RUNPATH_SEARCH_PATHS = "$(inherited) @executable_path/Frameworks @loader_path/Frameworks";
				PRODUCT_BUNDLE_IDENTIFIER = jp.kou.uchicockUITests;
				PRODUCT_NAME = "$(TARGET_NAME)";
				SWIFT_OBJC_BRIDGING_HEADER = "uchicock/uchicockUITests-Bridging-Header.h";
				TEST_TARGET_NAME = uchicock;
				USES_XCTRUNNER = YES;
			};
			name = Release;
		};
/* End XCBuildConfiguration section */

/* Begin XCConfigurationList section */
		9BC9A30C1C783CAA0031F631 /* Build configuration list for PBXProject "uchicock" */ = {
			isa = XCConfigurationList;
			buildConfigurations = (
				9BC9A3371C783CAA0031F631 /* Debug */,
				9BC9A3381C783CAA0031F631 /* Release */,
			);
			defaultConfigurationIsVisible = 0;
			defaultConfigurationName = Release;
		};
		9BC9A3391C783CAA0031F631 /* Build configuration list for PBXNativeTarget "uchicock" */ = {
			isa = XCConfigurationList;
			buildConfigurations = (
				9BC9A33A1C783CAA0031F631 /* Debug */,
				9BC9A33B1C783CAA0031F631 /* Release */,
			);
			defaultConfigurationIsVisible = 0;
			defaultConfigurationName = Release;
		};
		9BC9A33C1C783CAA0031F631 /* Build configuration list for PBXNativeTarget "uchicockTests" */ = {
			isa = XCConfigurationList;
			buildConfigurations = (
				9BC9A33D1C783CAA0031F631 /* Debug */,
				9BC9A33E1C783CAA0031F631 /* Release */,
			);
			defaultConfigurationIsVisible = 0;
			defaultConfigurationName = Release;
		};
		9BC9A33F1C783CAA0031F631 /* Build configuration list for PBXNativeTarget "uchicockUITests" */ = {
			isa = XCConfigurationList;
			buildConfigurations = (
				9BC9A3401C783CAA0031F631 /* Debug */,
				9BC9A3411C783CAA0031F631 /* Release */,
			);
			defaultConfigurationIsVisible = 0;
			defaultConfigurationName = Release;
		};
/* End XCConfigurationList section */
	};
	rootObject = 9BC9A3091C783CAA0031F631 /* Project object */;
}
